{
  "version": 4,
  "terraform_version": "1.9.2",
  "serial": 1136,
  "lineage": "ea6820db-e2e2-5ed0-84df-08bfeca4ad9e",
  "outputs": {},
  "resources": [
    {
      "mode": "data",
      "type": "aws_lambda_layer_version",
      "name": "aws_sdk_layer",
      "provider": "provider[\"registry.terraform.io/hashicorp/aws\"]",
      "instances": [
        {
          "schema_version": 0,
          "attributes": {
            "arn": "arn:aws:lambda:ap-northeast-1:332260094679:layer:aws-sdk-layer:1",
            "code_sha256": "fozD1mUfKXjzlZioIGb8CCPEM1fb9RtkWQRO1RwV5mo=",
            "compatible_architecture": null,
            "compatible_architectures": [],
            "compatible_runtime": null,
            "compatible_runtimes": [
              "nodejs16.x",
              "nodejs18.x",
              "nodejs20.x"
            ],
            "created_date": "2024-07-21T12:42:35.578+0000",
            "description": "",
            "id": "arn:aws:lambda:ap-northeast-1:332260094679:layer:aws-sdk-layer:1",
            "layer_arn": "arn:aws:lambda:ap-northeast-1:332260094679:layer:aws-sdk-layer",
            "layer_name": "aws-sdk-layer",
            "license_info": "",
            "signing_job_arn": "",
            "signing_profile_version_arn": "",
            "source_code_hash": "fozD1mUfKXjzlZioIGb8CCPEM1fb9RtkWQRO1RwV5mo=",
            "source_code_size": 14591621,
            "version": 1
          },
          "sensitive_attributes": []
        }
      ]
    },
    {
      "mode": "data",
      "type": "aws_route53_zone",
      "name": "tamotsu_app",
      "provider": "provider[\"registry.terraform.io/hashicorp/aws\"]",
      "instances": [
        {
          "schema_version": 0,
          "attributes": {
            "arn": "arn:aws:route53:::hostedzone/Z03576945YY95PINL9NE",
            "caller_reference": "cc84694e-cb2d-4cd9-9618-f392705cf752",
            "comment": "",
            "id": "Z03576945YY95PINL9NE",
            "linked_service_description": null,
            "linked_service_principal": null,
            "name": "tamotsu-app.com",
            "name_servers": [
              "ns-1333.awsdns-38.org",
              "ns-1749.awsdns-26.co.uk",
              "ns-577.awsdns-08.net",
              "ns-394.awsdns-49.com"
            ],
            "primary_name_server": "ns-1333.awsdns-38.org",
            "private_zone": false,
            "resource_record_set_count": 13,
            "tags": {},
            "vpc_id": null,
            "zone_id": "Z03576945YY95PINL9NE"
          },
          "sensitive_attributes": []
        }
      ]
    },
    {
      "mode": "data",
      "type": "aws_ses_domain_identity",
      "name": "tamotsu_domain",
      "provider": "provider[\"registry.terraform.io/hashicorp/aws\"]",
      "instances": [
        {
          "schema_version": 0,
          "attributes": {
            "arn": "arn:aws:ses:ap-northeast-1:332260094679:identity/tamotsu-app.com",
            "domain": "tamotsu-app.com",
            "id": "tamotsu-app.com",
            "verification_token": "uOU+niwPSodr0ROPiuLjqaCfQpdlwz+kDRiMrN+1Zxw="
          },
          "sensitive_attributes": []
        }
      ]
    },
    {
      "mode": "managed",
      "type": "aws_acm_certificate",
      "name": "api_tamotsu",
      "provider": "provider[\"registry.terraform.io/hashicorp/aws\"]",
      "instances": [
        {
          "schema_version": 0,
          "attributes": {
            "arn": "arn:aws:acm:ap-northeast-1:332260094679:certificate/162a490f-6694-4da1-9234-bcf9417110ec",
            "certificate_authority_arn": "",
            "certificate_body": null,
            "certificate_chain": null,
            "domain_name": "api.tamotsu-app.com",
            "domain_validation_options": [
              {
                "domain_name": "api.tamotsu-app.com",
                "resource_record_name": "_f35bd76dd3b876f3f86359cded79ba40.api.tamotsu-app.com.",
                "resource_record_type": "CNAME",
                "resource_record_value": "_fec0aab01f54b5f8846a0c8dfb6626d3.sdgjtdhdhz.acm-validations.aws."
              }
            ],
            "early_renewal_duration": "",
            "id": "arn:aws:acm:ap-northeast-1:332260094679:certificate/162a490f-6694-4da1-9234-bcf9417110ec",
            "key_algorithm": "RSA_2048",
            "not_after": "2025-08-25T23:59:59Z",
            "not_before": "2024-07-27T00:00:00Z",
            "options": [
              {
                "certificate_transparency_logging_preference": "ENABLED"
              }
            ],
            "pending_renewal": false,
            "private_key": null,
            "renewal_eligibility": "ELIGIBLE",
            "renewal_summary": [],
            "status": "ISSUED",
            "subject_alternative_names": [
              "api.tamotsu-app.com"
            ],
            "tags": {},
            "tags_all": {},
            "type": "AMAZON_ISSUED",
            "validation_emails": [],
            "validation_method": "DNS",
            "validation_option": []
          },
          "sensitive_attributes": [
            [
              {
                "type": "get_attr",
                "value": "private_key"
              }
            ]
          ],
          "private": "bnVsbA=="
        }
      ]
    },
    {
      "mode": "managed",
      "type": "aws_acm_certificate_validation",
      "name": "api_tamotsu",
      "provider": "provider[\"registry.terraform.io/hashicorp/aws\"]",
      "instances": [
        {
          "schema_version": 0,
          "attributes": {
            "certificate_arn": "arn:aws:acm:ap-northeast-1:332260094679:certificate/162a490f-6694-4da1-9234-bcf9417110ec",
            "id": "2024-07-27 08:30:57.009 +0000 UTC",
            "timeouts": null,
            "validation_record_fqdns": null
          },
          "sensitive_attributes": [],
          "private": "eyJlMmJmYjczMC1lY2FhLTExZTYtOGY4OC0zNDM2M2JjN2M0YzAiOnsiY3JlYXRlIjo0NTAwMDAwMDAwMDAwfX0=",
          "dependencies": [
            "aws_acm_certificate.api_tamotsu"
          ]
        }
      ]
    },
    {
      "mode": "managed",
      "type": "aws_api_gateway_base_path_mapping",
      "name": "tamotsu_app",
      "provider": "provider[\"registry.terraform.io/hashicorp/aws\"]",
      "instances": [
        {
          "schema_version": 0,
          "attributes": {
            "api_id": "xojk083ysh",
            "base_path": "",
            "domain_name": "api.tamotsu-app.com",
            "id": "api.tamotsu-app.com/",
            "stage_name": "dev"
          },
          "sensitive_attributes": [],
          "private": "bnVsbA==",
          "dependencies": [
            "aws_acm_certificate.api_tamotsu",
            "aws_acm_certificate_validation.api_tamotsu",
            "aws_api_gateway_deployment.tamotsu_deployment",
            "aws_api_gateway_domain_name.tamotsu_app",
            "aws_api_gateway_integration.gw_method_integrations",
            "aws_api_gateway_integration.gw_options_integrations",
            "aws_api_gateway_method.gw_options",
            "aws_api_gateway_resource.auth_resource",
            "aws_api_gateway_resource.gw_resources",
            "aws_api_gateway_rest_api.tamotsu_api",
            "aws_cognito_user_pool.tamotsu_user_pool",
            "aws_cognito_user_pool_client.client",
            "aws_iam_role.lambda_role",
            "aws_security_group.lambda_sg",
            "aws_subnet.private_subnet",
            "aws_vpc.tamotsu_vpc",
            "data.aws_lambda_layer_version.aws_sdk_layer",
            "data.aws_ses_domain_identity.tamotsu_domain",
            "module.lambda_functions.aws_lambda_function.function"
          ]
        }
      ]
    },
    {
      "mode": "managed",
      "type": "aws_api_gateway_deployment",
      "name": "tamotsu_deployment",
      "provider": "provider[\"registry.terraform.io/hashicorp/aws\"]",
      "instances": [
        {
          "schema_version": 0,
          "attributes": {
            "canary_settings": [],
            "created_date": "2024-07-27T08:30:45Z",
            "description": "",
            "execution_arn": "arn:aws:execute-api:ap-northeast-1:332260094679:xojk083ysh/dev",
            "id": "r53a41",
            "invoke_url": "https://xojk083ysh.execute-api.ap-northeast-1.amazonaws.com/dev",
            "rest_api_id": "xojk083ysh",
            "stage_description": null,
            "stage_name": "dev",
            "triggers": {
              "redeployment": "f223f89f805c0a2a9df65ffc701ca1fcf2047030"
            },
            "variables": null
          },
          "sensitive_attributes": [],
          "private": "bnVsbA==",
          "dependencies": [
            "aws_api_gateway_integration.gw_method_integrations",
            "aws_api_gateway_integration.gw_options_integrations",
            "aws_api_gateway_method.gw_options",
            "aws_api_gateway_resource.auth_resource",
            "aws_api_gateway_resource.gw_resources",
            "aws_api_gateway_rest_api.tamotsu_api",
            "aws_cognito_user_pool.tamotsu_user_pool",
            "aws_cognito_user_pool_client.client",
            "aws_iam_role.lambda_role",
            "aws_security_group.lambda_sg",
            "aws_subnet.private_subnet",
            "aws_vpc.tamotsu_vpc",
            "data.aws_lambda_layer_version.aws_sdk_layer",
            "data.aws_ses_domain_identity.tamotsu_domain",
            "module.lambda_functions.aws_lambda_function.function"
          ]
        }
      ]
    },
    {
      "mode": "managed",
      "type": "aws_api_gateway_domain_name",
      "name": "tamotsu_app",
      "provider": "provider[\"registry.terraform.io/hashicorp/aws\"]",
      "instances": [
        {
          "schema_version": 0,
          "attributes": {
            "arn": "arn:aws:apigateway:ap-northeast-1::/domainnames/api.tamotsu-app.com",
            "certificate_arn": "",
            "certificate_body": null,
            "certificate_chain": null,
            "certificate_name": "",
            "certificate_private_key": null,
            "certificate_upload_date": "2024-07-27T08:37:44Z",
            "cloudfront_domain_name": "",
            "cloudfront_zone_id": "Z2FDTNDATAQYW2",
            "domain_name": "api.tamotsu-app.com",
            "endpoint_configuration": [
              {
                "types": [
                  "REGIONAL"
                ]
              }
            ],
            "id": "api.tamotsu-app.com",
            "mutual_tls_authentication": [],
            "ownership_verification_certificate_arn": "",
            "regional_certificate_arn": "arn:aws:acm:ap-northeast-1:332260094679:certificate/162a490f-6694-4da1-9234-bcf9417110ec",
            "regional_certificate_name": "",
            "regional_domain_name": "d-nkiqgf74dj.execute-api.ap-northeast-1.amazonaws.com",
            "regional_zone_id": "Z1YSHQZHG15GKL",
            "security_policy": "TLS_1_2",
            "tags": {},
            "tags_all": {}
          },
          "sensitive_attributes": [
            [
              {
                "type": "get_attr",
                "value": "certificate_private_key"
              }
            ]
          ],
          "private": "bnVsbA==",
          "dependencies": [
            "aws_acm_certificate.api_tamotsu",
            "aws_acm_certificate_validation.api_tamotsu"
          ]
        }
      ]
    },
    {
      "mode": "managed",
      "type": "aws_api_gateway_integration",
      "name": "gw_method_integrations",
      "provider": "provider[\"registry.terraform.io/hashicorp/aws\"]",
      "instances": [
        {
          "index_key": "login",
          "schema_version": 0,
          "attributes": {
            "cache_key_parameters": [],
            "cache_namespace": "yyx69c",
            "connection_id": "",
            "connection_type": "INTERNET",
            "content_handling": "",
            "credentials": "",
            "http_method": "POST",
            "id": "agi-xojk083ysh-yyx69c-POST",
            "integration_http_method": "POST",
            "passthrough_behavior": "WHEN_NO_MATCH",
            "request_parameters": {},
            "request_templates": {},
            "resource_id": "yyx69c",
            "rest_api_id": "xojk083ysh",
            "timeout_milliseconds": 29000,
            "tls_config": [],
            "type": "AWS_PROXY",
            "uri": "arn:aws:apigateway:ap-northeast-1:lambda:path/2015-03-31/functions/arn:aws:lambda:ap-northeast-1:332260094679:function:tamotsu-login-function/invocations"
          },
          "sensitive_attributes": [],
          "private": "bnVsbA==",
          "dependencies": [
            "aws_api_gateway_resource.auth_resource",
            "aws_api_gateway_resource.gw_resources",
            "aws_api_gateway_rest_api.tamotsu_api",
            "aws_cognito_user_pool.tamotsu_user_pool",
            "aws_cognito_user_pool_client.client",
            "aws_iam_role.lambda_role",
            "aws_security_group.lambda_sg",
            "aws_subnet.private_subnet",
            "aws_vpc.tamotsu_vpc",
            "data.aws_lambda_layer_version.aws_sdk_layer",
            "data.aws_ses_domain_identity.tamotsu_domain",
            "module.lambda_functions.aws_lambda_function.function"
          ]
        },
        {
          "index_key": "register",
          "schema_version": 0,
          "attributes": {
            "cache_key_parameters": [],
            "cache_namespace": "lkm5qi",
            "connection_id": "",
            "connection_type": "INTERNET",
            "content_handling": "",
            "credentials": "",
            "http_method": "POST",
            "id": "agi-xojk083ysh-lkm5qi-POST",
            "integration_http_method": "POST",
            "passthrough_behavior": "WHEN_NO_MATCH",
            "request_parameters": {},
            "request_templates": {},
            "resource_id": "lkm5qi",
            "rest_api_id": "xojk083ysh",
            "timeout_milliseconds": 29000,
            "tls_config": [],
            "type": "AWS_PROXY",
            "uri": "arn:aws:apigateway:ap-northeast-1:lambda:path/2015-03-31/functions/arn:aws:lambda:ap-northeast-1:332260094679:function:tamotsu-register-function/invocations"
          },
          "sensitive_attributes": [],
          "private": "bnVsbA==",
          "dependencies": [
            "aws_api_gateway_resource.auth_resource",
            "aws_api_gateway_resource.gw_resources",
            "aws_api_gateway_rest_api.tamotsu_api",
            "aws_cognito_user_pool.tamotsu_user_pool",
            "aws_cognito_user_pool_client.client",
            "aws_iam_role.lambda_role",
            "aws_security_group.lambda_sg",
            "aws_subnet.private_subnet",
            "aws_vpc.tamotsu_vpc",
            "data.aws_lambda_layer_version.aws_sdk_layer",
            "data.aws_ses_domain_identity.tamotsu_domain",
            "module.lambda_functions.aws_lambda_function.function"
          ]
        },
        {
          "index_key": "verify-email",
          "schema_version": 0,
          "attributes": {
            "cache_key_parameters": [],
            "cache_namespace": "g15qn4",
            "connection_id": "",
            "connection_type": "INTERNET",
            "content_handling": "",
            "credentials": "",
            "http_method": "GET",
            "id": "agi-xojk083ysh-g15qn4-GET",
            "integration_http_method": "POST",
            "passthrough_behavior": "WHEN_NO_MATCH",
            "request_parameters": {},
            "request_templates": {},
            "resource_id": "g15qn4",
            "rest_api_id": "xojk083ysh",
            "timeout_milliseconds": 29000,
            "tls_config": [],
            "type": "AWS_PROXY",
            "uri": "arn:aws:apigateway:ap-northeast-1:lambda:path/2015-03-31/functions/arn:aws:lambda:ap-northeast-1:332260094679:function:tamotsu-verify-email-function/invocations"
          },
          "sensitive_attributes": [],
          "private": "bnVsbA==",
          "dependencies": [
            "aws_api_gateway_resource.auth_resource",
            "aws_api_gateway_resource.gw_resources",
            "aws_api_gateway_rest_api.tamotsu_api",
            "aws_cognito_user_pool.tamotsu_user_pool",
            "aws_cognito_user_pool_client.client",
            "aws_iam_role.lambda_role",
            "aws_security_group.lambda_sg",
            "aws_subnet.private_subnet",
            "aws_vpc.tamotsu_vpc",
            "data.aws_lambda_layer_version.aws_sdk_layer",
            "data.aws_ses_domain_identity.tamotsu_domain",
            "module.lambda_functions.aws_lambda_function.function"
          ]
        }
      ]
    },
    {
      "mode": "managed",
      "type": "aws_api_gateway_integration",
      "name": "gw_options_integrations",
      "provider": "provider[\"registry.terraform.io/hashicorp/aws\"]",
      "instances": [
        {
          "index_key": "login",
          "schema_version": 0,
          "attributes": {
            "cache_key_parameters": [],
            "cache_namespace": "yyx69c",
            "connection_id": "",
            "connection_type": "INTERNET",
            "content_handling": "",
            "credentials": "",
            "http_method": "OPTIONS",
            "id": "agi-xojk083ysh-yyx69c-OPTIONS",
            "integration_http_method": "",
            "passthrough_behavior": "WHEN_NO_MATCH",
            "request_parameters": {},
            "request_templates": {
              "application/json": "{\"statusCode\":200}"
            },
            "resource_id": "yyx69c",
            "rest_api_id": "xojk083ysh",
            "timeout_milliseconds": 29000,
            "tls_config": [],
            "type": "MOCK",
            "uri": ""
          },
          "sensitive_attributes": [],
          "private": "bnVsbA==",
          "dependencies": [
            "aws_api_gateway_method.gw_options",
            "aws_api_gateway_resource.auth_resource",
            "aws_api_gateway_resource.gw_resources",
            "aws_api_gateway_rest_api.tamotsu_api",
            "aws_cognito_user_pool.tamotsu_user_pool",
            "aws_cognito_user_pool_client.client",
            "data.aws_ses_domain_identity.tamotsu_domain"
          ]
        },
        {
          "index_key": "register",
          "schema_version": 0,
          "attributes": {
            "cache_key_parameters": [],
            "cache_namespace": "lkm5qi",
            "connection_id": "",
            "connection_type": "INTERNET",
            "content_handling": "",
            "credentials": "",
            "http_method": "OPTIONS",
            "id": "agi-xojk083ysh-lkm5qi-OPTIONS",
            "integration_http_method": "",
            "passthrough_behavior": "WHEN_NO_MATCH",
            "request_parameters": {},
            "request_templates": {
              "application/json": "{\"statusCode\":200}"
            },
            "resource_id": "lkm5qi",
            "rest_api_id": "xojk083ysh",
            "timeout_milliseconds": 29000,
            "tls_config": [],
            "type": "MOCK",
            "uri": ""
          },
          "sensitive_attributes": [],
          "private": "bnVsbA==",
          "dependencies": [
            "aws_api_gateway_method.gw_options",
            "aws_api_gateway_resource.auth_resource",
            "aws_api_gateway_resource.gw_resources",
            "aws_api_gateway_rest_api.tamotsu_api",
            "aws_cognito_user_pool.tamotsu_user_pool",
            "aws_cognito_user_pool_client.client",
            "data.aws_ses_domain_identity.tamotsu_domain"
          ]
        },
        {
          "index_key": "verify-email",
          "schema_version": 0,
          "attributes": {
            "cache_key_parameters": [],
            "cache_namespace": "g15qn4",
            "connection_id": "",
            "connection_type": "INTERNET",
            "content_handling": "",
            "credentials": "",
            "http_method": "OPTIONS",
            "id": "agi-xojk083ysh-g15qn4-OPTIONS",
            "integration_http_method": "",
            "passthrough_behavior": "WHEN_NO_MATCH",
            "request_parameters": {},
            "request_templates": {
              "application/json": "{\"statusCode\":200}"
            },
            "resource_id": "g15qn4",
            "rest_api_id": "xojk083ysh",
            "timeout_milliseconds": 29000,
            "tls_config": [],
            "type": "MOCK",
            "uri": ""
          },
          "sensitive_attributes": [],
          "private": "bnVsbA==",
          "dependencies": [
            "aws_api_gateway_method.gw_options",
            "aws_api_gateway_resource.auth_resource",
            "aws_api_gateway_resource.gw_resources",
            "aws_api_gateway_rest_api.tamotsu_api",
            "aws_cognito_user_pool.tamotsu_user_pool",
            "aws_cognito_user_pool_client.client",
            "data.aws_ses_domain_identity.tamotsu_domain"
          ]
        }
      ]
    },
    {
      "mode": "managed",
      "type": "aws_api_gateway_integration_response",
      "name": "gw_method_integration_responses",
      "provider": "provider[\"registry.terraform.io/hashicorp/aws\"]",
      "instances": [
        {
          "index_key": "login",
          "schema_version": 0,
          "attributes": {
            "content_handling": "",
            "http_method": "POST",
            "id": "agir-xojk083ysh-yyx69c-POST-200",
            "resource_id": "yyx69c",
            "response_parameters": {
              "method.response.header.Access-Control-Allow-Origin": "'*'"
            },
            "response_templates": {},
            "rest_api_id": "xojk083ysh",
            "selection_pattern": "",
            "status_code": "200"
          },
          "sensitive_attributes": [],
          "private": "bnVsbA==",
          "dependencies": [
            "aws_api_gateway_method.gw_methods",
            "aws_api_gateway_method_response.gw_method_reponses",
            "aws_api_gateway_resource.auth_resource",
            "aws_api_gateway_resource.gw_resources",
            "aws_api_gateway_rest_api.tamotsu_api",
            "aws_cognito_user_pool.tamotsu_user_pool",
            "aws_cognito_user_pool_client.client",
            "data.aws_ses_domain_identity.tamotsu_domain"
          ]
        },
        {
          "index_key": "register",
          "schema_version": 0,
          "attributes": {
            "content_handling": "",
            "http_method": "POST",
            "id": "agir-xojk083ysh-lkm5qi-POST-200",
            "resource_id": "lkm5qi",
            "response_parameters": {
              "method.response.header.Access-Control-Allow-Origin": "'*'"
            },
            "response_templates": {},
            "rest_api_id": "xojk083ysh",
            "selection_pattern": "",
            "status_code": "200"
          },
          "sensitive_attributes": [],
          "private": "bnVsbA==",
          "dependencies": [
            "aws_api_gateway_method.gw_methods",
            "aws_api_gateway_method_response.gw_method_reponses",
            "aws_api_gateway_resource.auth_resource",
            "aws_api_gateway_resource.gw_resources",
            "aws_api_gateway_rest_api.tamotsu_api",
            "aws_cognito_user_pool.tamotsu_user_pool",
            "aws_cognito_user_pool_client.client",
            "data.aws_ses_domain_identity.tamotsu_domain"
          ]
        },
        {
          "index_key": "verify-email",
          "schema_version": 0,
          "attributes": {
            "content_handling": "",
            "http_method": "GET",
            "id": "agir-xojk083ysh-g15qn4-GET-200",
            "resource_id": "g15qn4",
            "response_parameters": {
              "method.response.header.Access-Control-Allow-Origin": "'*'"
            },
            "response_templates": {},
            "rest_api_id": "xojk083ysh",
            "selection_pattern": "",
            "status_code": "200"
          },
          "sensitive_attributes": [],
          "private": "bnVsbA==",
          "dependencies": [
            "aws_api_gateway_method.gw_methods",
            "aws_api_gateway_method_response.gw_method_reponses",
            "aws_api_gateway_resource.auth_resource",
            "aws_api_gateway_resource.gw_resources",
            "aws_api_gateway_rest_api.tamotsu_api",
            "aws_cognito_user_pool.tamotsu_user_pool",
            "aws_cognito_user_pool_client.client",
            "data.aws_ses_domain_identity.tamotsu_domain"
          ]
        }
      ]
    },
    {
      "mode": "managed",
      "type": "aws_api_gateway_integration_response",
      "name": "gw_options_integration_responses",
      "provider": "provider[\"registry.terraform.io/hashicorp/aws\"]",
      "instances": [
        {
          "index_key": "login",
          "schema_version": 0,
          "attributes": {
            "content_handling": "",
            "http_method": "OPTIONS",
            "id": "agir-xojk083ysh-yyx69c-OPTIONS-200",
            "resource_id": "yyx69c",
            "response_parameters": {
              "method.response.header.Access-Control-Allow-Headers": "'Content-Type,X-Amz-Date,Authorization,X-Api-Key,X-Amz-Security-Token'",
              "method.response.header.Access-Control-Allow-Methods": "'GET,OPTIONS,POST,PUT'",
              "method.response.header.Access-Control-Allow-Origin": "'*'"
            },
            "response_templates": {},
            "rest_api_id": "xojk083ysh",
            "selection_pattern": "",
            "status_code": "200"
          },
          "sensitive_attributes": [],
          "private": "bnVsbA==",
          "dependencies": [
            "aws_api_gateway_integration.gw_options_integrations",
            "aws_api_gateway_method.gw_options",
            "aws_api_gateway_method_response.gw_options_responses",
            "aws_api_gateway_resource.auth_resource",
            "aws_api_gateway_resource.gw_resources",
            "aws_api_gateway_rest_api.tamotsu_api",
            "aws_cognito_user_pool.tamotsu_user_pool",
            "aws_cognito_user_pool_client.client",
            "data.aws_ses_domain_identity.tamotsu_domain"
          ]
        },
        {
          "index_key": "register",
          "schema_version": 0,
          "attributes": {
            "content_handling": "",
            "http_method": "OPTIONS",
            "id": "agir-xojk083ysh-lkm5qi-OPTIONS-200",
            "resource_id": "lkm5qi",
            "response_parameters": {
              "method.response.header.Access-Control-Allow-Headers": "'Content-Type,X-Amz-Date,Authorization,X-Api-Key,X-Amz-Security-Token'",
              "method.response.header.Access-Control-Allow-Methods": "'GET,OPTIONS,POST,PUT'",
              "method.response.header.Access-Control-Allow-Origin": "'*'"
            },
            "response_templates": {},
            "rest_api_id": "xojk083ysh",
            "selection_pattern": "",
            "status_code": "200"
          },
          "sensitive_attributes": [],
          "private": "bnVsbA==",
          "dependencies": [
            "aws_api_gateway_integration.gw_options_integrations",
            "aws_api_gateway_method.gw_options",
            "aws_api_gateway_method_response.gw_options_responses",
            "aws_api_gateway_resource.auth_resource",
            "aws_api_gateway_resource.gw_resources",
            "aws_api_gateway_rest_api.tamotsu_api",
            "aws_cognito_user_pool.tamotsu_user_pool",
            "aws_cognito_user_pool_client.client",
            "data.aws_ses_domain_identity.tamotsu_domain"
          ]
        },
        {
          "index_key": "verify-email",
          "schema_version": 0,
          "attributes": {
            "content_handling": "",
            "http_method": "OPTIONS",
            "id": "agir-xojk083ysh-g15qn4-OPTIONS-200",
            "resource_id": "g15qn4",
            "response_parameters": {
              "method.response.header.Access-Control-Allow-Headers": "'Content-Type,X-Amz-Date,Authorization,X-Api-Key,X-Amz-Security-Token'",
              "method.response.header.Access-Control-Allow-Methods": "'GET,OPTIONS,POST,PUT'",
              "method.response.header.Access-Control-Allow-Origin": "'*'"
            },
            "response_templates": {},
            "rest_api_id": "xojk083ysh",
            "selection_pattern": "",
            "status_code": "200"
          },
          "sensitive_attributes": [],
          "private": "bnVsbA==",
          "dependencies": [
            "aws_api_gateway_integration.gw_options_integrations",
            "aws_api_gateway_method.gw_options",
            "aws_api_gateway_method_response.gw_options_responses",
            "aws_api_gateway_resource.auth_resource",
            "aws_api_gateway_resource.gw_resources",
            "aws_api_gateway_rest_api.tamotsu_api",
            "aws_cognito_user_pool.tamotsu_user_pool",
            "aws_cognito_user_pool_client.client",
            "data.aws_ses_domain_identity.tamotsu_domain"
          ]
        }
      ]
    },
    {
      "mode": "managed",
      "type": "aws_api_gateway_method",
      "name": "gw_methods",
      "provider": "provider[\"registry.terraform.io/hashicorp/aws\"]",
      "instances": [
        {
          "index_key": "login",
          "schema_version": 0,
          "attributes": {
            "api_key_required": false,
            "authorization": "NONE",
            "authorization_scopes": [],
            "authorizer_id": "",
            "http_method": "POST",
            "id": "agm-xojk083ysh-yyx69c-POST",
            "operation_name": "",
            "request_models": {},
            "request_parameters": {},
            "request_validator_id": "",
            "resource_id": "yyx69c",
            "rest_api_id": "xojk083ysh"
          },
          "sensitive_attributes": [],
          "private": "bnVsbA==",
          "dependencies": [
            "aws_api_gateway_resource.auth_resource",
            "aws_api_gateway_resource.gw_resources",
            "aws_api_gateway_rest_api.tamotsu_api",
            "aws_cognito_user_pool.tamotsu_user_pool",
            "aws_cognito_user_pool_client.client",
            "data.aws_ses_domain_identity.tamotsu_domain"
          ]
        },
        {
          "index_key": "register",
          "schema_version": 0,
          "attributes": {
            "api_key_required": false,
            "authorization": "NONE",
            "authorization_scopes": [],
            "authorizer_id": "",
            "http_method": "POST",
            "id": "agm-xojk083ysh-lkm5qi-POST",
            "operation_name": "",
            "request_models": {},
            "request_parameters": {},
            "request_validator_id": "",
            "resource_id": "lkm5qi",
            "rest_api_id": "xojk083ysh"
          },
          "sensitive_attributes": [],
          "private": "bnVsbA==",
          "dependencies": [
            "aws_api_gateway_resource.auth_resource",
            "aws_api_gateway_resource.gw_resources",
            "aws_api_gateway_rest_api.tamotsu_api",
            "aws_cognito_user_pool.tamotsu_user_pool",
            "aws_cognito_user_pool_client.client",
            "data.aws_ses_domain_identity.tamotsu_domain"
          ]
        },
        {
          "index_key": "verify-email",
          "schema_version": 0,
          "attributes": {
            "api_key_required": false,
            "authorization": "NONE",
            "authorization_scopes": [],
            "authorizer_id": "",
            "http_method": "GET",
            "id": "agm-xojk083ysh-g15qn4-GET",
            "operation_name": "",
            "request_models": {},
            "request_parameters": {},
            "request_validator_id": "",
            "resource_id": "g15qn4",
            "rest_api_id": "xojk083ysh"
          },
          "sensitive_attributes": [],
          "private": "bnVsbA==",
          "dependencies": [
            "aws_api_gateway_resource.auth_resource",
            "aws_api_gateway_resource.gw_resources",
            "aws_api_gateway_rest_api.tamotsu_api",
            "aws_cognito_user_pool.tamotsu_user_pool",
            "aws_cognito_user_pool_client.client",
            "data.aws_ses_domain_identity.tamotsu_domain"
          ]
        }
      ]
    },
    {
      "mode": "managed",
      "type": "aws_api_gateway_method",
      "name": "gw_options",
      "provider": "provider[\"registry.terraform.io/hashicorp/aws\"]",
      "instances": [
        {
          "index_key": "login",
          "schema_version": 0,
          "attributes": {
            "api_key_required": false,
            "authorization": "NONE",
            "authorization_scopes": [],
            "authorizer_id": "",
            "http_method": "OPTIONS",
            "id": "agm-xojk083ysh-yyx69c-OPTIONS",
            "operation_name": "",
            "request_models": {},
            "request_parameters": {},
            "request_validator_id": "",
            "resource_id": "yyx69c",
            "rest_api_id": "xojk083ysh"
          },
          "sensitive_attributes": [],
          "private": "bnVsbA==",
          "dependencies": [
            "aws_api_gateway_resource.auth_resource",
            "aws_api_gateway_resource.gw_resources",
            "aws_api_gateway_rest_api.tamotsu_api",
            "aws_cognito_user_pool.tamotsu_user_pool",
            "aws_cognito_user_pool_client.client",
            "data.aws_ses_domain_identity.tamotsu_domain"
          ]
        },
        {
          "index_key": "register",
          "schema_version": 0,
          "attributes": {
            "api_key_required": false,
            "authorization": "NONE",
            "authorization_scopes": [],
            "authorizer_id": "",
            "http_method": "OPTIONS",
            "id": "agm-xojk083ysh-lkm5qi-OPTIONS",
            "operation_name": "",
            "request_models": {},
            "request_parameters": {},
            "request_validator_id": "",
            "resource_id": "lkm5qi",
            "rest_api_id": "xojk083ysh"
          },
          "sensitive_attributes": [],
          "private": "bnVsbA==",
          "dependencies": [
            "aws_api_gateway_resource.auth_resource",
            "aws_api_gateway_resource.gw_resources",
            "aws_api_gateway_rest_api.tamotsu_api",
            "aws_cognito_user_pool.tamotsu_user_pool",
            "aws_cognito_user_pool_client.client",
            "data.aws_ses_domain_identity.tamotsu_domain"
          ]
        },
        {
          "index_key": "verify-email",
          "schema_version": 0,
          "attributes": {
            "api_key_required": false,
            "authorization": "NONE",
            "authorization_scopes": [],
            "authorizer_id": "",
            "http_method": "OPTIONS",
            "id": "agm-xojk083ysh-g15qn4-OPTIONS",
            "operation_name": "",
            "request_models": {},
            "request_parameters": {},
            "request_validator_id": "",
            "resource_id": "g15qn4",
            "rest_api_id": "xojk083ysh"
          },
          "sensitive_attributes": [],
          "private": "bnVsbA==",
          "dependencies": [
            "aws_api_gateway_resource.auth_resource",
            "aws_api_gateway_resource.gw_resources",
            "aws_api_gateway_rest_api.tamotsu_api",
            "aws_cognito_user_pool.tamotsu_user_pool",
            "aws_cognito_user_pool_client.client",
            "data.aws_ses_domain_identity.tamotsu_domain"
          ]
        }
      ]
    },
    {
      "mode": "managed",
      "type": "aws_api_gateway_method_response",
      "name": "gw_method_reponses",
      "provider": "provider[\"registry.terraform.io/hashicorp/aws\"]",
      "instances": [
        {
          "index_key": "login",
          "schema_version": 0,
          "attributes": {
            "http_method": "POST",
            "id": "agmr-xojk083ysh-yyx69c-POST-200",
            "resource_id": "yyx69c",
            "response_models": {},
            "response_parameters": {
              "method.response.header.Access-Control-Allow-Origin": true
            },
            "rest_api_id": "xojk083ysh",
            "status_code": "200"
          },
          "sensitive_attributes": [],
          "private": "bnVsbA==",
          "dependencies": [
            "aws_api_gateway_method.gw_methods",
            "aws_api_gateway_resource.auth_resource",
            "aws_api_gateway_resource.gw_resources",
            "aws_api_gateway_rest_api.tamotsu_api",
            "aws_cognito_user_pool.tamotsu_user_pool",
            "aws_cognito_user_pool_client.client",
            "data.aws_ses_domain_identity.tamotsu_domain"
          ]
        },
        {
          "index_key": "register",
          "schema_version": 0,
          "attributes": {
            "http_method": "POST",
            "id": "agmr-xojk083ysh-lkm5qi-POST-200",
            "resource_id": "lkm5qi",
            "response_models": {},
            "response_parameters": {
              "method.response.header.Access-Control-Allow-Origin": true
            },
            "rest_api_id": "xojk083ysh",
            "status_code": "200"
          },
          "sensitive_attributes": [],
          "private": "bnVsbA==",
          "dependencies": [
            "aws_api_gateway_method.gw_methods",
            "aws_api_gateway_resource.auth_resource",
            "aws_api_gateway_resource.gw_resources",
            "aws_api_gateway_rest_api.tamotsu_api",
            "aws_cognito_user_pool.tamotsu_user_pool",
            "aws_cognito_user_pool_client.client",
            "data.aws_ses_domain_identity.tamotsu_domain"
          ]
        },
        {
          "index_key": "verify-email",
          "schema_version": 0,
          "attributes": {
            "http_method": "GET",
            "id": "agmr-xojk083ysh-g15qn4-GET-200",
            "resource_id": "g15qn4",
            "response_models": {},
            "response_parameters": {
              "method.response.header.Access-Control-Allow-Origin": true
            },
            "rest_api_id": "xojk083ysh",
            "status_code": "200"
          },
          "sensitive_attributes": [],
          "private": "bnVsbA==",
          "dependencies": [
            "aws_api_gateway_method.gw_methods",
            "aws_api_gateway_resource.auth_resource",
            "aws_api_gateway_resource.gw_resources",
            "aws_api_gateway_rest_api.tamotsu_api",
            "aws_cognito_user_pool.tamotsu_user_pool",
            "aws_cognito_user_pool_client.client",
            "data.aws_ses_domain_identity.tamotsu_domain"
          ]
        }
      ]
    },
    {
      "mode": "managed",
      "type": "aws_api_gateway_method_response",
      "name": "gw_options_responses",
      "provider": "provider[\"registry.terraform.io/hashicorp/aws\"]",
      "instances": [
        {
          "index_key": "login",
          "schema_version": 0,
          "attributes": {
            "http_method": "OPTIONS",
            "id": "agmr-xojk083ysh-yyx69c-OPTIONS-200",
            "resource_id": "yyx69c",
            "response_models": {
              "application/json": "Empty"
            },
            "response_parameters": {
              "method.response.header.Access-Control-Allow-Headers": true,
              "method.response.header.Access-Control-Allow-Methods": true,
              "method.response.header.Access-Control-Allow-Origin": true
            },
            "rest_api_id": "xojk083ysh",
            "status_code": "200"
          },
          "sensitive_attributes": [],
          "private": "bnVsbA==",
          "dependencies": [
            "aws_api_gateway_method.gw_options",
            "aws_api_gateway_resource.auth_resource",
            "aws_api_gateway_resource.gw_resources",
            "aws_api_gateway_rest_api.tamotsu_api",
            "aws_cognito_user_pool.tamotsu_user_pool",
            "aws_cognito_user_pool_client.client",
            "data.aws_ses_domain_identity.tamotsu_domain"
          ]
        },
        {
          "index_key": "register",
          "schema_version": 0,
          "attributes": {
            "http_method": "OPTIONS",
            "id": "agmr-xojk083ysh-lkm5qi-OPTIONS-200",
            "resource_id": "lkm5qi",
            "response_models": {
              "application/json": "Empty"
            },
            "response_parameters": {
              "method.response.header.Access-Control-Allow-Headers": true,
              "method.response.header.Access-Control-Allow-Methods": true,
              "method.response.header.Access-Control-Allow-Origin": true
            },
            "rest_api_id": "xojk083ysh",
            "status_code": "200"
          },
          "sensitive_attributes": [],
          "private": "bnVsbA==",
          "dependencies": [
            "aws_api_gateway_method.gw_options",
            "aws_api_gateway_resource.auth_resource",
            "aws_api_gateway_resource.gw_resources",
            "aws_api_gateway_rest_api.tamotsu_api",
            "aws_cognito_user_pool.tamotsu_user_pool",
            "aws_cognito_user_pool_client.client",
            "data.aws_ses_domain_identity.tamotsu_domain"
          ]
        },
        {
          "index_key": "verify-email",
          "schema_version": 0,
          "attributes": {
            "http_method": "OPTIONS",
            "id": "agmr-xojk083ysh-g15qn4-OPTIONS-200",
            "resource_id": "g15qn4",
            "response_models": {
              "application/json": "Empty"
            },
            "response_parameters": {
              "method.response.header.Access-Control-Allow-Headers": true,
              "method.response.header.Access-Control-Allow-Methods": true,
              "method.response.header.Access-Control-Allow-Origin": true
            },
            "rest_api_id": "xojk083ysh",
            "status_code": "200"
          },
          "sensitive_attributes": [],
          "private": "bnVsbA==",
          "dependencies": [
            "aws_api_gateway_method.gw_options",
            "aws_api_gateway_resource.auth_resource",
            "aws_api_gateway_resource.gw_resources",
            "aws_api_gateway_rest_api.tamotsu_api",
            "aws_cognito_user_pool.tamotsu_user_pool",
            "aws_cognito_user_pool_client.client",
            "data.aws_ses_domain_identity.tamotsu_domain"
          ]
        }
      ]
    },
    {
      "mode": "managed",
      "type": "aws_api_gateway_resource",
      "name": "auth_resource",
      "provider": "provider[\"registry.terraform.io/hashicorp/aws\"]",
      "instances": [
        {
          "schema_version": 0,
          "attributes": {
            "id": "7gbt2t",
            "parent_id": "pr1xvw8no2",
            "path": "/auth",
            "path_part": "auth",
            "rest_api_id": "xojk083ysh"
          },
          "sensitive_attributes": [],
          "private": "bnVsbA==",
          "dependencies": [
            "aws_api_gateway_rest_api.tamotsu_api"
          ]
        }
      ]
    },
    {
      "mode": "managed",
      "type": "aws_api_gateway_resource",
      "name": "chat_resource",
      "provider": "provider[\"registry.terraform.io/hashicorp/aws\"]",
      "instances": [
        {
          "schema_version": 0,
          "attributes": {
            "id": "xu39ll",
            "parent_id": "pr1xvw8no2",
            "path": "/chat",
            "path_part": "chat",
            "rest_api_id": "xojk083ysh"
          },
          "sensitive_attributes": [],
          "private": "bnVsbA==",
          "dependencies": [
            "aws_api_gateway_rest_api.tamotsu_api"
          ]
        }
      ]
    },
    {
      "mode": "managed",
      "type": "aws_api_gateway_resource",
      "name": "gw_resources",
      "provider": "provider[\"registry.terraform.io/hashicorp/aws\"]",
      "instances": [
        {
          "index_key": "login",
          "schema_version": 0,
          "attributes": {
            "id": "yyx69c",
            "parent_id": "7gbt2t",
            "path": "/auth/login",
            "path_part": "login",
            "rest_api_id": "xojk083ysh"
          },
          "sensitive_attributes": [],
          "private": "bnVsbA==",
          "dependencies": [
            "aws_api_gateway_resource.auth_resource",
            "aws_api_gateway_rest_api.tamotsu_api",
            "aws_cognito_user_pool.tamotsu_user_pool",
            "aws_cognito_user_pool_client.client",
            "data.aws_ses_domain_identity.tamotsu_domain"
          ]
        },
        {
          "index_key": "register",
          "schema_version": 0,
          "attributes": {
            "id": "lkm5qi",
            "parent_id": "7gbt2t",
            "path": "/auth/register",
            "path_part": "register",
            "rest_api_id": "xojk083ysh"
          },
          "sensitive_attributes": [],
          "private": "bnVsbA==",
          "dependencies": [
            "aws_api_gateway_resource.auth_resource",
            "aws_api_gateway_rest_api.tamotsu_api",
            "aws_cognito_user_pool.tamotsu_user_pool",
            "aws_cognito_user_pool_client.client",
            "data.aws_ses_domain_identity.tamotsu_domain"
          ]
        },
        {
          "index_key": "verify-email",
          "schema_version": 0,
          "attributes": {
            "id": "g15qn4",
            "parent_id": "7gbt2t",
            "path": "/auth/verify-email",
            "path_part": "verify-email",
            "rest_api_id": "xojk083ysh"
          },
          "sensitive_attributes": [],
          "private": "bnVsbA==",
          "dependencies": [
            "aws_api_gateway_resource.auth_resource",
            "aws_api_gateway_rest_api.tamotsu_api",
            "aws_cognito_user_pool.tamotsu_user_pool",
            "aws_cognito_user_pool_client.client",
            "data.aws_ses_domain_identity.tamotsu_domain"
          ]
        }
      ]
    },
    {
      "mode": "managed",
      "type": "aws_api_gateway_resource",
      "name": "health_resource",
      "provider": "provider[\"registry.terraform.io/hashicorp/aws\"]",
      "instances": [
        {
          "schema_version": 0,
          "attributes": {
            "id": "qqgfsk",
            "parent_id": "pr1xvw8no2",
            "path": "/health",
            "path_part": "health",
            "rest_api_id": "xojk083ysh"
          },
          "sensitive_attributes": [],
          "private": "bnVsbA==",
          "dependencies": [
            "aws_api_gateway_rest_api.tamotsu_api"
          ]
        }
      ]
    },
    {
      "mode": "managed",
      "type": "aws_api_gateway_resource",
      "name": "nutritionists_resource",
      "provider": "provider[\"registry.terraform.io/hashicorp/aws\"]",
      "instances": [
        {
          "schema_version": 0,
          "attributes": {
            "id": "zimdbi",
            "parent_id": "pr1xvw8no2",
            "path": "/nutritionists",
            "path_part": "nutritionists",
            "rest_api_id": "xojk083ysh"
          },
          "sensitive_attributes": [],
          "private": "bnVsbA==",
          "dependencies": [
            "aws_api_gateway_rest_api.tamotsu_api"
          ]
        }
      ]
    },
    {
      "mode": "managed",
      "type": "aws_api_gateway_resource",
      "name": "users_resource",
      "provider": "provider[\"registry.terraform.io/hashicorp/aws\"]",
      "instances": [
        {
          "schema_version": 0,
          "attributes": {
            "id": "uqsyv5",
            "parent_id": "pr1xvw8no2",
            "path": "/users",
            "path_part": "users",
            "rest_api_id": "xojk083ysh"
          },
          "sensitive_attributes": [],
          "private": "bnVsbA==",
          "dependencies": [
            "aws_api_gateway_rest_api.tamotsu_api"
          ]
        }
      ]
    },
    {
      "mode": "managed",
      "type": "aws_api_gateway_rest_api",
      "name": "tamotsu_api",
      "provider": "provider[\"registry.terraform.io/hashicorp/aws\"]",
      "instances": [
        {
          "schema_version": 0,
          "attributes": {
            "api_key_source": "HEADER",
            "arn": "arn:aws:apigateway:ap-northeast-1::/restapis/xojk083ysh",
            "binary_media_types": [],
            "body": null,
            "created_date": "2024-07-27T08:20:22Z",
            "description": "API Gateway for TAMOTSU",
            "disable_execute_api_endpoint": false,
            "endpoint_configuration": [
              {
                "types": [
                  "REGIONAL"
                ],
                "vpc_endpoint_ids": []
              }
            ],
            "execution_arn": "arn:aws:execute-api:ap-northeast-1:332260094679:xojk083ysh",
            "fail_on_warnings": null,
            "id": "xojk083ysh",
            "minimum_compression_size": "",
            "name": "tamotsu-api",
            "parameters": null,
            "policy": "",
            "put_rest_api_mode": null,
            "root_resource_id": "pr1xvw8no2",
            "tags": {},
            "tags_all": {}
          },
          "sensitive_attributes": [],
          "private": "bnVsbA=="
        }
      ]
    },
    {
      "mode": "managed",
      "type": "aws_cloudfront_distribution",
      "name": "tamotsu_webapp",
      "provider": "provider[\"registry.terraform.io/hashicorp/aws\"]",
      "instances": [
        {
          "schema_version": 1,
          "attributes": {
            "aliases": [],
            "arn": "arn:aws:cloudfront::332260094679:distribution/E26NN1C3Y3GTBF",
            "caller_reference": "terraform-20240727085003237800000001",
            "comment": null,
            "continuous_deployment_policy_id": "",
            "custom_error_response": [
              {
                "error_caching_min_ttl": 0,
                "error_code": 404,
                "response_code": 200,
                "response_page_path": "/index.html"
              }
            ],
            "default_cache_behavior": [
              {
                "allowed_methods": [
                  "GET",
                  "HEAD"
                ],
                "cache_policy_id": "",
                "cached_methods": [
                  "GET",
                  "HEAD"
                ],
                "compress": false,
                "default_ttl": 3600,
                "field_level_encryption_id": "",
                "forwarded_values": [
                  {
                    "cookies": [
                      {
                        "forward": "none",
                        "whitelisted_names": []
                      }
                    ],
                    "headers": [],
                    "query_string": false,
                    "query_string_cache_keys": []
                  }
                ],
                "function_association": [],
                "lambda_function_association": [],
                "max_ttl": 86400,
                "min_ttl": 0,
                "origin_request_policy_id": "",
                "realtime_log_config_arn": "",
                "response_headers_policy_id": "",
                "smooth_streaming": false,
                "target_origin_id": "S3-tamotsu-webapp",
                "trusted_key_groups": [],
                "trusted_signers": [],
                "viewer_protocol_policy": "redirect-to-https"
              }
            ],
            "default_root_object": "index.html",
            "domain_name": "d21hb4lisnjdwa.cloudfront.net",
            "enabled": true,
            "etag": "E6WK5AP4L01ZO",
            "hosted_zone_id": "Z2FDTNDATAQYW2",
            "http_version": "http2",
            "id": "E26NN1C3Y3GTBF",
            "in_progress_validation_batches": 0,
            "is_ipv6_enabled": false,
            "last_modified_time": "2024-07-27 08:50:04.577 +0000 UTC",
            "logging_config": [],
            "ordered_cache_behavior": [],
            "origin": [
              {
                "connection_attempts": 3,
                "connection_timeout": 10,
                "custom_header": [],
                "custom_origin_config": [],
                "domain_name": "tamotsu-webapp.s3.ap-northeast-1.amazonaws.com",
                "origin_access_control_id": "",
                "origin_id": "S3-tamotsu-webapp",
                "origin_path": "",
                "origin_shield": [],
                "s3_origin_config": []
              }
            ],
            "origin_group": [],
            "price_class": "PriceClass_All",
            "restrictions": [
              {
                "geo_restriction": [
                  {
                    "locations": [],
                    "restriction_type": "none"
                  }
                ]
              }
            ],
            "retain_on_delete": false,
            "staging": false,
            "status": "Deployed",
            "tags": {},
            "tags_all": {},
            "trusted_key_groups": [
              {
                "enabled": false,
                "items": []
              }
            ],
            "trusted_signers": [
              {
                "enabled": false,
                "items": []
              }
            ],
            "viewer_certificate": [
              {
                "acm_certificate_arn": "",
                "cloudfront_default_certificate": true,
                "iam_certificate_id": "",
                "minimum_protocol_version": "TLSv1",
                "ssl_support_method": ""
              }
            ],
            "wait_for_deployment": true,
            "web_acl_id": ""
          },
          "sensitive_attributes": [],
          "private": "eyJzY2hlbWFfdmVyc2lvbiI6IjEifQ==",
          "dependencies": [
            "aws_s3_bucket.tamotsu_webapp"
          ]
        }
      ]
    },
    {
      "mode": "managed",
      "type": "aws_cognito_user_pool",
      "name": "tamotsu_user_pool",
      "provider": "provider[\"registry.terraform.io/hashicorp/aws\"]",
      "instances": [
        {
          "schema_version": 0,
          "attributes": {
            "account_recovery_setting": [
              {
                "recovery_mechanism": [
                  {
                    "name": "verified_email",
                    "priority": 1
                  },
                  {
                    "name": "verified_phone_number",
                    "priority": 2
                  }
                ]
              }
            ],
            "admin_create_user_config": [
              {
                "allow_admin_create_user_only": false,
                "invite_message_template": []
              }
            ],
            "alias_attributes": null,
            "arn": "arn:aws:cognito-idp:ap-northeast-1:332260094679:userpool/ap-northeast-1_HVI9QDYOK",
            "auto_verified_attributes": [],
            "creation_date": "2024-07-27T08:20:23Z",
            "custom_domain": "",
            "deletion_protection": "INACTIVE",
            "device_configuration": [],
            "domain": "",
            "email_configuration": [
              {
                "configuration_set": "",
                "email_sending_account": "DEVELOPER",
                "from_email_address": "TAMOTSU \u003cno-reply@tamotsu-app.com\u003e",
                "reply_to_email_address": "",
                "source_arn": "arn:aws:ses:ap-northeast-1:332260094679:identity/tamotsu-app.com"
              }
            ],
            "email_verification_message": "",
            "email_verification_subject": "",
            "endpoint": "cognito-idp.ap-northeast-1.amazonaws.com/ap-northeast-1_HVI9QDYOK",
            "estimated_number_of_users": 0,
            "id": "ap-northeast-1_HVI9QDYOK",
            "lambda_config": [],
            "last_modified_date": "2024-07-29T11:05:49Z",
            "mfa_configuration": "OFF",
            "name": "tamotsu-user-pool",
            "password_policy": [
              {
                "minimum_length": 8,
                "require_lowercase": true,
                "require_numbers": true,
                "require_symbols": true,
                "require_uppercase": true,
                "temporary_password_validity_days": 7
              }
            ],
            "schema": [
              {
                "attribute_data_type": "String",
                "developer_only_attribute": false,
                "mutable": true,
                "name": "verificationCode",
                "number_attribute_constraints": [],
                "required": false,
                "string_attribute_constraints": [
                  {
                    "max_length": "256",
                    "min_length": "1"
                  }
                ]
              }
            ],
            "sms_authentication_message": "",
            "sms_configuration": [],
            "sms_verification_message": "",
            "software_token_mfa_configuration": [],
            "tags": {},
            "tags_all": {},
            "user_attribute_update_settings": [],
            "user_pool_add_ons": [],
            "username_attributes": [],
            "username_configuration": [],
            "verification_message_template": [
              {
                "default_email_option": "CONFIRM_WITH_CODE",
                "email_message": "",
                "email_message_by_link": "",
                "email_subject": "",
                "email_subject_by_link": "",
                "sms_message": ""
              }
            ]
          },
          "sensitive_attributes": [],
          "private": "bnVsbA==",
          "dependencies": [
            "data.aws_ses_domain_identity.tamotsu_domain"
          ]
        }
      ]
    },
    {
      "mode": "managed",
      "type": "aws_cognito_user_pool_client",
      "name": "client",
      "provider": "provider[\"registry.terraform.io/hashicorp/aws\"]",
      "instances": [
        {
          "schema_version": 0,
          "attributes": {
            "access_token_validity": 0,
            "allowed_oauth_flows": [],
            "allowed_oauth_flows_user_pool_client": false,
            "allowed_oauth_scopes": [],
            "analytics_configuration": [],
            "auth_session_validity": 3,
            "callback_urls": [],
            "client_secret": "",
            "default_redirect_uri": "",
            "enable_propagate_additional_user_context_data": false,
            "enable_token_revocation": true,
            "explicit_auth_flows": [
              "ALLOW_REFRESH_TOKEN_AUTH",
              "ALLOW_USER_PASSWORD_AUTH"
            ],
            "generate_secret": null,
            "id": "1c4av4vfhg4li1bttfjte9l3tt",
            "id_token_validity": 0,
            "logout_urls": [],
            "name": "tamotsu-user-pool-client",
            "prevent_user_existence_errors": "",
            "read_attributes": [],
            "refresh_token_validity": 30,
            "supported_identity_providers": [],
            "token_validity_units": [],
            "user_pool_id": "ap-northeast-1_HVI9QDYOK",
            "write_attributes": []
          },
          "sensitive_attributes": [
            [
              {
                "type": "get_attr",
                "value": "client_secret"
              }
            ]
          ],
          "dependencies": [
            "aws_cognito_user_pool.tamotsu_user_pool",
            "data.aws_ses_domain_identity.tamotsu_domain"
          ]
        }
      ]
    },
    {
      "mode": "managed",
      "type": "aws_dynamodb_table",
      "name": "tamotsu_table",
      "provider": "provider[\"registry.terraform.io/hashicorp/aws\"]",
      "instances": [
        {
          "schema_version": 1,
          "attributes": {
            "arn": "arn:aws:dynamodb:ap-northeast-1:332260094679:table/tamotsu-table",
            "attribute": [
              {
                "name": "GSI1PK",
                "type": "S"
              },
              {
                "name": "GSI1SK",
                "type": "S"
              },
              {
                "name": "GSI2PK",
                "type": "S"
              },
              {
                "name": "GSI2SK",
                "type": "S"
              },
              {
                "name": "PK",
                "type": "S"
              },
              {
                "name": "SK",
                "type": "S"
              },
              {
                "name": "TypePK",
                "type": "S"
              },
              {
                "name": "TypeSK",
                "type": "S"
              }
            ],
            "billing_mode": "PAY_PER_REQUEST",
            "deletion_protection_enabled": false,
            "global_secondary_index": [
              {
                "hash_key": "GSI1PK",
                "name": "GSI1",
                "non_key_attributes": [],
                "projection_type": "ALL",
                "range_key": "GSI1SK",
                "read_capacity": 0,
                "write_capacity": 0
              },
              {
                "hash_key": "GSI2PK",
                "name": "GSI2",
                "non_key_attributes": [],
                "projection_type": "ALL",
                "range_key": "GSI2SK",
                "read_capacity": 0,
                "write_capacity": 0
              },
              {
                "hash_key": "TypePK",
                "name": "Type",
                "non_key_attributes": [],
                "projection_type": "ALL",
                "range_key": "TypeSK",
                "read_capacity": 0,
                "write_capacity": 0
              }
            ],
            "hash_key": "PK",
            "id": "tamotsu-table",
            "import_table": [],
            "local_secondary_index": [],
            "name": "tamotsu-table",
            "point_in_time_recovery": [
              {
                "enabled": false
              }
            ],
            "range_key": "SK",
            "read_capacity": 0,
            "replica": [],
            "restore_date_time": null,
            "restore_source_name": null,
            "restore_to_latest_time": null,
            "server_side_encryption": [],
            "stream_arn": "",
            "stream_enabled": false,
            "stream_label": "",
            "stream_view_type": "",
            "table_class": "STANDARD",
            "tags": {
              "Environment": "production",
              "Name": "tamotsu-table"
            },
            "tags_all": {
              "Environment": "production",
              "Name": "tamotsu-table"
            },
            "timeouts": null,
            "ttl": [
              {
                "attribute_name": "TTL",
                "enabled": true
              }
            ],
            "write_capacity": 0
          },
          "sensitive_attributes": [],
          "private": "eyJlMmJmYjczMC1lY2FhLTExZTYtOGY4OC0zNDM2M2JjN2M0YzAiOnsiY3JlYXRlIjoxODAwMDAwMDAwMDAwLCJkZWxldGUiOjYwMDAwMDAwMDAwMCwidXBkYXRlIjozNjAwMDAwMDAwMDAwfSwic2NoZW1hX3ZlcnNpb24iOiIxIn0="
        }
      ]
    },
    {
      "mode": "managed",
      "type": "aws_eip",
      "name": "nat_eip",
      "provider": "provider[\"registry.terraform.io/hashicorp/aws\"]",
      "instances": [
        {
          "schema_version": 0,
          "attributes": {
            "address": null,
            "allocation_id": "eipalloc-0c7e1fb256aeee340",
            "arn": "arn:aws:ec2:ap-northeast-1:332260094679:elastic-ip/eipalloc-0c7e1fb256aeee340",
            "associate_with_private_ip": null,
            "association_id": "eipassoc-0f295d5de26dd375c",
            "carrier_ip": "",
            "customer_owned_ip": "",
            "customer_owned_ipv4_pool": "",
            "domain": "vpc",
            "id": "eipalloc-0c7e1fb256aeee340",
            "instance": "",
            "network_border_group": "ap-northeast-1",
            "network_interface": "eni-0e173ae7eabd2077c",
            "private_dns": "ip-10-0-1-52.ap-northeast-1.compute.internal",
            "private_ip": "10.0.1.52",
            "ptr_record": "",
            "public_dns": "ec2-52-197-57-65.ap-northeast-1.compute.amazonaws.com",
            "public_ip": "52.197.57.65",
            "public_ipv4_pool": "amazon",
            "tags": {},
            "tags_all": {},
            "timeouts": null,
            "vpc": true
          },
          "sensitive_attributes": [],
          "private": "eyJlMmJmYjczMC1lY2FhLTExZTYtOGY4OC0zNDM2M2JjN2M0YzAiOnsiZGVsZXRlIjoxODAwMDAwMDAwMDAsInJlYWQiOjkwMDAwMDAwMDAwMCwidXBkYXRlIjozMDAwMDAwMDAwMDB9fQ=="
        }
      ]
    },
    {
      "mode": "managed",
      "type": "aws_iam_role",
      "name": "lambda_role",
      "provider": "provider[\"registry.terraform.io/hashicorp/aws\"]",
      "instances": [
        {
          "schema_version": 0,
          "attributes": {
            "arn": "arn:aws:iam::332260094679:role/tamotsu-lambda-role",
            "assume_role_policy": "{\"Statement\":[{\"Action\":\"sts:AssumeRole\",\"Effect\":\"Allow\",\"Principal\":{\"Service\":\"lambda.amazonaws.com\"}}],\"Version\":\"2012-10-17\"}",
            "create_date": "2024-07-27T08:20:22Z",
            "description": "",
            "force_detach_policies": false,
            "id": "tamotsu-lambda-role",
            "inline_policy": [],
            "managed_policy_arns": [
              "arn:aws:iam::aws:policy/AWSLambdaExecute",
              "arn:aws:iam::aws:policy/AmazonCognitoPowerUser",
              "arn:aws:iam::aws:policy/AmazonDynamoDBFullAccess",
              "arn:aws:iam::aws:policy/AmazonEC2FullAccess",
              "arn:aws:iam::aws:policy/AmazonS3FullAccess",
              "arn:aws:iam::aws:policy/AmazonSESFullAccess",
              "arn:aws:iam::aws:policy/AmazonVPCFullAccess"
            ],
            "max_session_duration": 3600,
            "name": "tamotsu-lambda-role",
            "name_prefix": "",
            "path": "/",
            "permissions_boundary": "",
            "tags": {},
            "tags_all": {},
            "unique_id": "AROAU2XB6WLL4QVDXGJ4S"
          },
          "sensitive_attributes": [],
          "private": "bnVsbA=="
        }
      ]
    },
    {
      "mode": "managed",
      "type": "aws_iam_role_policy_attachment",
      "name": "lambda_execute",
      "provider": "provider[\"registry.terraform.io/hashicorp/aws\"]",
      "instances": [
        {
          "index_key": "cognito_access",
          "schema_version": 0,
          "attributes": {
            "id": "tamotsu-lambda-role-20240727082023256400000007",
            "policy_arn": "arn:aws:iam::aws:policy/AmazonCognitoPowerUser",
            "role": "tamotsu-lambda-role"
          },
          "sensitive_attributes": [],
          "private": "bnVsbA==",
          "dependencies": [
            "aws_iam_role.lambda_role"
          ]
        },
        {
          "index_key": "dynamodb_full_access",
          "schema_version": 0,
          "attributes": {
            "id": "tamotsu-lambda-role-20240727082023256400000008",
            "policy_arn": "arn:aws:iam::aws:policy/AmazonDynamoDBFullAccess",
            "role": "tamotsu-lambda-role"
          },
          "sensitive_attributes": [],
          "private": "bnVsbA==",
          "dependencies": [
            "aws_iam_role.lambda_role"
          ]
        },
        {
          "index_key": "ec2_full_access",
          "schema_version": 0,
          "attributes": {
            "id": "tamotsu-lambda-role-20240727082023255300000006",
            "policy_arn": "arn:aws:iam::aws:policy/AmazonEC2FullAccess",
            "role": "tamotsu-lambda-role"
          },
          "sensitive_attributes": [],
          "private": "bnVsbA==",
          "dependencies": [
            "aws_iam_role.lambda_role"
          ]
        },
        {
          "index_key": "lambda_execute",
          "schema_version": 0,
          "attributes": {
            "id": "tamotsu-lambda-role-20240727082022927200000003",
            "policy_arn": "arn:aws:iam::aws:policy/AWSLambdaExecute",
            "role": "tamotsu-lambda-role"
          },
          "sensitive_attributes": [],
          "private": "bnVsbA==",
          "dependencies": [
            "aws_iam_role.lambda_role"
          ]
        },
        {
          "index_key": "s3_full_access",
          "schema_version": 0,
          "attributes": {
            "id": "tamotsu-lambda-role-20240727082023254100000005",
            "policy_arn": "arn:aws:iam::aws:policy/AmazonS3FullAccess",
            "role": "tamotsu-lambda-role"
          },
          "sensitive_attributes": [],
          "private": "bnVsbA==",
          "dependencies": [
            "aws_iam_role.lambda_role"
          ]
        },
        {
          "index_key": "ses_send_templated_email",
          "schema_version": 0,
          "attributes": {
            "id": "tamotsu-lambda-role-20240727082023179500000004",
            "policy_arn": "arn:aws:iam::aws:policy/AmazonSESFullAccess",
            "role": "tamotsu-lambda-role"
          },
          "sensitive_attributes": [],
          "private": "bnVsbA==",
          "dependencies": [
            "aws_iam_role.lambda_role"
          ]
        },
        {
          "index_key": "vpc_full_access",
          "schema_version": 0,
          "attributes": {
            "id": "tamotsu-lambda-role-20240727082022672000000002",
            "policy_arn": "arn:aws:iam::aws:policy/AmazonVPCFullAccess",
            "role": "tamotsu-lambda-role"
          },
          "sensitive_attributes": [],
          "private": "bnVsbA==",
          "dependencies": [
            "aws_iam_role.lambda_role"
          ]
        }
      ]
    },
    {
      "mode": "managed",
      "type": "aws_internet_gateway",
      "name": "gw",
      "provider": "provider[\"registry.terraform.io/hashicorp/aws\"]",
      "instances": [
        {
          "schema_version": 0,
          "attributes": {
            "arn": "arn:aws:ec2:ap-northeast-1:332260094679:internet-gateway/igw-0b2ccd4d8090030d1",
            "id": "igw-0b2ccd4d8090030d1",
            "owner_id": "332260094679",
            "tags": {
              "Name": "tamotsu-igw"
            },
            "tags_all": {
              "Name": "tamotsu-igw"
            },
            "timeouts": null,
            "vpc_id": "vpc-0d06dc8bf003a54cd"
          },
          "sensitive_attributes": [],
          "private": "eyJlMmJmYjczMC1lY2FhLTExZTYtOGY4OC0zNDM2M2JjN2M0YzAiOnsiY3JlYXRlIjoxMjAwMDAwMDAwMDAwLCJkZWxldGUiOjEyMDAwMDAwMDAwMDAsInVwZGF0ZSI6MTIwMDAwMDAwMDAwMH19",
          "dependencies": [
            "aws_vpc.tamotsu_vpc"
          ]
        }
      ]
    },
    {
      "mode": "managed",
      "type": "aws_lambda_permission",
      "name": "api_gw_lambda_permissions",
      "provider": "provider[\"registry.terraform.io/hashicorp/aws\"]",
      "instances": [
        {
          "index_key": "login",
          "schema_version": 0,
          "attributes": {
            "action": "lambda:InvokeFunction",
            "event_source_token": null,
            "function_name": "tamotsu-login-function",
            "function_url_auth_type": null,
            "id": "AllowExecutionFromAPIGateway",
            "principal": "apigateway.amazonaws.com",
            "principal_org_id": null,
            "qualifier": "",
            "source_account": null,
            "source_arn": "arn:aws:execute-api:ap-northeast-1:332260094679:xojk083ysh/*/POST/auth/login",
            "statement_id": "AllowExecutionFromAPIGateway",
            "statement_id_prefix": ""
          },
          "sensitive_attributes": [],
          "private": "bnVsbA==",
          "dependencies": [
            "aws_api_gateway_deployment.tamotsu_deployment",
            "aws_api_gateway_integration.gw_method_integrations",
            "aws_api_gateway_integration.gw_options_integrations",
            "aws_api_gateway_method.gw_options",
            "aws_api_gateway_resource.auth_resource",
            "aws_api_gateway_resource.gw_resources",
            "aws_api_gateway_rest_api.tamotsu_api",
            "aws_cognito_user_pool.tamotsu_user_pool",
            "aws_cognito_user_pool_client.client",
            "aws_iam_role.lambda_role",
            "aws_security_group.lambda_sg",
            "aws_subnet.private_subnet",
            "aws_vpc.tamotsu_vpc",
            "data.aws_lambda_layer_version.aws_sdk_layer",
            "data.aws_ses_domain_identity.tamotsu_domain",
            "module.lambda_functions.aws_lambda_function.function"
          ]
        },
        {
          "index_key": "register",
          "schema_version": 0,
          "attributes": {
            "action": "lambda:InvokeFunction",
            "event_source_token": null,
            "function_name": "tamotsu-register-function",
            "function_url_auth_type": null,
            "id": "AllowExecutionFromAPIGateway",
            "principal": "apigateway.amazonaws.com",
            "principal_org_id": null,
            "qualifier": "",
            "source_account": null,
            "source_arn": "arn:aws:execute-api:ap-northeast-1:332260094679:xojk083ysh/*/POST/auth/register",
            "statement_id": "AllowExecutionFromAPIGateway",
            "statement_id_prefix": ""
          },
          "sensitive_attributes": [],
          "private": "bnVsbA==",
          "dependencies": [
            "aws_api_gateway_deployment.tamotsu_deployment",
            "aws_api_gateway_integration.gw_method_integrations",
            "aws_api_gateway_integration.gw_options_integrations",
            "aws_api_gateway_method.gw_options",
            "aws_api_gateway_resource.auth_resource",
            "aws_api_gateway_resource.gw_resources",
            "aws_api_gateway_rest_api.tamotsu_api",
            "aws_cognito_user_pool.tamotsu_user_pool",
            "aws_cognito_user_pool_client.client",
            "aws_iam_role.lambda_role",
            "aws_security_group.lambda_sg",
            "aws_subnet.private_subnet",
            "aws_vpc.tamotsu_vpc",
            "data.aws_lambda_layer_version.aws_sdk_layer",
            "data.aws_ses_domain_identity.tamotsu_domain",
            "module.lambda_functions.aws_lambda_function.function"
          ]
        },
        {
          "index_key": "verify-email",
          "schema_version": 0,
          "attributes": {
            "action": "lambda:InvokeFunction",
            "event_source_token": null,
            "function_name": "tamotsu-verify-email-function",
            "function_url_auth_type": null,
            "id": "AllowExecutionFromAPIGateway",
            "principal": "apigateway.amazonaws.com",
            "principal_org_id": null,
            "qualifier": "",
            "source_account": null,
            "source_arn": "arn:aws:execute-api:ap-northeast-1:332260094679:xojk083ysh/*/GET/auth/verify-email",
            "statement_id": "AllowExecutionFromAPIGateway",
            "statement_id_prefix": ""
          },
          "sensitive_attributes": [],
          "private": "bnVsbA==",
          "dependencies": [
            "aws_api_gateway_deployment.tamotsu_deployment",
            "aws_api_gateway_integration.gw_method_integrations",
            "aws_api_gateway_integration.gw_options_integrations",
            "aws_api_gateway_method.gw_options",
            "aws_api_gateway_resource.auth_resource",
            "aws_api_gateway_resource.gw_resources",
            "aws_api_gateway_rest_api.tamotsu_api",
            "aws_cognito_user_pool.tamotsu_user_pool",
            "aws_cognito_user_pool_client.client",
            "aws_iam_role.lambda_role",
            "aws_security_group.lambda_sg",
            "aws_subnet.private_subnet",
            "aws_vpc.tamotsu_vpc",
            "data.aws_lambda_layer_version.aws_sdk_layer",
            "data.aws_ses_domain_identity.tamotsu_domain",
            "module.lambda_functions.aws_lambda_function.function"
          ]
        }
      ]
    },
    {
      "mode": "managed",
      "type": "aws_nat_gateway",
      "name": "nat_gateway",
      "provider": "provider[\"registry.terraform.io/hashicorp/aws\"]",
      "instances": [
        {
          "schema_version": 0,
          "attributes": {
            "allocation_id": "eipalloc-0c7e1fb256aeee340",
            "association_id": "eipassoc-0f295d5de26dd375c",
            "connectivity_type": "public",
            "id": "nat-0468c67428be980eb",
            "network_interface_id": "eni-0e173ae7eabd2077c",
            "private_ip": "10.0.1.52",
            "public_ip": "52.197.57.65",
            "secondary_allocation_ids": [],
            "secondary_private_ip_address_count": 0,
            "secondary_private_ip_addresses": [],
            "subnet_id": "subnet-02350e00d8b94cb3f",
            "tags": {
              "Name": "tamotsu-nat-gateway"
            },
            "tags_all": {
              "Name": "tamotsu-nat-gateway"
            },
            "timeouts": null
          },
          "sensitive_attributes": [],
          "private": "eyJlMmJmYjczMC1lY2FhLTExZTYtOGY4OC0zNDM2M2JjN2M0YzAiOnsiY3JlYXRlIjo2MDAwMDAwMDAwMDAsImRlbGV0ZSI6MTgwMDAwMDAwMDAwMCwidXBkYXRlIjo2MDAwMDAwMDAwMDB9fQ==",
          "dependencies": [
            "aws_eip.nat_eip",
            "aws_subnet.public_subnet",
            "aws_vpc.tamotsu_vpc"
          ]
        }
      ]
    },
    {
      "mode": "managed",
      "type": "aws_route53_record",
      "name": "record_tamotsu_app",
      "provider": "provider[\"registry.terraform.io/hashicorp/aws\"]",
      "instances": [
        {
          "schema_version": 2,
          "attributes": {
            "alias": [
              {
                "evaluate_target_health": true,
                "name": "d-nkiqgf74dj.execute-api.ap-northeast-1.amazonaws.com",
                "zone_id": "Z1YSHQZHG15GKL"
              }
            ],
            "allow_overwrite": null,
            "cidr_routing_policy": [],
            "failover_routing_policy": [],
            "fqdn": "api.tamotsu-app.com",
            "geolocation_routing_policy": [],
            "geoproximity_routing_policy": [],
            "health_check_id": "",
            "id": "Z03576945YY95PINL9NE_api.tamotsu-app.com_A",
            "latency_routing_policy": [],
            "multivalue_answer_routing_policy": false,
            "name": "api.tamotsu-app.com",
            "records": [],
            "set_identifier": "",
            "ttl": 0,
            "type": "A",
            "weighted_routing_policy": [],
            "zone_id": "Z03576945YY95PINL9NE"
          },
          "sensitive_attributes": [],
          "private": "eyJzY2hlbWFfdmVyc2lvbiI6IjIifQ==",
          "dependencies": [
            "aws_acm_certificate.api_tamotsu",
            "aws_acm_certificate_validation.api_tamotsu",
            "aws_api_gateway_domain_name.tamotsu_app",
            "data.aws_route53_zone.tamotsu_app"
          ]
        }
      ]
    },
    {
      "mode": "managed",
      "type": "aws_route53_record",
      "name": "tamotsu_webapp",
      "provider": "provider[\"registry.terraform.io/hashicorp/aws\"]",
      "instances": [
        {
          "schema_version": 2,
          "attributes": {
            "alias": [
              {
                "evaluate_target_health": false,
                "name": "d21hb4lisnjdwa.cloudfront.net",
                "zone_id": "Z2FDTNDATAQYW2"
              }
            ],
            "allow_overwrite": null,
            "cidr_routing_policy": [],
            "failover_routing_policy": [],
            "fqdn": "tamotsu-app.com",
            "geolocation_routing_policy": [],
            "geoproximity_routing_policy": [],
            "health_check_id": "",
            "id": "Z03576945YY95PINL9NE_tamotsu-app.com_A",
            "latency_routing_policy": [],
            "multivalue_answer_routing_policy": false,
            "name": "tamotsu-app.com",
            "records": [],
            "set_identifier": "",
            "ttl": 0,
            "type": "A",
            "weighted_routing_policy": [],
            "zone_id": "Z03576945YY95PINL9NE"
          },
          "sensitive_attributes": [],
          "private": "eyJzY2hlbWFfdmVyc2lvbiI6IjIifQ==",
          "dependencies": [
            "aws_cloudfront_distribution.tamotsu_webapp",
            "aws_s3_bucket.tamotsu_webapp",
            "data.aws_route53_zone.tamotsu_app"
          ]
        }
      ]
    },
    {
      "mode": "managed",
      "type": "aws_route_table",
      "name": "private_route_table",
      "provider": "provider[\"registry.terraform.io/hashicorp/aws\"]",
      "instances": [
        {
          "schema_version": 0,
          "attributes": {
            "arn": "arn:aws:ec2:ap-northeast-1:332260094679:route-table/rtb-02736dfed6975da3a",
            "id": "rtb-02736dfed6975da3a",
            "owner_id": "332260094679",
            "propagating_vgws": [],
            "route": [
              {
                "carrier_gateway_id": "",
                "cidr_block": "0.0.0.0/0",
                "core_network_arn": "",
                "destination_prefix_list_id": "",
                "egress_only_gateway_id": "",
                "gateway_id": "",
                "ipv6_cidr_block": "",
                "local_gateway_id": "",
                "nat_gateway_id": "nat-0468c67428be980eb",
                "network_interface_id": "",
                "transit_gateway_id": "",
                "vpc_endpoint_id": "",
                "vpc_peering_connection_id": ""
              }
            ],
            "tags": {
              "Name": "tamotsu-private-route-table"
            },
            "tags_all": {
              "Name": "tamotsu-private-route-table"
            },
            "timeouts": null,
            "vpc_id": "vpc-0d06dc8bf003a54cd"
          },
          "sensitive_attributes": [],
          "private": "eyJlMmJmYjczMC1lY2FhLTExZTYtOGY4OC0zNDM2M2JjN2M0YzAiOnsiY3JlYXRlIjozMDAwMDAwMDAwMDAsImRlbGV0ZSI6MzAwMDAwMDAwMDAwLCJ1cGRhdGUiOjEyMDAwMDAwMDAwMH19",
          "dependencies": [
            "aws_eip.nat_eip",
            "aws_nat_gateway.nat_gateway",
            "aws_subnet.public_subnet",
            "aws_vpc.tamotsu_vpc"
          ]
        }
      ]
    },
    {
      "mode": "managed",
      "type": "aws_route_table",
      "name": "public_route_table",
      "provider": "provider[\"registry.terraform.io/hashicorp/aws\"]",
      "instances": [
        {
          "schema_version": 0,
          "attributes": {
            "arn": "arn:aws:ec2:ap-northeast-1:332260094679:route-table/rtb-0ebdad01772cd63cb",
            "id": "rtb-0ebdad01772cd63cb",
            "owner_id": "332260094679",
            "propagating_vgws": [],
            "route": [
              {
                "carrier_gateway_id": "",
                "cidr_block": "0.0.0.0/0",
                "core_network_arn": "",
                "destination_prefix_list_id": "",
                "egress_only_gateway_id": "",
                "gateway_id": "igw-0b2ccd4d8090030d1",
                "ipv6_cidr_block": "",
                "local_gateway_id": "",
                "nat_gateway_id": "",
                "network_interface_id": "",
                "transit_gateway_id": "",
                "vpc_endpoint_id": "",
                "vpc_peering_connection_id": ""
              }
            ],
            "tags": {
              "Name": "tamotsu-public-route-table"
            },
            "tags_all": {
              "Name": "tamotsu-public-route-table"
            },
            "timeouts": null,
            "vpc_id": "vpc-0d06dc8bf003a54cd"
          },
          "sensitive_attributes": [],
          "private": "eyJlMmJmYjczMC1lY2FhLTExZTYtOGY4OC0zNDM2M2JjN2M0YzAiOnsiY3JlYXRlIjozMDAwMDAwMDAwMDAsImRlbGV0ZSI6MzAwMDAwMDAwMDAwLCJ1cGRhdGUiOjEyMDAwMDAwMDAwMH19",
          "dependencies": [
            "aws_internet_gateway.gw",
            "aws_vpc.tamotsu_vpc"
          ]
        }
      ]
    },
    {
      "mode": "managed",
      "type": "aws_route_table_association",
      "name": "private_route_assoc",
      "provider": "provider[\"registry.terraform.io/hashicorp/aws\"]",
      "instances": [
        {
          "schema_version": 0,
          "attributes": {
            "gateway_id": "",
            "id": "rtbassoc-0953ad5312cdd7057",
            "route_table_id": "rtb-02736dfed6975da3a",
            "subnet_id": "subnet-0713e2da0ebe9c248",
            "timeouts": null
          },
          "sensitive_attributes": [],
          "private": "eyJlMmJmYjczMC1lY2FhLTExZTYtOGY4OC0zNDM2M2JjN2M0YzAiOnsiY3JlYXRlIjozMDAwMDAwMDAwMDAsImRlbGV0ZSI6MzAwMDAwMDAwMDAwLCJ1cGRhdGUiOjEyMDAwMDAwMDAwMH19",
          "dependencies": [
            "aws_eip.nat_eip",
            "aws_nat_gateway.nat_gateway",
            "aws_route_table.private_route_table",
            "aws_subnet.private_subnet",
            "aws_subnet.public_subnet",
            "aws_vpc.tamotsu_vpc"
          ]
        }
      ]
    },
    {
      "mode": "managed",
      "type": "aws_route_table_association",
      "name": "public_subnet_association",
      "provider": "provider[\"registry.terraform.io/hashicorp/aws\"]",
      "instances": [
        {
          "schema_version": 0,
          "attributes": {
            "gateway_id": "",
            "id": "rtbassoc-0092022a0267be523",
            "route_table_id": "rtb-0ebdad01772cd63cb",
            "subnet_id": "subnet-02350e00d8b94cb3f",
            "timeouts": null
          },
          "sensitive_attributes": [],
          "private": "eyJlMmJmYjczMC1lY2FhLTExZTYtOGY4OC0zNDM2M2JjN2M0YzAiOnsiY3JlYXRlIjozMDAwMDAwMDAwMDAsImRlbGV0ZSI6MzAwMDAwMDAwMDAwLCJ1cGRhdGUiOjEyMDAwMDAwMDAwMH19",
          "dependencies": [
            "aws_internet_gateway.gw",
            "aws_route_table.public_route_table",
            "aws_subnet.public_subnet",
            "aws_vpc.tamotsu_vpc"
          ]
        }
      ]
    },
    {
      "mode": "managed",
      "type": "aws_s3_bucket",
      "name": "tamotsu_images",
      "provider": "provider[\"registry.terraform.io/hashicorp/aws\"]",
      "instances": [
        {
          "schema_version": 0,
          "attributes": {
            "acceleration_status": "",
            "acl": null,
            "arn": "arn:aws:s3:::tamotsu-images",
            "bucket": "tamotsu-images",
            "bucket_domain_name": "tamotsu-images.s3.amazonaws.com",
            "bucket_prefix": "",
            "bucket_regional_domain_name": "tamotsu-images.s3.ap-northeast-1.amazonaws.com",
            "cors_rule": [],
            "force_destroy": false,
            "grant": [
              {
                "id": "5c839b602066e182255046fe9ae090ac7ba17b6b0e87026cc3548fd42ff0ca4b",
                "permissions": [
                  "FULL_CONTROL"
                ],
                "type": "CanonicalUser",
                "uri": ""
              }
            ],
            "hosted_zone_id": "Z2M4EHUR26P7ZW",
            "id": "tamotsu-images",
            "lifecycle_rule": [],
            "logging": [],
            "object_lock_configuration": [],
            "object_lock_enabled": false,
            "policy": "",
            "region": "ap-northeast-1",
            "replication_configuration": [],
            "request_payer": "BucketOwner",
            "server_side_encryption_configuration": [
              {
                "rule": [
                  {
                    "apply_server_side_encryption_by_default": [
                      {
                        "kms_master_key_id": "",
                        "sse_algorithm": "AES256"
                      }
                    ],
                    "bucket_key_enabled": false
                  }
                ]
              }
            ],
            "tags": {},
            "tags_all": {},
            "timeouts": null,
            "versioning": [
              {
                "enabled": false,
                "mfa_delete": false
              }
            ],
            "website": [],
            "website_domain": null,
            "website_endpoint": null
          },
          "sensitive_attributes": [],
          "private": "eyJlMmJmYjczMC1lY2FhLTExZTYtOGY4OC0zNDM2M2JjN2M0YzAiOnsiY3JlYXRlIjoxMjAwMDAwMDAwMDAwLCJkZWxldGUiOjM2MDAwMDAwMDAwMDAsInJlYWQiOjEyMDAwMDAwMDAwMDAsInVwZGF0ZSI6MTIwMDAwMDAwMDAwMH19"
        }
      ]
    },
    {
      "mode": "managed",
      "type": "aws_s3_bucket",
      "name": "tamotsu_webapp",
      "provider": "provider[\"registry.terraform.io/hashicorp/aws\"]",
      "instances": [
        {
          "schema_version": 0,
          "attributes": {
            "acceleration_status": "",
            "acl": null,
            "arn": "arn:aws:s3:::tamotsu-webapp",
            "bucket": "tamotsu-webapp",
            "bucket_domain_name": "tamotsu-webapp.s3.amazonaws.com",
            "bucket_prefix": "",
            "bucket_regional_domain_name": "tamotsu-webapp.s3.ap-northeast-1.amazonaws.com",
            "cors_rule": [],
            "force_destroy": false,
            "grant": [
              {
                "id": "5c839b602066e182255046fe9ae090ac7ba17b6b0e87026cc3548fd42ff0ca4b",
                "permissions": [
                  "FULL_CONTROL"
                ],
                "type": "CanonicalUser",
                "uri": ""
              }
            ],
            "hosted_zone_id": "Z2M4EHUR26P7ZW",
            "id": "tamotsu-webapp",
            "lifecycle_rule": [],
            "logging": [],
            "object_lock_configuration": [],
            "object_lock_enabled": false,
            "policy": "",
            "region": "ap-northeast-1",
            "replication_configuration": [],
            "request_payer": "BucketOwner",
            "server_side_encryption_configuration": [
              {
                "rule": [
                  {
                    "apply_server_side_encryption_by_default": [
                      {
                        "kms_master_key_id": "",
                        "sse_algorithm": "AES256"
                      }
                    ],
                    "bucket_key_enabled": false
                  }
                ]
              }
            ],
            "tags": {},
            "tags_all": {},
            "timeouts": null,
            "versioning": [
              {
                "enabled": false,
                "mfa_delete": false
              }
            ],
            "website": [
              {
                "error_document": "index.html",
                "index_document": "index.html",
                "redirect_all_requests_to": "",
                "routing_rules": ""
              }
            ],
            "website_domain": "s3-website-ap-northeast-1.amazonaws.com",
            "website_endpoint": "tamotsu-webapp.s3-website-ap-northeast-1.amazonaws.com"
          },
          "sensitive_attributes": [],
          "private": "eyJlMmJmYjczMC1lY2FhLTExZTYtOGY4OC0zNDM2M2JjN2M0YzAiOnsiY3JlYXRlIjoxMjAwMDAwMDAwMDAwLCJkZWxldGUiOjM2MDAwMDAwMDAwMDAsInJlYWQiOjEyMDAwMDAwMDAwMDAsInVwZGF0ZSI6MTIwMDAwMDAwMDAwMH19"
        }
      ]
    },
    {
      "mode": "managed",
      "type": "aws_s3_bucket_cors_configuration",
      "name": "tamotsu_webapp",
      "provider": "provider[\"registry.terraform.io/hashicorp/aws\"]",
      "instances": [
        {
          "schema_version": 0,
          "attributes": {
            "bucket": "tamotsu-webapp",
            "cors_rule": [
              {
                "allowed_headers": [
                  "*"
                ],
                "allowed_methods": [
                  "GET",
                  "HEAD"
                ],
                "allowed_origins": [
                  "https://tamotsu-app.com"
                ],
                "expose_headers": [
                  "ETag"
                ],
                "id": "",
                "max_age_seconds": 3000
              }
            ],
            "expected_bucket_owner": "",
            "id": "tamotsu-webapp"
          },
          "sensitive_attributes": [],
          "private": "bnVsbA==",
          "dependencies": [
            "aws_s3_bucket.tamotsu_webapp"
          ]
        }
      ]
    },
    {
      "mode": "managed",
      "type": "aws_s3_bucket_website_configuration",
      "name": "tamotsu_webapp",
      "provider": "provider[\"registry.terraform.io/hashicorp/aws\"]",
      "instances": [
        {
          "schema_version": 0,
          "attributes": {
            "bucket": "tamotsu-webapp",
            "error_document": [
              {
                "key": "index.html"
              }
            ],
            "expected_bucket_owner": "",
            "id": "tamotsu-webapp",
            "index_document": [
              {
                "suffix": "index.html"
              }
            ],
            "redirect_all_requests_to": [],
            "routing_rule": [],
            "routing_rules": "",
            "website_domain": "s3-website-ap-northeast-1.amazonaws.com",
            "website_endpoint": "tamotsu-webapp.s3-website-ap-northeast-1.amazonaws.com"
          },
          "sensitive_attributes": [],
          "private": "bnVsbA==",
          "dependencies": [
            "aws_s3_bucket.tamotsu_webapp"
          ]
        }
      ]
    },
    {
      "mode": "managed",
      "type": "aws_security_group",
      "name": "lambda_sg",
      "provider": "provider[\"registry.terraform.io/hashicorp/aws\"]",
      "instances": [
        {
          "schema_version": 1,
          "attributes": {
            "arn": "arn:aws:ec2:ap-northeast-1:332260094679:security-group/sg-022b56cb1286bf30e",
            "description": "Security group for Lambda function",
            "egress": [
              {
                "cidr_blocks": [
                  "0.0.0.0/0"
                ],
                "description": "",
                "from_port": 0,
                "ipv6_cidr_blocks": [],
                "prefix_list_ids": [],
                "protocol": "-1",
                "security_groups": [],
                "self": false,
                "to_port": 0
              }
            ],
            "id": "sg-022b56cb1286bf30e",
            "ingress": [
              {
                "cidr_blocks": [
                  "0.0.0.0/0"
                ],
                "description": "",
                "from_port": 80,
                "ipv6_cidr_blocks": [],
                "prefix_list_ids": [],
                "protocol": "tcp",
                "security_groups": [],
                "self": false,
                "to_port": 80
              },
              {
                "cidr_blocks": [
                  "14.10.63.225/32"
                ],
                "description": "",
                "from_port": 22,
                "ipv6_cidr_blocks": [],
                "prefix_list_ids": [],
                "protocol": "tcp",
                "security_groups": [],
                "self": false,
                "to_port": 22
              }
            ],
            "name": "tamotsu-lambda-sg",
            "name_prefix": "",
            "owner_id": "332260094679",
            "revoke_rules_on_delete": false,
            "tags": {},
            "tags_all": {},
            "timeouts": null,
            "vpc_id": "vpc-0d06dc8bf003a54cd"
          },
          "sensitive_attributes": [],
          "private": "eyJlMmJmYjczMC1lY2FhLTExZTYtOGY4OC0zNDM2M2JjN2M0YzAiOnsiY3JlYXRlIjo2MDAwMDAwMDAwMDAsImRlbGV0ZSI6OTAwMDAwMDAwMDAwfSwic2NoZW1hX3ZlcnNpb24iOiIxIn0=",
          "dependencies": [
            "aws_vpc.tamotsu_vpc"
          ]
        }
      ]
    },
    {
      "mode": "managed",
      "type": "aws_ses_configuration_set",
      "name": "tamotsu_config",
      "provider": "provider[\"registry.terraform.io/hashicorp/aws\"]",
      "instances": [
        {
          "schema_version": 0,
          "attributes": {
            "arn": "arn:aws:ses:ap-northeast-1:332260094679:configuration-set/tamotsu-config-set",
            "delivery_options": [],
            "id": "tamotsu-config-set",
            "last_fresh_start": "0001-01-01T00:00:00Z",
            "name": "tamotsu-config-set",
            "reputation_metrics_enabled": false,
            "sending_enabled": true,
            "tracking_options": []
          },
          "sensitive_attributes": [],
          "private": "bnVsbA=="
        }
      ]
    },
    {
      "mode": "managed",
      "type": "aws_subnet",
      "name": "private_subnet",
      "provider": "provider[\"registry.terraform.io/hashicorp/aws\"]",
      "instances": [
        {
          "schema_version": 1,
          "attributes": {
            "arn": "arn:aws:ec2:ap-northeast-1:332260094679:subnet/subnet-0713e2da0ebe9c248",
            "assign_ipv6_address_on_creation": false,
            "availability_zone": "ap-northeast-1a",
            "availability_zone_id": "apne1-az4",
            "cidr_block": "10.0.2.0/24",
            "customer_owned_ipv4_pool": "",
            "enable_dns64": false,
            "enable_lni_at_device_index": 0,
            "enable_resource_name_dns_a_record_on_launch": false,
            "enable_resource_name_dns_aaaa_record_on_launch": false,
            "id": "subnet-0713e2da0ebe9c248",
            "ipv6_cidr_block": "",
            "ipv6_cidr_block_association_id": "",
            "ipv6_native": false,
            "map_customer_owned_ip_on_launch": false,
            "map_public_ip_on_launch": false,
            "outpost_arn": "",
            "owner_id": "332260094679",
            "private_dns_hostname_type_on_launch": "ip-name",
            "tags": {
              "Name": "tamotsu-private-subnet"
            },
            "tags_all": {
              "Name": "tamotsu-private-subnet"
            },
            "timeouts": null,
            "vpc_id": "vpc-0d06dc8bf003a54cd"
          },
          "sensitive_attributes": [],
          "private": "eyJlMmJmYjczMC1lY2FhLTExZTYtOGY4OC0zNDM2M2JjN2M0YzAiOnsiY3JlYXRlIjo2MDAwMDAwMDAwMDAsImRlbGV0ZSI6MTIwMDAwMDAwMDAwMH0sInNjaGVtYV92ZXJzaW9uIjoiMSJ9",
          "dependencies": [
            "aws_vpc.tamotsu_vpc"
          ]
        }
      ]
    },
    {
      "mode": "managed",
      "type": "aws_subnet",
      "name": "public_subnet",
      "provider": "provider[\"registry.terraform.io/hashicorp/aws\"]",
      "instances": [
        {
          "schema_version": 1,
          "attributes": {
            "arn": "arn:aws:ec2:ap-northeast-1:332260094679:subnet/subnet-02350e00d8b94cb3f",
            "assign_ipv6_address_on_creation": false,
            "availability_zone": "ap-northeast-1a",
            "availability_zone_id": "apne1-az4",
            "cidr_block": "10.0.1.0/24",
            "customer_owned_ipv4_pool": "",
            "enable_dns64": false,
            "enable_lni_at_device_index": 0,
            "enable_resource_name_dns_a_record_on_launch": false,
            "enable_resource_name_dns_aaaa_record_on_launch": false,
            "id": "subnet-02350e00d8b94cb3f",
            "ipv6_cidr_block": "",
            "ipv6_cidr_block_association_id": "",
            "ipv6_native": false,
            "map_customer_owned_ip_on_launch": false,
            "map_public_ip_on_launch": false,
            "outpost_arn": "",
            "owner_id": "332260094679",
            "private_dns_hostname_type_on_launch": "ip-name",
            "tags": {
              "Name": "tamotsu-public-subnet"
            },
            "tags_all": {
              "Name": "tamotsu-public-subnet"
            },
            "timeouts": null,
            "vpc_id": "vpc-0d06dc8bf003a54cd"
          },
          "sensitive_attributes": [],
          "private": "eyJlMmJmYjczMC1lY2FhLTExZTYtOGY4OC0zNDM2M2JjN2M0YzAiOnsiY3JlYXRlIjo2MDAwMDAwMDAwMDAsImRlbGV0ZSI6MTIwMDAwMDAwMDAwMH0sInNjaGVtYV92ZXJzaW9uIjoiMSJ9",
          "dependencies": [
            "aws_vpc.tamotsu_vpc"
          ]
        }
      ]
    },
    {
      "mode": "managed",
      "type": "aws_vpc",
      "name": "tamotsu_vpc",
      "provider": "provider[\"registry.terraform.io/hashicorp/aws\"]",
      "instances": [
        {
          "schema_version": 1,
          "attributes": {
            "arn": "arn:aws:ec2:ap-northeast-1:332260094679:vpc/vpc-0d06dc8bf003a54cd",
            "assign_generated_ipv6_cidr_block": false,
            "cidr_block": "10.0.0.0/16",
            "default_network_acl_id": "acl-0ca90443fc3883e33",
            "default_route_table_id": "rtb-022b992b77c62719c",
            "default_security_group_id": "sg-01021f7279e31bb72",
            "dhcp_options_id": "dopt-03fc14f3f531966ad",
            "enable_dns_hostnames": false,
            "enable_dns_support": true,
            "enable_network_address_usage_metrics": false,
            "id": "vpc-0d06dc8bf003a54cd",
            "instance_tenancy": "default",
            "ipv4_ipam_pool_id": null,
            "ipv4_netmask_length": null,
            "ipv6_association_id": "",
            "ipv6_cidr_block": "",
            "ipv6_cidr_block_network_border_group": "",
            "ipv6_ipam_pool_id": "",
            "ipv6_netmask_length": 0,
            "main_route_table_id": "rtb-022b992b77c62719c",
            "owner_id": "332260094679",
            "tags": {
              "Name": "tamotsu-vpc"
            },
            "tags_all": {
              "Name": "tamotsu-vpc"
            }
          },
          "sensitive_attributes": [],
          "private": "eyJzY2hlbWFfdmVyc2lvbiI6IjEifQ=="
        }
      ]
    },
    {
      "module": "module.lambda_functions[\"login\"]",
      "mode": "managed",
      "type": "aws_lambda_function",
      "name": "function",
      "provider": "provider[\"registry.terraform.io/hashicorp/aws\"]",
      "instances": [
        {
          "schema_version": 0,
          "attributes": {
            "architectures": [
              "x86_64"
            ],
            "arn": "arn:aws:lambda:ap-northeast-1:332260094679:function:tamotsu-login-function",
            "code_sha256": "TLF72yeH9DWcncqHDJ7o4OcEi2q/Nz2Sp+o9lcyfW6c=",
            "code_signing_config_arn": "",
            "dead_letter_config": [],
            "description": "",
            "environment": [
              {
                "variables": {
                  "COGNITO_USER_POOL_CLIENT_ID": "1c4av4vfhg4li1bttfjte9l3tt"
                }
              }
            ],
            "ephemeral_storage": [
              {
                "size": 512
              }
            ],
            "file_system_config": [],
            "filename": "../api/auth/login/login.zip",
            "function_name": "tamotsu-login-function",
            "handler": "login.handler",
            "id": "tamotsu-login-function",
            "image_config": [],
            "image_uri": "",
            "invoke_arn": "arn:aws:apigateway:ap-northeast-1:lambda:path/2015-03-31/functions/arn:aws:lambda:ap-northeast-1:332260094679:function:tamotsu-login-function/invocations",
            "kms_key_arn": "",
            "last_modified": "2024-07-27T08:22:57.169+0000",
            "layers": [
              "arn:aws:lambda:ap-northeast-1:332260094679:layer:aws-sdk-layer:1"
            ],
            "logging_config": [
              {
                "application_log_level": "",
                "log_format": "Text",
                "log_group": "/aws/lambda/tamotsu-login-function",
                "system_log_level": ""
              }
            ],
            "memory_size": 128,
            "package_type": "Zip",
            "publish": false,
            "qualified_arn": "arn:aws:lambda:ap-northeast-1:332260094679:function:tamotsu-login-function:$LATEST",
            "qualified_invoke_arn": "arn:aws:apigateway:ap-northeast-1:lambda:path/2015-03-31/functions/arn:aws:lambda:ap-northeast-1:332260094679:function:tamotsu-login-function:$LATEST/invocations",
            "replace_security_groups_on_destroy": null,
            "replacement_security_group_ids": null,
            "reserved_concurrent_executions": -1,
            "role": "arn:aws:iam::332260094679:role/tamotsu-lambda-role",
            "runtime": "nodejs20.x",
            "s3_bucket": null,
            "s3_key": null,
            "s3_object_version": null,
            "signing_job_arn": "",
            "signing_profile_version_arn": "",
            "skip_destroy": false,
            "snap_start": [],
            "source_code_hash": "",
            "source_code_size": 1075,
            "tags": {},
            "tags_all": {},
            "timeout": 30,
            "timeouts": null,
            "tracing_config": [
              {
                "mode": "PassThrough"
              }
            ],
            "version": "$LATEST",
            "vpc_config": [
              {
                "ipv6_allowed_for_dual_stack": false,
                "security_group_ids": [
                  "sg-022b56cb1286bf30e"
                ],
                "subnet_ids": [
                  "subnet-0713e2da0ebe9c248"
                ],
                "vpc_id": "vpc-0d06dc8bf003a54cd"
              }
            ]
          },
          "sensitive_attributes": [],
          "private": "eyJlMmJmYjczMC1lY2FhLTExZTYtOGY4OC0zNDM2M2JjN2M0YzAiOnsiY3JlYXRlIjo2MDAwMDAwMDAwMDAsImRlbGV0ZSI6NjAwMDAwMDAwMDAwLCJ1cGRhdGUiOjYwMDAwMDAwMDAwMH19",
          "dependencies": [
            "aws_api_gateway_resource.auth_resource",
            "aws_api_gateway_rest_api.tamotsu_api",
            "aws_cognito_user_pool.tamotsu_user_pool",
            "aws_cognito_user_pool_client.client",
            "aws_iam_role.lambda_role",
            "aws_security_group.lambda_sg",
            "aws_subnet.private_subnet",
            "aws_vpc.tamotsu_vpc",
            "data.aws_lambda_layer_version.aws_sdk_layer",
            "data.aws_ses_domain_identity.tamotsu_domain"
          ]
        }
      ]
    },
    {
      "module": "module.lambda_functions[\"register\"]",
      "mode": "managed",
      "type": "aws_lambda_function",
      "name": "function",
      "provider": "provider[\"registry.terraform.io/hashicorp/aws\"]",
      "instances": [
        {
          "schema_version": 0,
          "attributes": {
            "architectures": [
              "x86_64"
            ],
            "arn": "arn:aws:lambda:ap-northeast-1:332260094679:function:tamotsu-register-function",
            "code_sha256": "8bCk+2QM//wExOPz7k/XYm2pMxP9L5zW7jN0vjTBs+A=",
            "code_signing_config_arn": "",
            "dead_letter_config": [],
            "description": "",
            "environment": [
              {
                "variables": {
                  "COGNITO_USER_POOL_CLIENT_ID": "1c4av4vfhg4li1bttfjte9l3tt",
                  "FROM_EMAIL_ADDRESS": "no-reply@tamotsu-app.com"
                }
              }
            ],
            "ephemeral_storage": [
              {
                "size": 512
              }
            ],
            "file_system_config": [],
            "filename": "../api/auth/register/register.zip",
            "function_name": "tamotsu-register-function",
            "handler": "register.handler",
            "id": "tamotsu-register-function",
            "image_config": [],
            "image_uri": "",
            "invoke_arn": "arn:aws:apigateway:ap-northeast-1:lambda:path/2015-03-31/functions/arn:aws:lambda:ap-northeast-1:332260094679:function:tamotsu-register-function/invocations",
            "kms_key_arn": "",
            "last_modified": "2024-07-27T08:22:57.169+0000",
            "layers": [
              "arn:aws:lambda:ap-northeast-1:332260094679:layer:aws-sdk-layer:1"
            ],
            "logging_config": [
              {
                "application_log_level": "",
                "log_format": "Text",
                "log_group": "/aws/lambda/tamotsu-register-function",
                "system_log_level": ""
              }
            ],
            "memory_size": 128,
            "package_type": "Zip",
            "publish": false,
            "qualified_arn": "arn:aws:lambda:ap-northeast-1:332260094679:function:tamotsu-register-function:$LATEST",
            "qualified_invoke_arn": "arn:aws:apigateway:ap-northeast-1:lambda:path/2015-03-31/functions/arn:aws:lambda:ap-northeast-1:332260094679:function:tamotsu-register-function:$LATEST/invocations",
            "replace_security_groups_on_destroy": null,
            "replacement_security_group_ids": null,
            "reserved_concurrent_executions": -1,
            "role": "arn:aws:iam::332260094679:role/tamotsu-lambda-role",
            "runtime": "nodejs20.x",
            "s3_bucket": null,
            "s3_key": null,
            "s3_object_version": null,
            "signing_job_arn": "",
            "signing_profile_version_arn": "",
            "skip_destroy": false,
            "snap_start": [],
            "source_code_hash": "",
            "source_code_size": 1160,
            "tags": {},
            "tags_all": {},
            "timeout": 30,
            "timeouts": null,
            "tracing_config": [
              {
                "mode": "PassThrough"
              }
            ],
            "version": "$LATEST",
            "vpc_config": [
              {
                "ipv6_allowed_for_dual_stack": false,
                "security_group_ids": [
                  "sg-022b56cb1286bf30e"
                ],
                "subnet_ids": [
                  "subnet-0713e2da0ebe9c248"
                ],
                "vpc_id": "vpc-0d06dc8bf003a54cd"
              }
            ]
          },
          "sensitive_attributes": [],
          "private": "eyJlMmJmYjczMC1lY2FhLTExZTYtOGY4OC0zNDM2M2JjN2M0YzAiOnsiY3JlYXRlIjo2MDAwMDAwMDAwMDAsImRlbGV0ZSI6NjAwMDAwMDAwMDAwLCJ1cGRhdGUiOjYwMDAwMDAwMDAwMH19",
          "dependencies": [
            "aws_api_gateway_resource.auth_resource",
            "aws_api_gateway_rest_api.tamotsu_api",
            "aws_cognito_user_pool.tamotsu_user_pool",
            "aws_cognito_user_pool_client.client",
            "aws_iam_role.lambda_role",
            "aws_security_group.lambda_sg",
            "aws_subnet.private_subnet",
            "aws_vpc.tamotsu_vpc",
            "data.aws_lambda_layer_version.aws_sdk_layer",
            "data.aws_ses_domain_identity.tamotsu_domain"
          ]
        }
      ]
    },
    {
      "module": "module.lambda_functions[\"verify-email\"]",
      "mode": "managed",
      "type": "aws_lambda_function",
      "name": "function",
      "provider": "provider[\"registry.terraform.io/hashicorp/aws\"]",
      "instances": [
        {
          "schema_version": 0,
          "attributes": {
            "architectures": [
              "x86_64"
            ],
            "arn": "arn:aws:lambda:ap-northeast-1:332260094679:function:tamotsu-verify-email-function",
            "code_sha256": "1phvrKZnB7+KvtfkoY31oMqh48nkCwnpG0IpNtuT120=",
            "code_signing_config_arn": "",
            "dead_letter_config": [],
            "description": "",
            "environment": [
              {
                "variables": {
                  "COGNITO_USER_POOL_ID": "ap-northeast-1_HVI9QDYOK"
                }
              }
            ],
            "ephemeral_storage": [
              {
                "size": 512
              }
            ],
            "file_system_config": [],
            "filename": "../api/auth/verify-email/verify-email.zip",
            "function_name": "tamotsu-verify-email-function",
            "handler": "verify-email.handler",
            "id": "tamotsu-verify-email-function",
            "image_config": [],
            "image_uri": "",
            "invoke_arn": "arn:aws:apigateway:ap-northeast-1:lambda:path/2015-03-31/functions/arn:aws:lambda:ap-northeast-1:332260094679:function:tamotsu-verify-email-function/invocations",
            "kms_key_arn": "",
            "last_modified": "2024-07-27T08:22:57.169+0000",
            "layers": [
              "arn:aws:lambda:ap-northeast-1:332260094679:layer:aws-sdk-layer:1"
            ],
            "logging_config": [
              {
                "application_log_level": "",
                "log_format": "Text",
                "log_group": "/aws/lambda/tamotsu-verify-email-function",
                "system_log_level": ""
              }
            ],
            "memory_size": 128,
            "package_type": "Zip",
            "publish": false,
            "qualified_arn": "arn:aws:lambda:ap-northeast-1:332260094679:function:tamotsu-verify-email-function:$LATEST",
            "qualified_invoke_arn": "arn:aws:apigateway:ap-northeast-1:lambda:path/2015-03-31/functions/arn:aws:lambda:ap-northeast-1:332260094679:function:tamotsu-verify-email-function:$LATEST/invocations",
            "replace_security_groups_on_destroy": null,
            "replacement_security_group_ids": null,
            "reserved_concurrent_executions": -1,
            "role": "arn:aws:iam::332260094679:role/tamotsu-lambda-role",
            "runtime": "nodejs20.x",
            "s3_bucket": null,
            "s3_key": null,
            "s3_object_version": null,
            "signing_job_arn": "",
            "signing_profile_version_arn": "",
            "skip_destroy": false,
            "snap_start": [],
            "source_code_hash": "",
            "source_code_size": 1254,
            "tags": {},
            "tags_all": {},
            "timeout": 30,
            "timeouts": null,
            "tracing_config": [
              {
                "mode": "PassThrough"
              }
            ],
            "version": "$LATEST",
            "vpc_config": [
              {
                "ipv6_allowed_for_dual_stack": false,
                "security_group_ids": [
                  "sg-022b56cb1286bf30e"
                ],
                "subnet_ids": [
                  "subnet-0713e2da0ebe9c248"
                ],
                "vpc_id": "vpc-0d06dc8bf003a54cd"
              }
            ]
          },
          "sensitive_attributes": [],
          "private": "eyJlMmJmYjczMC1lY2FhLTExZTYtOGY4OC0zNDM2M2JjN2M0YzAiOnsiY3JlYXRlIjo2MDAwMDAwMDAwMDAsImRlbGV0ZSI6NjAwMDAwMDAwMDAwLCJ1cGRhdGUiOjYwMDAwMDAwMDAwMH19",
          "dependencies": [
            "aws_api_gateway_resource.auth_resource",
            "aws_api_gateway_rest_api.tamotsu_api",
            "aws_cognito_user_pool.tamotsu_user_pool",
            "aws_cognito_user_pool_client.client",
            "aws_iam_role.lambda_role",
            "aws_security_group.lambda_sg",
            "aws_subnet.private_subnet",
            "aws_vpc.tamotsu_vpc",
            "data.aws_lambda_layer_version.aws_sdk_layer",
            "data.aws_ses_domain_identity.tamotsu_domain"
          ]
        }
      ]
    }
  ],
  "check_results": null
}
