{
  "version": 4,
  "terraform_version": "1.9.2",
  "serial": 401,
  "lineage": "ea6820db-e2e2-5ed0-84df-08bfeca4ad9e",
  "outputs": {},
  "resources": [
    {
      "mode": "data",
      "type": "aws_lambda_layer_version",
      "name": "aws_sdk_layer",
      "provider": "provider[\"registry.terraform.io/hashicorp/aws\"]",
      "instances": [
        {
          "schema_version": 0,
          "attributes": {
            "arn": "arn:aws:lambda:ap-northeast-3:332260094679:layer:aws-sdk-layer:4",
            "code_sha256": "fozD1mUfKXjzlZioIGb8CCPEM1fb9RtkWQRO1RwV5mo=",
            "compatible_architecture": null,
            "compatible_architectures": [],
            "compatible_runtime": null,
            "compatible_runtimes": [
              "nodejs16.x",
              "nodejs18.x",
              "nodejs20.x"
            ],
            "created_date": "2024-07-18T09:38:24.739+0000",
            "description": "",
            "id": "arn:aws:lambda:ap-northeast-3:332260094679:layer:aws-sdk-layer:4",
            "layer_arn": "arn:aws:lambda:ap-northeast-3:332260094679:layer:aws-sdk-layer",
            "layer_name": "aws-sdk-layer",
            "license_info": "",
            "signing_job_arn": "",
            "signing_profile_version_arn": "",
            "source_code_hash": "fozD1mUfKXjzlZioIGb8CCPEM1fb9RtkWQRO1RwV5mo=",
            "source_code_size": 14591621,
            "version": 4
          },
          "sensitive_attributes": []
        }
      ]
    },
    {
      "mode": "managed",
      "type": "aws_api_gateway_base_path_mapping",
      "name": "tamotsu_app",
      "provider": "provider[\"registry.terraform.io/hashicorp/aws\"]",
      "instances": [
        {
          "schema_version": 0,
          "attributes": {
            "api_id": "2tvlcgzy7d",
            "base_path": "",
            "domain_name": "tamotsu-app.com",
            "id": "tamotsu-app.com/",
            "stage_name": "dev"
          },
          "sensitive_attributes": [],
          "private": "bnVsbA==",
          "dependencies": [
            "aws_api_gateway_deployment.tamotsu_deployment",
            "aws_api_gateway_integration.login_integration",
            "aws_api_gateway_integration.register_integration",
            "aws_api_gateway_method.login_post",
            "aws_api_gateway_method.register_post",
            "aws_api_gateway_resource.api_resource",
            "aws_api_gateway_resource.login",
            "aws_api_gateway_resource.register",
            "aws_api_gateway_rest_api.tamotsu_api",
            "aws_api_gateway_stage.tamotsu_stage",
            "aws_cognito_user_pool.tamotsu_user_pool",
            "aws_cognito_user_pool_client.client",
            "aws_iam_role.lambda_role",
            "aws_lambda_function.login_function",
            "aws_lambda_function.register_function",
            "aws_security_group.lambda_sg",
            "aws_subnet.public_subnet",
            "aws_vpc.tamotsu_vpc",
            "data.aws_lambda_layer_version.aws_sdk_layer"
          ]
        }
      ]
    },
    {
      "mode": "managed",
      "type": "aws_api_gateway_deployment",
      "name": "tamotsu_deployment",
      "provider": "provider[\"registry.terraform.io/hashicorp/aws\"]",
      "instances": [
        {
          "schema_version": 0,
          "attributes": {
            "canary_settings": [],
            "created_date": "2024-07-19T16:53:55Z",
            "description": "",
            "execution_arn": "arn:aws:execute-api:ap-northeast-3:332260094679:2tvlcgzy7d/dev",
            "id": "s216p9",
            "invoke_url": "https://2tvlcgzy7d.execute-api.ap-northeast-3.amazonaws.com/dev",
            "rest_api_id": "2tvlcgzy7d",
            "stage_description": null,
            "stage_name": "dev",
            "triggers": null,
            "variables": null
          },
          "sensitive_attributes": [],
          "private": "bnVsbA==",
          "dependencies": [
            "aws_api_gateway_integration.login_integration",
            "aws_api_gateway_integration.register_integration",
            "aws_api_gateway_method.login_post",
            "aws_api_gateway_method.register_post",
            "aws_api_gateway_resource.api_resource",
            "aws_api_gateway_resource.login",
            "aws_api_gateway_resource.register",
            "aws_api_gateway_rest_api.tamotsu_api",
            "aws_cognito_user_pool.tamotsu_user_pool",
            "aws_cognito_user_pool_client.client",
            "aws_iam_role.lambda_role",
            "aws_lambda_function.login_function",
            "aws_lambda_function.register_function",
            "aws_security_group.lambda_sg",
            "aws_subnet.public_subnet",
            "aws_vpc.tamotsu_vpc",
            "data.aws_lambda_layer_version.aws_sdk_layer"
          ]
        }
      ]
    },
    {
      "mode": "managed",
      "type": "aws_api_gateway_integration",
      "name": "login_integration",
      "provider": "provider[\"registry.terraform.io/hashicorp/aws\"]",
      "instances": [
        {
          "schema_version": 0,
          "attributes": {
            "cache_key_parameters": [],
            "cache_namespace": "brgk32",
            "connection_id": "",
            "connection_type": "INTERNET",
            "content_handling": "",
            "credentials": "",
            "http_method": "POST",
            "id": "agi-2tvlcgzy7d-brgk32-POST",
            "integration_http_method": "POST",
            "passthrough_behavior": "WHEN_NO_MATCH",
            "request_parameters": {},
            "request_templates": {},
            "resource_id": "brgk32",
            "rest_api_id": "2tvlcgzy7d",
            "timeout_milliseconds": 29000,
            "tls_config": [],
            "type": "AWS_PROXY",
            "uri": "arn:aws:apigateway:ap-northeast-3:lambda:path/2015-03-31/functions/arn:aws:lambda:ap-northeast-3:332260094679:function:tamotsu-login-function/invocations"
          },
          "sensitive_attributes": [],
          "private": "bnVsbA==",
          "dependencies": [
            "aws_api_gateway_method.login_post",
            "aws_api_gateway_resource.api_resource",
            "aws_api_gateway_resource.login",
            "aws_api_gateway_rest_api.tamotsu_api",
            "aws_cognito_user_pool.tamotsu_user_pool",
            "aws_cognito_user_pool_client.client",
            "aws_iam_role.lambda_role",
            "aws_lambda_function.login_function",
            "aws_security_group.lambda_sg",
            "aws_subnet.public_subnet",
            "aws_vpc.tamotsu_vpc",
            "data.aws_lambda_layer_version.aws_sdk_layer"
          ]
        }
      ]
    },
    {
      "mode": "managed",
      "type": "aws_api_gateway_integration",
      "name": "register_integration",
      "provider": "provider[\"registry.terraform.io/hashicorp/aws\"]",
      "instances": [
        {
          "schema_version": 0,
          "attributes": {
            "cache_key_parameters": [],
            "cache_namespace": "m03wo6",
            "connection_id": "",
            "connection_type": "INTERNET",
            "content_handling": "",
            "credentials": "",
            "http_method": "POST",
            "id": "agi-2tvlcgzy7d-m03wo6-POST",
            "integration_http_method": "POST",
            "passthrough_behavior": "WHEN_NO_MATCH",
            "request_parameters": {},
            "request_templates": {},
            "resource_id": "m03wo6",
            "rest_api_id": "2tvlcgzy7d",
            "timeout_milliseconds": 29000,
            "tls_config": [],
            "type": "AWS_PROXY",
            "uri": "arn:aws:apigateway:ap-northeast-3:lambda:path/2015-03-31/functions/arn:aws:lambda:ap-northeast-3:332260094679:function:tamotsu-register-function/invocations"
          },
          "sensitive_attributes": [],
          "private": "bnVsbA==",
          "dependencies": [
            "aws_api_gateway_method.register_post",
            "aws_api_gateway_resource.api_resource",
            "aws_api_gateway_resource.register",
            "aws_api_gateway_rest_api.tamotsu_api",
            "aws_cognito_user_pool.tamotsu_user_pool",
            "aws_cognito_user_pool_client.client",
            "aws_iam_role.lambda_role",
            "aws_lambda_function.register_function",
            "aws_security_group.lambda_sg",
            "aws_subnet.public_subnet",
            "aws_vpc.tamotsu_vpc",
            "data.aws_lambda_layer_version.aws_sdk_layer"
          ]
        }
      ]
    },
    {
      "mode": "managed",
      "type": "aws_api_gateway_method",
      "name": "login_post",
      "provider": "provider[\"registry.terraform.io/hashicorp/aws\"]",
      "instances": [
        {
          "schema_version": 0,
          "attributes": {
            "api_key_required": false,
            "authorization": "NONE",
            "authorization_scopes": [],
            "authorizer_id": "",
            "http_method": "POST",
            "id": "agm-2tvlcgzy7d-brgk32-POST",
            "operation_name": "",
            "request_models": {},
            "request_parameters": {},
            "request_validator_id": "",
            "resource_id": "brgk32",
            "rest_api_id": "2tvlcgzy7d"
          },
          "sensitive_attributes": [],
          "private": "bnVsbA==",
          "dependencies": [
            "aws_api_gateway_resource.api_resource",
            "aws_api_gateway_resource.login",
            "aws_api_gateway_rest_api.tamotsu_api"
          ]
        }
      ]
    },
    {
      "mode": "managed",
      "type": "aws_api_gateway_method",
      "name": "register_post",
      "provider": "provider[\"registry.terraform.io/hashicorp/aws\"]",
      "instances": [
        {
          "schema_version": 0,
          "attributes": {
            "api_key_required": false,
            "authorization": "NONE",
            "authorization_scopes": [],
            "authorizer_id": "",
            "http_method": "POST",
            "id": "agm-2tvlcgzy7d-m03wo6-POST",
            "operation_name": "",
            "request_models": {},
            "request_parameters": {},
            "request_validator_id": "",
            "resource_id": "m03wo6",
            "rest_api_id": "2tvlcgzy7d"
          },
          "sensitive_attributes": [],
          "private": "bnVsbA==",
          "dependencies": [
            "aws_api_gateway_resource.api_resource",
            "aws_api_gateway_resource.register",
            "aws_api_gateway_rest_api.tamotsu_api"
          ]
        }
      ]
    },
    {
      "mode": "managed",
      "type": "aws_api_gateway_resource",
      "name": "api_resource",
      "provider": "provider[\"registry.terraform.io/hashicorp/aws\"]",
      "instances": [
        {
          "schema_version": 0,
          "attributes": {
            "id": "73mdci",
            "parent_id": "3lrz4cv3h8",
            "path": "/api",
            "path_part": "api",
            "rest_api_id": "2tvlcgzy7d"
          },
          "sensitive_attributes": [],
          "private": "bnVsbA==",
          "dependencies": [
            "aws_api_gateway_rest_api.tamotsu_api"
          ]
        }
      ]
    },
    {
      "mode": "managed",
      "type": "aws_api_gateway_resource",
      "name": "login",
      "provider": "provider[\"registry.terraform.io/hashicorp/aws\"]",
      "instances": [
        {
          "schema_version": 0,
          "attributes": {
            "id": "brgk32",
            "parent_id": "73mdci",
            "path": "/api/login",
            "path_part": "login",
            "rest_api_id": "2tvlcgzy7d"
          },
          "sensitive_attributes": [],
          "private": "bnVsbA==",
          "dependencies": [
            "aws_api_gateway_resource.api_resource",
            "aws_api_gateway_rest_api.tamotsu_api"
          ]
        }
      ]
    },
    {
      "mode": "managed",
      "type": "aws_api_gateway_resource",
      "name": "register",
      "provider": "provider[\"registry.terraform.io/hashicorp/aws\"]",
      "instances": [
        {
          "schema_version": 0,
          "attributes": {
            "id": "m03wo6",
            "parent_id": "73mdci",
            "path": "/api/register",
            "path_part": "register",
            "rest_api_id": "2tvlcgzy7d"
          },
          "sensitive_attributes": [],
          "private": "bnVsbA==",
          "dependencies": [
            "aws_api_gateway_resource.api_resource",
            "aws_api_gateway_rest_api.tamotsu_api"
          ]
        }
      ]
    },
    {
      "mode": "managed",
      "type": "aws_api_gateway_rest_api",
      "name": "tamotsu_api",
      "provider": "provider[\"registry.terraform.io/hashicorp/aws\"]",
      "instances": [
        {
          "schema_version": 0,
          "attributes": {
            "api_key_source": "HEADER",
            "arn": "arn:aws:apigateway:ap-northeast-3::/restapis/2tvlcgzy7d",
            "binary_media_types": [],
            "body": null,
            "created_date": "2024-07-19T16:53:55Z",
            "description": "API Gateway for TAMOTSU",
            "disable_execute_api_endpoint": false,
            "endpoint_configuration": [
              {
                "types": [
                  "EDGE"
                ],
                "vpc_endpoint_ids": []
              }
            ],
            "execution_arn": "arn:aws:execute-api:ap-northeast-3:332260094679:2tvlcgzy7d",
            "fail_on_warnings": null,
            "id": "2tvlcgzy7d",
            "minimum_compression_size": "",
            "name": "tamotsu-api",
            "parameters": null,
            "policy": "",
            "put_rest_api_mode": null,
            "root_resource_id": "3lrz4cv3h8",
            "tags": {},
            "tags_all": {}
          },
          "sensitive_attributes": [],
          "private": "bnVsbA=="
        }
      ]
    },
    {
      "mode": "managed",
      "type": "aws_api_gateway_stage",
      "name": "tamotsu_stage",
      "provider": "provider[\"registry.terraform.io/hashicorp/aws\"]",
      "instances": [
        {
          "schema_version": 0,
          "attributes": {
            "access_log_settings": [],
            "arn": "arn:aws:apigateway:ap-northeast-3::/restapis/2tvlcgzy7d/stages/dev",
            "cache_cluster_enabled": false,
            "cache_cluster_size": "",
            "canary_settings": [],
            "client_certificate_id": "",
            "deployment_id": "s216p9",
            "description": "",
            "documentation_version": "",
            "execution_arn": "arn:aws:execute-api:ap-northeast-3:332260094679:2tvlcgzy7d/dev",
            "id": "ags-2tvlcgzy7d-dev",
            "invoke_url": "https://2tvlcgzy7d.execute-api.ap-northeast-3.amazonaws.com/dev",
            "rest_api_id": "2tvlcgzy7d",
            "stage_name": "dev",
            "tags": null,
            "tags_all": {},
            "variables": null,
            "web_acl_arn": "",
            "xray_tracing_enabled": false
          },
          "sensitive_attributes": [],
          "private": "bnVsbA==",
          "dependencies": [
            "aws_api_gateway_deployment.tamotsu_deployment",
            "aws_api_gateway_integration.login_integration",
            "aws_api_gateway_integration.register_integration",
            "aws_api_gateway_method.login_post",
            "aws_api_gateway_method.register_post",
            "aws_api_gateway_resource.api_resource",
            "aws_api_gateway_resource.login",
            "aws_api_gateway_resource.register",
            "aws_api_gateway_rest_api.tamotsu_api",
            "aws_cognito_user_pool.tamotsu_user_pool",
            "aws_cognito_user_pool_client.client",
            "aws_iam_role.lambda_role",
            "aws_lambda_function.login_function",
            "aws_lambda_function.register_function",
            "aws_security_group.lambda_sg",
            "aws_subnet.public_subnet",
            "aws_vpc.tamotsu_vpc",
            "data.aws_lambda_layer_version.aws_sdk_layer"
          ]
        }
      ]
    },
    {
      "mode": "managed",
      "type": "aws_cognito_user_pool",
      "name": "tamotsu_user_pool",
      "provider": "provider[\"registry.terraform.io/hashicorp/aws\"]",
      "instances": [
        {
          "schema_version": 0,
          "attributes": {
            "account_recovery_setting": [
              {
                "recovery_mechanism": [
                  {
                    "name": "verified_email",
                    "priority": 1
                  },
                  {
                    "name": "verified_phone_number",
                    "priority": 2
                  }
                ]
              }
            ],
            "admin_create_user_config": [
              {
                "allow_admin_create_user_only": false,
                "invite_message_template": []
              }
            ],
            "alias_attributes": null,
            "arn": "arn:aws:cognito-idp:ap-northeast-3:332260094679:userpool/ap-northeast-3_w5WvupziG",
            "auto_verified_attributes": [
              "email"
            ],
            "creation_date": "2024-07-19T16:06:09Z",
            "custom_domain": "",
            "deletion_protection": "INACTIVE",
            "device_configuration": [],
            "domain": "",
            "email_configuration": [
              {
                "configuration_set": "",
                "email_sending_account": "COGNITO_DEFAULT",
                "from_email_address": "",
                "reply_to_email_address": "",
                "source_arn": ""
              }
            ],
            "email_verification_message": "",
            "email_verification_subject": "",
            "endpoint": "cognito-idp.ap-northeast-3.amazonaws.com/ap-northeast-3_w5WvupziG",
            "estimated_number_of_users": 0,
            "id": "ap-northeast-3_w5WvupziG",
            "lambda_config": [],
            "last_modified_date": "2024-07-19T17:05:40Z",
            "mfa_configuration": "OFF",
            "name": "tamotsu-user-pool",
            "password_policy": [
              {
                "minimum_length": 8,
                "require_lowercase": true,
                "require_numbers": true,
                "require_symbols": true,
                "require_uppercase": true,
                "temporary_password_validity_days": 7
              }
            ],
            "schema": [],
            "sms_authentication_message": "",
            "sms_configuration": [],
            "sms_verification_message": "",
            "software_token_mfa_configuration": [],
            "tags": {},
            "tags_all": {},
            "user_attribute_update_settings": [],
            "user_pool_add_ons": [],
            "username_attributes": [],
            "username_configuration": [],
            "verification_message_template": [
              {
                "default_email_option": "CONFIRM_WITH_CODE",
                "email_message": "",
                "email_message_by_link": "",
                "email_subject": "",
                "email_subject_by_link": "",
                "sms_message": ""
              }
            ]
          },
          "sensitive_attributes": [],
          "private": "bnVsbA=="
        }
      ]
    },
    {
      "mode": "managed",
      "type": "aws_cognito_user_pool_client",
      "name": "client",
      "provider": "provider[\"registry.terraform.io/hashicorp/aws\"]",
      "instances": [
        {
          "schema_version": 0,
          "attributes": {
            "access_token_validity": 0,
            "allowed_oauth_flows": [],
            "allowed_oauth_flows_user_pool_client": false,
            "allowed_oauth_scopes": [],
            "analytics_configuration": [],
            "auth_session_validity": 3,
            "callback_urls": [],
            "client_secret": "",
            "default_redirect_uri": "",
            "enable_propagate_additional_user_context_data": false,
            "enable_token_revocation": true,
            "explicit_auth_flows": [],
            "generate_secret": null,
            "id": "1huhvticeqj83eau7gmudg464j",
            "id_token_validity": 0,
            "logout_urls": [],
            "name": "tamotsu-user-pool-client",
            "prevent_user_existence_errors": "",
            "read_attributes": [],
            "refresh_token_validity": 30,
            "supported_identity_providers": [],
            "token_validity_units": [],
            "user_pool_id": "ap-northeast-3_w5WvupziG",
            "write_attributes": []
          },
          "sensitive_attributes": [
            [
              {
                "type": "get_attr",
                "value": "client_secret"
              }
            ]
          ],
          "dependencies": [
            "aws_cognito_user_pool.tamotsu_user_pool"
          ]
        }
      ]
    },
    {
      "mode": "managed",
      "type": "aws_dynamodb_table",
      "name": "tamotsu_user_table",
      "provider": "provider[\"registry.terraform.io/hashicorp/aws\"]",
      "instances": [
        {
          "schema_version": 1,
          "attributes": {
            "arn": "arn:aws:dynamodb:ap-northeast-3:332260094679:table/tamotsu-users",
            "attribute": [
              {
                "name": "email",
                "type": "S"
              },
              {
                "name": "id",
                "type": "S"
              }
            ],
            "billing_mode": "PAY_PER_REQUEST",
            "deletion_protection_enabled": false,
            "global_secondary_index": [
              {
                "hash_key": "email",
                "name": "email-index",
                "non_key_attributes": [],
                "projection_type": "ALL",
                "range_key": "",
                "read_capacity": 0,
                "write_capacity": 0
              }
            ],
            "hash_key": "id",
            "id": "tamotsu-users",
            "import_table": [],
            "local_secondary_index": [],
            "name": "tamotsu-users",
            "point_in_time_recovery": [
              {
                "enabled": false
              }
            ],
            "range_key": null,
            "read_capacity": 0,
            "replica": [],
            "restore_date_time": null,
            "restore_source_name": null,
            "restore_to_latest_time": null,
            "server_side_encryption": [],
            "stream_arn": "",
            "stream_enabled": false,
            "stream_label": "",
            "stream_view_type": "",
            "table_class": "STANDARD",
            "tags": {},
            "tags_all": {},
            "timeouts": null,
            "ttl": [
              {
                "attribute_name": "",
                "enabled": false
              }
            ],
            "write_capacity": 0
          },
          "sensitive_attributes": [],
          "private": "eyJlMmJmYjczMC1lY2FhLTExZTYtOGY4OC0zNDM2M2JjN2M0YzAiOnsiY3JlYXRlIjoxODAwMDAwMDAwMDAwLCJkZWxldGUiOjYwMDAwMDAwMDAwMCwidXBkYXRlIjozNjAwMDAwMDAwMDAwfSwic2NoZW1hX3ZlcnNpb24iOiIxIn0="
        }
      ]
    },
    {
      "mode": "managed",
      "type": "aws_iam_role",
      "name": "lambda_role",
      "provider": "provider[\"registry.terraform.io/hashicorp/aws\"]",
      "instances": [
        {
          "schema_version": 0,
          "attributes": {
            "arn": "arn:aws:iam::332260094679:role/tamotsu-lambda-role",
            "assume_role_policy": "{\"Statement\":[{\"Action\":\"sts:AssumeRole\",\"Effect\":\"Allow\",\"Principal\":{\"Service\":\"lambda.amazonaws.com\"}}],\"Version\":\"2012-10-17\"}",
            "create_date": "2024-07-19T16:06:09Z",
            "description": "",
            "force_detach_policies": false,
            "id": "tamotsu-lambda-role",
            "inline_policy": [],
            "managed_policy_arns": [
              "arn:aws:iam::aws:policy/AWSLambdaExecute",
              "arn:aws:iam::aws:policy/AmazonCognitoPowerUser",
              "arn:aws:iam::aws:policy/AmazonDynamoDBFullAccess",
              "arn:aws:iam::aws:policy/AmazonEC2FullAccess",
              "arn:aws:iam::aws:policy/AmazonS3FullAccess",
              "arn:aws:iam::aws:policy/AmazonSESFullAccess",
              "arn:aws:iam::aws:policy/AmazonVPCFullAccess"
            ],
            "max_session_duration": 3600,
            "name": "tamotsu-lambda-role",
            "name_prefix": "",
            "path": "/",
            "permissions_boundary": "",
            "tags": {},
            "tags_all": {},
            "unique_id": "AROAU2XB6WLL27X6QJAEA"
          },
          "sensitive_attributes": [],
          "private": "bnVsbA=="
        }
      ]
    },
    {
      "mode": "managed",
      "type": "aws_iam_role_policy_attachment",
      "name": "cognito_access",
      "provider": "provider[\"registry.terraform.io/hashicorp/aws\"]",
      "instances": [
        {
          "schema_version": 0,
          "attributes": {
            "id": "tamotsu-lambda-role-20240719160610535800000004",
            "policy_arn": "arn:aws:iam::aws:policy/AmazonCognitoPowerUser",
            "role": "tamotsu-lambda-role"
          },
          "sensitive_attributes": [],
          "private": "bnVsbA==",
          "dependencies": [
            "aws_iam_role.lambda_role"
          ]
        }
      ]
    },
    {
      "mode": "managed",
      "type": "aws_iam_role_policy_attachment",
      "name": "dynamodb_full_access",
      "provider": "provider[\"registry.terraform.io/hashicorp/aws\"]",
      "instances": [
        {
          "schema_version": 0,
          "attributes": {
            "id": "tamotsu-lambda-role-20240719160610535800000005",
            "policy_arn": "arn:aws:iam::aws:policy/AmazonDynamoDBFullAccess",
            "role": "tamotsu-lambda-role"
          },
          "sensitive_attributes": [],
          "private": "bnVsbA==",
          "dependencies": [
            "aws_iam_role.lambda_role"
          ]
        }
      ]
    },
    {
      "mode": "managed",
      "type": "aws_iam_role_policy_attachment",
      "name": "ec2_full_access",
      "provider": "provider[\"registry.terraform.io/hashicorp/aws\"]",
      "instances": [
        {
          "schema_version": 0,
          "attributes": {
            "id": "tamotsu-lambda-role-20240719160610252000000002",
            "policy_arn": "arn:aws:iam::aws:policy/AmazonEC2FullAccess",
            "role": "tamotsu-lambda-role"
          },
          "sensitive_attributes": [],
          "private": "bnVsbA==",
          "dependencies": [
            "aws_iam_role.lambda_role"
          ]
        }
      ]
    },
    {
      "mode": "managed",
      "type": "aws_iam_role_policy_attachment",
      "name": "lambda_execute",
      "provider": "provider[\"registry.terraform.io/hashicorp/aws\"]",
      "instances": [
        {
          "schema_version": 0,
          "attributes": {
            "id": "tamotsu-lambda-role-20240719160610550500000006",
            "policy_arn": "arn:aws:iam::aws:policy/AWSLambdaExecute",
            "role": "tamotsu-lambda-role"
          },
          "sensitive_attributes": [],
          "private": "bnVsbA==",
          "dependencies": [
            "aws_iam_role.lambda_role"
          ]
        }
      ]
    },
    {
      "mode": "managed",
      "type": "aws_iam_role_policy_attachment",
      "name": "s3_full_access",
      "provider": "provider[\"registry.terraform.io/hashicorp/aws\"]",
      "instances": [
        {
          "schema_version": 0,
          "attributes": {
            "id": "tamotsu-lambda-role-20240719160609988800000001",
            "policy_arn": "arn:aws:iam::aws:policy/AmazonS3FullAccess",
            "role": "tamotsu-lambda-role"
          },
          "sensitive_attributes": [],
          "private": "bnVsbA==",
          "dependencies": [
            "aws_iam_role.lambda_role"
          ]
        }
      ]
    },
    {
      "mode": "managed",
      "type": "aws_iam_role_policy_attachment",
      "name": "ses_send_templated_email",
      "provider": "provider[\"registry.terraform.io/hashicorp/aws\"]",
      "instances": [
        {
          "schema_version": 0,
          "attributes": {
            "id": "tamotsu-lambda-role-20240719160610551100000007",
            "policy_arn": "arn:aws:iam::aws:policy/AmazonSESFullAccess",
            "role": "tamotsu-lambda-role"
          },
          "sensitive_attributes": [],
          "private": "bnVsbA==",
          "dependencies": [
            "aws_iam_role.lambda_role"
          ]
        }
      ]
    },
    {
      "mode": "managed",
      "type": "aws_iam_role_policy_attachment",
      "name": "vpc_full_access",
      "provider": "provider[\"registry.terraform.io/hashicorp/aws\"]",
      "instances": [
        {
          "schema_version": 0,
          "attributes": {
            "id": "tamotsu-lambda-role-20240719160610503300000003",
            "policy_arn": "arn:aws:iam::aws:policy/AmazonVPCFullAccess",
            "role": "tamotsu-lambda-role"
          },
          "sensitive_attributes": [],
          "private": "bnVsbA==",
          "dependencies": [
            "aws_iam_role.lambda_role"
          ]
        }
      ]
    },
    {
      "mode": "managed",
      "type": "aws_lambda_function",
      "name": "login_function",
      "provider": "provider[\"registry.terraform.io/hashicorp/aws\"]",
      "instances": [
        {
          "schema_version": 0,
          "attributes": {
            "architectures": [
              "x86_64"
            ],
            "arn": "arn:aws:lambda:ap-northeast-3:332260094679:function:tamotsu-login-function",
            "code_sha256": "W6P4X/5pQcwV6EBsehyMkRTpIEWvjjWJH7LCKIkNPWI=",
            "code_signing_config_arn": null,
            "dead_letter_config": [],
            "description": "",
            "environment": [
              {
                "variables": {
                  "COGNITO_USER_POOL_CLIENT_ID": "1huhvticeqj83eau7gmudg464j"
                }
              }
            ],
            "ephemeral_storage": [
              {
                "size": 512
              }
            ],
            "file_system_config": [],
            "filename": "login.zip",
            "function_name": "tamotsu-login-function",
            "handler": "login.handler",
            "id": "tamotsu-login-function",
            "image_config": [],
            "image_uri": "",
            "invoke_arn": "arn:aws:apigateway:ap-northeast-3:lambda:path/2015-03-31/functions/arn:aws:lambda:ap-northeast-3:332260094679:function:tamotsu-login-function/invocations",
            "kms_key_arn": "",
            "last_modified": "2024-07-19T16:53:55.885+0000",
            "layers": [
              "arn:aws:lambda:ap-northeast-3:332260094679:layer:aws-sdk-layer:4"
            ],
            "logging_config": [
              {
                "application_log_level": "",
                "log_format": "Text",
                "log_group": "/aws/lambda/tamotsu-login-function",
                "system_log_level": ""
              }
            ],
            "memory_size": 128,
            "package_type": "Zip",
            "publish": false,
            "qualified_arn": "arn:aws:lambda:ap-northeast-3:332260094679:function:tamotsu-login-function:$LATEST",
            "qualified_invoke_arn": "arn:aws:apigateway:ap-northeast-3:lambda:path/2015-03-31/functions/arn:aws:lambda:ap-northeast-3:332260094679:function:tamotsu-login-function:$LATEST/invocations",
            "replace_security_groups_on_destroy": null,
            "replacement_security_group_ids": null,
            "reserved_concurrent_executions": -1,
            "role": "arn:aws:iam::332260094679:role/tamotsu-lambda-role",
            "runtime": "nodejs20.x",
            "s3_bucket": null,
            "s3_key": null,
            "s3_object_version": null,
            "signing_job_arn": "",
            "signing_profile_version_arn": "",
            "skip_destroy": false,
            "snap_start": [],
            "source_code_hash": "",
            "source_code_size": 927,
            "tags": {},
            "tags_all": {},
            "timeout": 15,
            "timeouts": null,
            "tracing_config": [
              {
                "mode": "PassThrough"
              }
            ],
            "version": "$LATEST",
            "vpc_config": [
              {
                "ipv6_allowed_for_dual_stack": false,
                "security_group_ids": [
                  "sg-08744618571d3c5b9"
                ],
                "subnet_ids": [
                  "subnet-0fbaecc621261fbdc"
                ],
                "vpc_id": "vpc-0585796274996cc15"
              }
            ]
          },
          "sensitive_attributes": [],
          "private": "eyJlMmJmYjczMC1lY2FhLTExZTYtOGY4OC0zNDM2M2JjN2M0YzAiOnsiY3JlYXRlIjo2MDAwMDAwMDAwMDAsImRlbGV0ZSI6NjAwMDAwMDAwMDAwLCJ1cGRhdGUiOjYwMDAwMDAwMDAwMH19",
          "dependencies": [
            "aws_cognito_user_pool.tamotsu_user_pool",
            "aws_cognito_user_pool_client.client",
            "aws_iam_role.lambda_role",
            "aws_security_group.lambda_sg",
            "aws_subnet.public_subnet",
            "aws_vpc.tamotsu_vpc",
            "data.aws_lambda_layer_version.aws_sdk_layer"
          ]
        }
      ]
    },
    {
      "mode": "managed",
      "type": "aws_lambda_function",
      "name": "register_function",
      "provider": "provider[\"registry.terraform.io/hashicorp/aws\"]",
      "instances": [
        {
          "schema_version": 0,
          "attributes": {
            "architectures": [
              "x86_64"
            ],
            "arn": "arn:aws:lambda:ap-northeast-3:332260094679:function:tamotsu-register-function",
            "code_sha256": "QIBg6LJPVHIQwdkIAD8rXajNldl1StYxldH8OUU40QE=",
            "code_signing_config_arn": null,
            "dead_letter_config": [],
            "description": "",
            "environment": [
              {
                "variables": {
                  "COGNITO_USER_POOL_CLIENT_ID": "1huhvticeqj83eau7gmudg464j",
                  "FROM_EMAIL_ADDRESS": "info@tamotsu-app.com"
                }
              }
            ],
            "ephemeral_storage": [
              {
                "size": 512
              }
            ],
            "file_system_config": [],
            "filename": "register.zip",
            "function_name": "tamotsu-register-function",
            "handler": "register.handler",
            "id": "tamotsu-register-function",
            "image_config": [],
            "image_uri": "",
            "invoke_arn": "arn:aws:apigateway:ap-northeast-3:lambda:path/2015-03-31/functions/arn:aws:lambda:ap-northeast-3:332260094679:function:tamotsu-register-function/invocations",
            "kms_key_arn": "",
            "last_modified": "2024-07-19T16:53:55.885+0000",
            "layers": [
              "arn:aws:lambda:ap-northeast-3:332260094679:layer:aws-sdk-layer:4"
            ],
            "logging_config": [
              {
                "application_log_level": "",
                "log_format": "Text",
                "log_group": "/aws/lambda/tamotsu-register-function",
                "system_log_level": ""
              }
            ],
            "memory_size": 128,
            "package_type": "Zip",
            "publish": false,
            "qualified_arn": "arn:aws:lambda:ap-northeast-3:332260094679:function:tamotsu-register-function:$LATEST",
            "qualified_invoke_arn": "arn:aws:apigateway:ap-northeast-3:lambda:path/2015-03-31/functions/arn:aws:lambda:ap-northeast-3:332260094679:function:tamotsu-register-function:$LATEST/invocations",
            "replace_security_groups_on_destroy": null,
            "replacement_security_group_ids": null,
            "reserved_concurrent_executions": -1,
            "role": "arn:aws:iam::332260094679:role/tamotsu-lambda-role",
            "runtime": "nodejs20.x",
            "s3_bucket": null,
            "s3_key": null,
            "s3_object_version": null,
            "signing_job_arn": "",
            "signing_profile_version_arn": "",
            "skip_destroy": false,
            "snap_start": [],
            "source_code_hash": "",
            "source_code_size": 1343,
            "tags": {},
            "tags_all": {},
            "timeout": 15,
            "timeouts": null,
            "tracing_config": [
              {
                "mode": "PassThrough"
              }
            ],
            "version": "$LATEST",
            "vpc_config": [
              {
                "ipv6_allowed_for_dual_stack": false,
                "security_group_ids": [
                  "sg-08744618571d3c5b9"
                ],
                "subnet_ids": [
                  "subnet-0fbaecc621261fbdc"
                ],
                "vpc_id": "vpc-0585796274996cc15"
              }
            ]
          },
          "sensitive_attributes": [],
          "private": "eyJlMmJmYjczMC1lY2FhLTExZTYtOGY4OC0zNDM2M2JjN2M0YzAiOnsiY3JlYXRlIjo2MDAwMDAwMDAwMDAsImRlbGV0ZSI6NjAwMDAwMDAwMDAwLCJ1cGRhdGUiOjYwMDAwMDAwMDAwMH19",
          "dependencies": [
            "aws_cognito_user_pool.tamotsu_user_pool",
            "aws_cognito_user_pool_client.client",
            "aws_iam_role.lambda_role",
            "aws_security_group.lambda_sg",
            "aws_subnet.public_subnet",
            "aws_vpc.tamotsu_vpc",
            "data.aws_lambda_layer_version.aws_sdk_layer"
          ]
        }
      ]
    },
    {
      "mode": "managed",
      "type": "aws_lambda_permission",
      "name": "apigw_login_lambda",
      "provider": "provider[\"registry.terraform.io/hashicorp/aws\"]",
      "instances": [
        {
          "schema_version": 0,
          "attributes": {
            "action": "lambda:InvokeFunction",
            "event_source_token": null,
            "function_name": "tamotsu-login-function",
            "function_url_auth_type": null,
            "id": "AllowExecutionFromAPIGateway",
            "principal": "apigateway.amazonaws.com",
            "principal_org_id": null,
            "qualifier": "",
            "source_account": null,
            "source_arn": "arn:aws:execute-api:ap-northeast-3:332260094679:2tvlcgzy7d/*/POST/api/login",
            "statement_id": "AllowExecutionFromAPIGateway",
            "statement_id_prefix": ""
          },
          "sensitive_attributes": [],
          "private": "bnVsbA==",
          "dependencies": [
            "aws_api_gateway_deployment.tamotsu_deployment",
            "aws_api_gateway_integration.login_integration",
            "aws_api_gateway_integration.register_integration",
            "aws_api_gateway_method.login_post",
            "aws_api_gateway_method.register_post",
            "aws_api_gateway_resource.api_resource",
            "aws_api_gateway_resource.login",
            "aws_api_gateway_resource.register",
            "aws_api_gateway_rest_api.tamotsu_api",
            "aws_cognito_user_pool.tamotsu_user_pool",
            "aws_cognito_user_pool_client.client",
            "aws_iam_role.lambda_role",
            "aws_lambda_function.login_function",
            "aws_lambda_function.register_function",
            "aws_security_group.lambda_sg",
            "aws_subnet.public_subnet",
            "aws_vpc.tamotsu_vpc",
            "data.aws_lambda_layer_version.aws_sdk_layer"
          ]
        }
      ]
    },
    {
      "mode": "managed",
      "type": "aws_lambda_permission",
      "name": "apigw_register_lambda",
      "provider": "provider[\"registry.terraform.io/hashicorp/aws\"]",
      "instances": [
        {
          "schema_version": 0,
          "attributes": {
            "action": "lambda:InvokeFunction",
            "event_source_token": null,
            "function_name": "tamotsu-register-function",
            "function_url_auth_type": null,
            "id": "AllowExecutionFromAPIGateway",
            "principal": "apigateway.amazonaws.com",
            "principal_org_id": null,
            "qualifier": "",
            "source_account": null,
            "source_arn": "arn:aws:execute-api:ap-northeast-3:332260094679:2tvlcgzy7d/*/POST/api/register",
            "statement_id": "AllowExecutionFromAPIGateway",
            "statement_id_prefix": ""
          },
          "sensitive_attributes": [],
          "private": "bnVsbA==",
          "dependencies": [
            "aws_api_gateway_deployment.tamotsu_deployment",
            "aws_api_gateway_integration.login_integration",
            "aws_api_gateway_integration.register_integration",
            "aws_api_gateway_method.login_post",
            "aws_api_gateway_method.register_post",
            "aws_api_gateway_resource.api_resource",
            "aws_api_gateway_resource.login",
            "aws_api_gateway_resource.register",
            "aws_api_gateway_rest_api.tamotsu_api",
            "aws_cognito_user_pool.tamotsu_user_pool",
            "aws_cognito_user_pool_client.client",
            "aws_iam_role.lambda_role",
            "aws_lambda_function.login_function",
            "aws_lambda_function.register_function",
            "aws_security_group.lambda_sg",
            "aws_subnet.public_subnet",
            "aws_vpc.tamotsu_vpc",
            "data.aws_lambda_layer_version.aws_sdk_layer"
          ]
        }
      ]
    },
    {
      "mode": "managed",
      "type": "aws_s3_bucket",
      "name": "tamotsu_images",
      "provider": "provider[\"registry.terraform.io/hashicorp/aws\"]",
      "instances": [
        {
          "schema_version": 0,
          "attributes": {
            "acceleration_status": "",
            "acl": null,
            "arn": "arn:aws:s3:::tamotsu-images",
            "bucket": "tamotsu-images",
            "bucket_domain_name": "tamotsu-images.s3.amazonaws.com",
            "bucket_prefix": "",
            "bucket_regional_domain_name": "tamotsu-images.s3.ap-northeast-3.amazonaws.com",
            "cors_rule": [],
            "force_destroy": false,
            "grant": [
              {
                "id": "5c839b602066e182255046fe9ae090ac7ba17b6b0e87026cc3548fd42ff0ca4b",
                "permissions": [
                  "FULL_CONTROL"
                ],
                "type": "CanonicalUser",
                "uri": ""
              }
            ],
            "hosted_zone_id": "Z2YQB5RD63NC85",
            "id": "tamotsu-images",
            "lifecycle_rule": [],
            "logging": [],
            "object_lock_configuration": [],
            "object_lock_enabled": false,
            "policy": "",
            "region": "ap-northeast-3",
            "replication_configuration": [],
            "request_payer": "BucketOwner",
            "server_side_encryption_configuration": [
              {
                "rule": [
                  {
                    "apply_server_side_encryption_by_default": [
                      {
                        "kms_master_key_id": "",
                        "sse_algorithm": "AES256"
                      }
                    ],
                    "bucket_key_enabled": false
                  }
                ]
              }
            ],
            "tags": {},
            "tags_all": {},
            "timeouts": null,
            "versioning": [
              {
                "enabled": false,
                "mfa_delete": false
              }
            ],
            "website": [],
            "website_domain": null,
            "website_endpoint": null
          },
          "sensitive_attributes": [],
          "private": "eyJlMmJmYjczMC1lY2FhLTExZTYtOGY4OC0zNDM2M2JjN2M0YzAiOnsiY3JlYXRlIjoxMjAwMDAwMDAwMDAwLCJkZWxldGUiOjM2MDAwMDAwMDAwMDAsInJlYWQiOjEyMDAwMDAwMDAwMDAsInVwZGF0ZSI6MTIwMDAwMDAwMDAwMH19"
        }
      ]
    },
    {
      "mode": "managed",
      "type": "aws_security_group",
      "name": "lambda_sg",
      "provider": "provider[\"registry.terraform.io/hashicorp/aws\"]",
      "instances": [
        {
          "schema_version": 1,
          "attributes": {
            "arn": "arn:aws:ec2:ap-northeast-3:332260094679:security-group/sg-08744618571d3c5b9",
            "description": "Security group for Lambda function",
            "egress": [
              {
                "cidr_blocks": [
                  "0.0.0.0/0"
                ],
                "description": "",
                "from_port": 0,
                "ipv6_cidr_blocks": [],
                "prefix_list_ids": [],
                "protocol": "-1",
                "security_groups": [],
                "self": false,
                "to_port": 0
              }
            ],
            "id": "sg-08744618571d3c5b9",
            "ingress": [
              {
                "cidr_blocks": [
                  "0.0.0.0/0"
                ],
                "description": "",
                "from_port": 80,
                "ipv6_cidr_blocks": [],
                "prefix_list_ids": [],
                "protocol": "tcp",
                "security_groups": [],
                "self": false,
                "to_port": 80
              },
              {
                "cidr_blocks": [
                  "14.10.63.225/32"
                ],
                "description": "",
                "from_port": 22,
                "ipv6_cidr_blocks": [],
                "prefix_list_ids": [],
                "protocol": "tcp",
                "security_groups": [],
                "self": false,
                "to_port": 22
              }
            ],
            "name": "tamotsu-lambda-sg",
            "name_prefix": "",
            "owner_id": "332260094679",
            "revoke_rules_on_delete": false,
            "tags": {},
            "tags_all": {},
            "timeouts": null,
            "vpc_id": "vpc-0585796274996cc15"
          },
          "sensitive_attributes": [],
          "private": "eyJlMmJmYjczMC1lY2FhLTExZTYtOGY4OC0zNDM2M2JjN2M0YzAiOnsiY3JlYXRlIjo2MDAwMDAwMDAwMDAsImRlbGV0ZSI6OTAwMDAwMDAwMDAwfSwic2NoZW1hX3ZlcnNpb24iOiIxIn0=",
          "dependencies": [
            "aws_vpc.tamotsu_vpc"
          ]
        }
      ]
    },
    {
      "mode": "managed",
      "type": "aws_ses_configuration_set",
      "name": "tamotsu_config",
      "provider": "provider[\"registry.terraform.io/hashicorp/aws\"]",
      "instances": [
        {
          "schema_version": 0,
          "attributes": {
            "arn": "arn:aws:ses:ap-northeast-3:332260094679:configuration-set/tamotsu-config-set",
            "delivery_options": [],
            "id": "tamotsu-config-set",
            "last_fresh_start": "0001-01-01T00:00:00Z",
            "name": "tamotsu-config-set",
            "reputation_metrics_enabled": false,
            "sending_enabled": true,
            "tracking_options": []
          },
          "sensitive_attributes": [],
          "private": "bnVsbA=="
        }
      ]
    },
    {
      "mode": "managed",
      "type": "aws_ses_template",
      "name": "confirmation_template",
      "provider": "provider[\"registry.terraform.io/hashicorp/aws\"]",
      "instances": [
        {
          "schema_version": 0,
          "attributes": {
            "arn": "arn:aws:ses:ap-northeast-3:332260094679:template/confirmation-template",
            "html": "  \u003c!DOCTYPE html\u003e\n  \u003chtml\u003e\n    \u003chead\u003e\n      \u003cmeta charset=\"UTF-8\"\u003e\n    \u003c/head\u003e\n    \u003cbody\u003e\n      \u003cp\u003eTAMOTSUにご登録いただきありがとうございます。\u003c/p\u003e\n      \u003cp\u003e以下のリンクをクリックして登録を完了してください。\u003c/p\u003e\n      \u003cp\u003e\u003ca href=\"{{confirmation_url}}\"\u003e登録確認\u003c/a\u003e\u003c/p\u003e\n    \u003c/body\u003e\n  \u003c/html\u003e\n",
            "id": "confirmation-template",
            "name": "confirmation-template",
            "subject": "TAMOTSUアカウント登録確認",
            "text": ""
          },
          "sensitive_attributes": [],
          "private": "bnVsbA=="
        }
      ]
    },
    {
      "mode": "managed",
      "type": "aws_subnet",
      "name": "public_subnet",
      "provider": "provider[\"registry.terraform.io/hashicorp/aws\"]",
      "instances": [
        {
          "schema_version": 1,
          "attributes": {
            "arn": "arn:aws:ec2:ap-northeast-3:332260094679:subnet/subnet-0fbaecc621261fbdc",
            "assign_ipv6_address_on_creation": false,
            "availability_zone": "ap-northeast-3a",
            "availability_zone_id": "apne3-az3",
            "cidr_block": "10.0.1.0/24",
            "customer_owned_ipv4_pool": "",
            "enable_dns64": false,
            "enable_lni_at_device_index": 0,
            "enable_resource_name_dns_a_record_on_launch": false,
            "enable_resource_name_dns_aaaa_record_on_launch": false,
            "id": "subnet-0fbaecc621261fbdc",
            "ipv6_cidr_block": "",
            "ipv6_cidr_block_association_id": "",
            "ipv6_native": false,
            "map_customer_owned_ip_on_launch": false,
            "map_public_ip_on_launch": false,
            "outpost_arn": "",
            "owner_id": "332260094679",
            "private_dns_hostname_type_on_launch": "ip-name",
            "tags": {
              "Name": "tamotsu-public-subnet"
            },
            "tags_all": {
              "Name": "tamotsu-public-subnet"
            },
            "timeouts": null,
            "vpc_id": "vpc-0585796274996cc15"
          },
          "sensitive_attributes": [],
          "private": "eyJlMmJmYjczMC1lY2FhLTExZTYtOGY4OC0zNDM2M2JjN2M0YzAiOnsiY3JlYXRlIjo2MDAwMDAwMDAwMDAsImRlbGV0ZSI6MTIwMDAwMDAwMDAwMH0sInNjaGVtYV92ZXJzaW9uIjoiMSJ9",
          "dependencies": [
            "aws_vpc.tamotsu_vpc"
          ]
        }
      ]
    },
    {
      "mode": "managed",
      "type": "aws_vpc",
      "name": "tamotsu_vpc",
      "provider": "provider[\"registry.terraform.io/hashicorp/aws\"]",
      "instances": [
        {
          "schema_version": 1,
          "attributes": {
            "arn": "arn:aws:ec2:ap-northeast-3:332260094679:vpc/vpc-0585796274996cc15",
            "assign_generated_ipv6_cidr_block": false,
            "cidr_block": "10.0.0.0/16",
            "default_network_acl_id": "acl-0c56d7bed9eb11350",
            "default_route_table_id": "rtb-030e280f49c7bf4db",
            "default_security_group_id": "sg-0572673c17578f21d",
            "dhcp_options_id": "dopt-0c768ae54c055c064",
            "enable_dns_hostnames": false,
            "enable_dns_support": true,
            "enable_network_address_usage_metrics": false,
            "id": "vpc-0585796274996cc15",
            "instance_tenancy": "default",
            "ipv4_ipam_pool_id": null,
            "ipv4_netmask_length": null,
            "ipv6_association_id": "",
            "ipv6_cidr_block": "",
            "ipv6_cidr_block_network_border_group": "",
            "ipv6_ipam_pool_id": "",
            "ipv6_netmask_length": 0,
            "main_route_table_id": "rtb-030e280f49c7bf4db",
            "owner_id": "332260094679",
            "tags": {
              "Name": "tamotsu-vpc"
            },
            "tags_all": {
              "Name": "tamotsu-vpc"
            }
          },
          "sensitive_attributes": [],
          "private": "eyJzY2hlbWFfdmVyc2lvbiI6IjEifQ=="
        }
      ]
    }
  ],
  "check_results": null
}
