{
  "version": 4,
  "terraform_version": "1.9.2",
  "serial": 1320,
  "lineage": "ea6820db-e2e2-5ed0-84df-08bfeca4ad9e",
  "outputs": {},
  "resources": [
    {
      "mode": "data",
      "type": "aws_acm_certificate",
      "name": "tamotsu_webapp",
      "provider": "provider[\"registry.terraform.io/hashicorp/aws\"].us-east-1",
      "instances": [
        {
          "schema_version": 0,
          "attributes": {
            "arn": "arn:aws:acm:us-east-1:332260094679:certificate/cf61f978-9084-413d-8c25-33e818accaa8",
            "certificate": "-----BEGIN CERTIFICATE-----\nMIIFyTCCBLGgAwIBAgIQBNZXxlynURmfspxlI34+LDANBgkqhkiG9w0BAQsFADA8\nMQswCQYDVQQGEwJVUzEPMA0GA1UEChMGQW1hem9uMRwwGgYDVQQDExNBbWF6b24g\nUlNBIDIwNDggTTAyMB4XDTI0MDcyMDAwMDAwMFoXDTI1MDgxOTIzNTk1OVowGjEY\nMBYGA1UEAxMPdGFtb3RzdS1hcHAuY29tMIIBIjANBgkqhkiG9w0BAQEFAAOCAQ8A\nMIIBCgKCAQEA20oCRTPKyRt93w3d4cTbIzK4BmMarGqAZfsn0MmvRsKoo+FQAPDV\ntx4E/CXKr6BHuImd8r3HsNI06TotcEHyCokpWozUGlZ8TlPAZZrQFSqO1rOm66bv\n8nxFJIPvXsEwO1F5F2vch6uehTMonKFe+/KEdvvyqV582K8pWe9t6FX26V7TAmMl\nGxHmqvNeZGbJy4s8f/XpSucG+AnujljM8hf9JJbjEjsdterd1mp0zNJ35RBuoKMK\nXTLqvZEa8G/FFgT5IalzFJPdIL530qSLt29n4gDtehI/fGF9bAmRXDbCog12VEBY\nxp23VynuChfDpIsNd+KU36mVlHFjc7XZWQIDAQABo4IC5zCCAuMwHwYDVR0jBBgw\nFoAUwDFSzVpQw4J8dHHOy+mc+XrrguIwHQYDVR0OBBYEFCVRvtv7lpCTiM+9FTuh\nOOIyATKnMBoGA1UdEQQTMBGCD3RhbW90c3UtYXBwLmNvbTATBgNVHSAEDDAKMAgG\nBmeBDAECATAOBgNVHQ8BAf8EBAMCBaAwHQYDVR0lBBYwFAYIKwYBBQUHAwEGCCsG\nAQUFBwMCMDsGA1UdHwQ0MDIwMKAuoCyGKmh0dHA6Ly9jcmwucjJtMDIuYW1hem9u\ndHJ1c3QuY29tL3IybTAyLmNybDB1BggrBgEFBQcBAQRpMGcwLQYIKwYBBQUHMAGG\nIWh0dHA6Ly9vY3NwLnIybTAyLmFtYXpvbnRydXN0LmNvbTA2BggrBgEFBQcwAoYq\naHR0cDovL2NydC5yMm0wMi5hbWF6b250cnVzdC5jb20vcjJtMDIuY2VyMAwGA1Ud\nEwEB/wQCMAAwggF9BgorBgEEAdZ5AgQCBIIBbQSCAWkBZwB2ABLxTjS9U3JMhAYZ\nw48/ehP457Vih4icbTAFhOvlhiY6AAABkM5iTyIAAAQDAEcwRQIhAJ8pJ28i4aGM\nI8r3AcO58sFlJ6Yij8xfKd6HFUC4+CyFAiAOm0JI6tmF9gzTFTASkdNPq67WemPZ\nzlqatmInHGQDpAB1AH1ZHhLheCp7HGFnfF79+NCHXBSgTpWeuQMv2Q6MLnm4AAAB\nkM5iTqAAAAQDAEYwRAIgDF6IJ7JczduC78WNCc8thwqoJ3ovZJgArz5gSCF1yfUC\nIDoGKxC06BScbDmO1MZhp4ErpJPYFxzzCyEwwZbYq8PvAHYAzPsPaoVxCWX+lZtT\nzumyfCLphVwNl422qX5UwP5MDbAAAAGQzmJOswAABAMARzBFAiBRSjlG+nlQ3xn1\neNlMCzVVnhQBocMq2ck9RZrJR4lu5gIhAJjres6kelupu2kZfeE7pIeQfNT0/mbN\nMECzQR/GJJXNMA0GCSqGSIb3DQEBCwUAA4IBAQCkLkQXT+xFl7sTnMvtNqSnigH0\nnjATGdj2+ZLcDJe57YcclYD1Aci+it8dqpFICn+aGxBO+RUi9bILBV5KXPaix99z\nbOacl4PHmbhh+UFjkiIvtDvGpiZcV72KIuo/+Zxzu/VyMH7+YJdZn973Xf2KShbe\nIl8ZAxgK6ya+xQdsWdjc+vf7iodk1uOrbb4M9fZtuP0CCNnoK9Lsb0odhfUz+wgm\nM9+M5PBftEq6QFIdYPfQ4XWpGdXObS7YEr5uhXJ+HmWDchyJG813PlNq7dMnU3xD\nFrUkgfsfidr4n2SKNC1p+tCnBnsmG9rUDYB+1pN2722GhGtcr1tkJ30zVAG4\n-----END CERTIFICATE-----\n",
            "certificate_chain": "-----BEGIN CERTIFICATE-----\nMIIEXjCCA0agAwIBAgITB3MSSkvL1E7HtTvq8ZSELToPoTANBgkqhkiG9w0BAQsF\nADA5MQswCQYDVQQGEwJVUzEPMA0GA1UEChMGQW1hem9uMRkwFwYDVQQDExBBbWF6\nb24gUm9vdCBDQSAxMB4XDTIyMDgyMzIyMjUzMFoXDTMwMDgyMzIyMjUzMFowPDEL\nMAkGA1UEBhMCVVMxDzANBgNVBAoTBkFtYXpvbjEcMBoGA1UEAxMTQW1hem9uIFJT\nQSAyMDQ4IE0wMjCCASIwDQYJKoZIhvcNAQEBBQADggEPADCCAQoCggEBALtDGMZa\nqHneKei1by6+pUPPLljTB143Si6VpEWPc6mSkFhZb/6qrkZyoHlQLbDYnI2D7hD0\nsdzEqfnuAjIsuXQLG3A8TvX6V3oFNBFVe8NlLJHvBseKY88saLwufxkZVwk74g4n\nWlNMXzla9Y5F3wwRHwMVH443xGz6UtGSZSqQ94eFx5X7Tlqt8whi8qCaKdZ5rNak\n+r9nUThOeClqFd4oXych//Rc7Y0eX1KNWHYSI1Nk31mYgiK3JvH063g+K9tHA63Z\neTgKgndlh+WI+zv7i44HepRZjA1FYwYZ9Vv/9UkC5Yz8/yU65fgjaE+wVHM4e/Yy\nC2osrPWE7gJ+dXMCAwEAAaOCAVowggFWMBIGA1UdEwEB/wQIMAYBAf8CAQAwDgYD\nVR0PAQH/BAQDAgGGMB0GA1UdJQQWMBQGCCsGAQUFBwMBBggrBgEFBQcDAjAdBgNV\nHQ4EFgQUwDFSzVpQw4J8dHHOy+mc+XrrguIwHwYDVR0jBBgwFoAUhBjMhTTsvAyU\nlC4IWZzHshBOCggwewYIKwYBBQUHAQEEbzBtMC8GCCsGAQUFBzABhiNodHRwOi8v\nb2NzcC5yb290Y2ExLmFtYXpvbnRydXN0LmNvbTA6BggrBgEFBQcwAoYuaHR0cDov\nL2NydC5yb290Y2ExLmFtYXpvbnRydXN0LmNvbS9yb290Y2ExLmNlcjA/BgNVHR8E\nODA2MDSgMqAwhi5odHRwOi8vY3JsLnJvb3RjYTEuYW1hem9udHJ1c3QuY29tL3Jv\nb3RjYTEuY3JsMBMGA1UdIAQMMAowCAYGZ4EMAQIBMA0GCSqGSIb3DQEBCwUAA4IB\nAQAtTi6Fs0Azfi+iwm7jrz+CSxHH+uHl7Law3MQSXVtR8RV53PtR6r/6gNpqlzdo\nZq4FKbADi1v9Bun8RY8D51uedRfjsbeodizeBB8nXmeyD33Ep7VATj4ozcd31YFV\nfgRhvTSxNrrTlNpWkUk0m3BMPv8sg381HhA6uEYokE5q9uws/3YkKqRiEz3TsaWm\nJqIRZhMbgAfp7O7FUwFIb7UIspogZSKxPIWJpxiPo3TcBambbVtQOcNRWz5qCQdD\nslI2yayq0n2TXoHyNCLEH8rpsJRVILFsg0jc7BaFrMnF462+ajSehgj12IidNeRN\n4zl+EoNaWdpnWndvSpAEkq2P\n-----END CERTIFICATE-----\n-----BEGIN CERTIFICATE-----\nMIIEkjCCA3qgAwIBAgITBn+USionzfP6wq4rAfkI7rnExjANBgkqhkiG9w0BAQsF\nADCBmDELMAkGA1UEBhMCVVMxEDAOBgNVBAgTB0FyaXpvbmExEzARBgNVBAcTClNj\nb3R0c2RhbGUxJTAjBgNVBAoTHFN0YXJmaWVsZCBUZWNobm9sb2dpZXMsIEluYy4x\nOzA5BgNVBAMTMlN0YXJmaWVsZCBTZXJ2aWNlcyBSb290IENlcnRpZmljYXRlIEF1\ndGhvcml0eSAtIEcyMB4XDTE1MDUyNTEyMDAwMFoXDTM3MTIzMTAxMDAwMFowOTEL\nMAkGA1UEBhMCVVMxDzANBgNVBAoTBkFtYXpvbjEZMBcGA1UEAxMQQW1hem9uIFJv\nb3QgQ0EgMTCCASIwDQYJKoZIhvcNAQEBBQADggEPADCCAQoCggEBALJ4gHHKeNXj\nca9HgFB0fW7Y14h29Jlo91ghYPl0hAEvrAIthtOgQ3pOsqTQNroBvo3bSMgHFzZM\n9O6II8c+6zf1tRn4SWiw3te5djgdYZ6k/oI2peVKVuRF4fn9tBb6dNqcmzU5L/qw\nIFAGbHrQgLKm+a/sRxmPUDgH3KKHOVj4utWp+UhnMJbulHheb4mjUcAwhmahRWa6\nVOujw5H5SNz/0egwLX0tdHA114gk957EWW67c4cX8jJGKLhD+rcdqsq08p8kDi1L\n93FcXmn/6pUCyziKrlA4b9v7LWIbxcceVOF34GfID5yHI9Y/QCB/IIDEgEw+OyQm\njgSubJrIqg0CAwEAAaOCATEwggEtMA8GA1UdEwEB/wQFMAMBAf8wDgYDVR0PAQH/\nBAQDAgGGMB0GA1UdDgQWBBSEGMyFNOy8DJSULghZnMeyEE4KCDAfBgNVHSMEGDAW\ngBScXwDfqgHXMCs4iKK4bUqc8hGRgzB4BggrBgEFBQcBAQRsMGowLgYIKwYBBQUH\nMAGGImh0dHA6Ly9vY3NwLnJvb3RnMi5hbWF6b250cnVzdC5jb20wOAYIKwYBBQUH\nMAKGLGh0dHA6Ly9jcnQucm9vdGcyLmFtYXpvbnRydXN0LmNvbS9yb290ZzIuY2Vy\nMD0GA1UdHwQ2MDQwMqAwoC6GLGh0dHA6Ly9jcmwucm9vdGcyLmFtYXpvbnRydXN0\nLmNvbS9yb290ZzIuY3JsMBEGA1UdIAQKMAgwBgYEVR0gADANBgkqhkiG9w0BAQsF\nAAOCAQEAYjdCXLwQtT6LLOkMm2xF4gcAevnFWAu5CIw+7bMlPLVvUOTNNWqnkzSW\nMiGpSESrnO09tKpzbeR/FoCJbM8oAxiDR3mjEH4wW6w7sGDgd9QIpuEdfF7Au/ma\neyKdpwAJfqxGF4PcnCZXmTA5YpaP7dreqsXMGz7KQ2hsVxa81Q4gLv7/wmpdLqBK\nbRRYh5TmOTFffHPLkIhqhBGWJ6bt2YFGpn6jcgAKUj6DiAdjd4lpFw85hdKrCEVN\n0FE6/V1dN2RMfjCyVSRCnTawXZwXgWHxyvkQAiSr6w10kY17RSlQOYiypok1JR4U\nakcjMS9cmvqtmg5iUaQqqcT5NJ0hGA==\n-----END CERTIFICATE-----\n-----BEGIN CERTIFICATE-----\nMIIEdTCCA12gAwIBAgIJAKcOSkw0grd/MA0GCSqGSIb3DQEBCwUAMGgxCzAJBgNV\nBAYTAlVTMSUwIwYDVQQKExxTdGFyZmllbGQgVGVjaG5vbG9naWVzLCBJbmMuMTIw\nMAYDVQQLEylTdGFyZmllbGQgQ2xhc3MgMiBDZXJ0aWZpY2F0aW9uIEF1dGhvcml0\neTAeFw0wOTA5MDIwMDAwMDBaFw0zNDA2MjgxNzM5MTZaMIGYMQswCQYDVQQGEwJV\nUzEQMA4GA1UECBMHQXJpem9uYTETMBEGA1UEBxMKU2NvdHRzZGFsZTElMCMGA1UE\nChMcU3RhcmZpZWxkIFRlY2hub2xvZ2llcywgSW5jLjE7MDkGA1UEAxMyU3RhcmZp\nZWxkIFNlcnZpY2VzIFJvb3QgQ2VydGlmaWNhdGUgQXV0aG9yaXR5IC0gRzIwggEi\nMA0GCSqGSIb3DQEBAQUAA4IBDwAwggEKAoIBAQDVDDrEKvlO4vW+GZdfjohTsR8/\ny8+fIBNtKTrID30892t2OGPZNmCom15cAICyL1l/9of5JUOG52kbUpqQ4XHj2C0N\nTm/2yEnZtvMaVq4rtnQU68/7JuMauh2WLmo7WJSJR1b/JaCTcFOD2oR0FMNnngRo\nOt+OQFodSk7PQ5E751bWAHDLUu57fa4657wx+UX2wmDPE1kCK4DMNEffud6QZW0C\nzyyRpqbn3oUYSXxmTqM6bam17jQuug0DuDPfR+uxa40l2ZvOgdFFRjKWcIfeAg5J\nQ4W2bHO7ZOphQazJ1FTfhy/HIrImzJ9ZVGif/L4qL8RVHHVAYBeFAlU5i38FAgMB\nAAGjgfAwge0wDwYDVR0TAQH/BAUwAwEB/zAOBgNVHQ8BAf8EBAMCAYYwHQYDVR0O\nBBYEFJxfAN+qAdcwKziIorhtSpzyEZGDMB8GA1UdIwQYMBaAFL9ft9HO3R+G9FtV\nrNzXEMIOqYjnME8GCCsGAQUFBwEBBEMwQTAcBggrBgEFBQcwAYYQaHR0cDovL28u\nc3MyLnVzLzAhBggrBgEFBQcwAoYVaHR0cDovL3guc3MyLnVzL3guY2VyMCYGA1Ud\nHwQfMB0wG6AZoBeGFWh0dHA6Ly9zLnNzMi51cy9yLmNybDARBgNVHSAECjAIMAYG\nBFUdIAAwDQYJKoZIhvcNAQELBQADggEBACMd44pXyn3pF3lM8R5V/cxTbj5HD9/G\nVfKyBDbtgB9TxF00KGu+x1X8Z+rLP3+QsjPNG1gQggL4+C/1E2DUBc7xgQjB3ad1\nl08YuW3e95ORCLp+QCztweq7dp4zBncdDQh/U90bZKuCJ/Fp1U1ervShw3WnWEQt\n8jxwmKy6abaVd38PMV4s/KCHOkdp8Hlf9BRUpJVeEXgSYCfOn8J3/yNTd126/+pZ\n59vPr5KW7ySaNRB6nJHGDn2Z9j8Z3/VyVOEVqQdZe4O/Ui5GjLIAZHYcSNPYeehu\nVsyuLAOQ1xk4meTKCRlb/weWsKh/NEnfVqn3sF/tM+2MR7cwA130A4w=\n-----END CERTIFICATE-----\n",
            "domain": "tamotsu-app.com",
            "id": "arn:aws:acm:us-east-1:332260094679:certificate/cf61f978-9084-413d-8c25-33e818accaa8",
            "key_types": null,
            "most_recent": false,
            "status": "ISSUED",
            "statuses": [
              "ISSUED"
            ],
            "tags": {},
            "types": null
          },
          "sensitive_attributes": []
        }
      ]
    },
    {
      "mode": "data",
      "type": "aws_iam_policy_document",
      "name": "s3_policy",
      "provider": "provider[\"registry.terraform.io/hashicorp/aws\"]",
      "instances": [
        {
          "schema_version": 0,
          "attributes": {
            "id": "26937653",
            "json": "{\n  \"Version\": \"2012-10-17\",\n  \"Statement\": [\n    {\n      \"Effect\": \"Allow\",\n      \"Action\": \"s3:GetObject\",\n      \"Resource\": \"arn:aws:s3:::tamotsu-webapp/*\",\n      \"Principal\": {\n        \"Service\": \"cloudfront.amazonaws.com\"\n      },\n      \"Condition\": {\n        \"StringEquals\": {\n          \"AWS:SourceArn\": \"arn:aws:cloudfront::332260094679:distribution/E26NN1C3Y3GTBF\"\n        }\n      }\n    }\n  ]\n}",
            "minified_json": "{\"Version\":\"2012-10-17\",\"Statement\":[{\"Effect\":\"Allow\",\"Action\":\"s3:GetObject\",\"Resource\":\"arn:aws:s3:::tamotsu-webapp/*\",\"Principal\":{\"Service\":\"cloudfront.amazonaws.com\"},\"Condition\":{\"StringEquals\":{\"AWS:SourceArn\":\"arn:aws:cloudfront::332260094679:distribution/E26NN1C3Y3GTBF\"}}}]}",
            "override_json": null,
            "override_policy_documents": null,
            "policy_id": null,
            "source_json": null,
            "source_policy_documents": null,
            "statement": [
              {
                "actions": [
                  "s3:GetObject"
                ],
                "condition": [
                  {
                    "test": "StringEquals",
                    "values": [
                      "arn:aws:cloudfront::332260094679:distribution/E26NN1C3Y3GTBF"
                    ],
                    "variable": "AWS:SourceArn"
                  }
                ],
                "effect": "Allow",
                "not_actions": [],
                "not_principals": [],
                "not_resources": [],
                "principals": [
                  {
                    "identifiers": [
                      "cloudfront.amazonaws.com"
                    ],
                    "type": "Service"
                  }
                ],
                "resources": [
                  "arn:aws:s3:::tamotsu-webapp/*"
                ],
                "sid": ""
              }
            ],
            "version": "2012-10-17"
          },
          "sensitive_attributes": []
        }
      ]
    },
    {
      "mode": "data",
      "type": "aws_lambda_layer_version",
      "name": "aws_sdk_layer",
      "provider": "provider[\"registry.terraform.io/hashicorp/aws\"]",
      "instances": [
        {
          "schema_version": 0,
          "attributes": {
            "arn": "arn:aws:lambda:ap-northeast-1:332260094679:layer:aws-sdk-layer:1",
            "code_sha256": "fozD1mUfKXjzlZioIGb8CCPEM1fb9RtkWQRO1RwV5mo=",
            "compatible_architecture": null,
            "compatible_architectures": [],
            "compatible_runtime": null,
            "compatible_runtimes": [
              "nodejs16.x",
              "nodejs18.x",
              "nodejs20.x"
            ],
            "created_date": "2024-07-21T12:42:35.578+0000",
            "description": "",
            "id": "arn:aws:lambda:ap-northeast-1:332260094679:layer:aws-sdk-layer:1",
            "layer_arn": "arn:aws:lambda:ap-northeast-1:332260094679:layer:aws-sdk-layer",
            "layer_name": "aws-sdk-layer",
            "license_info": "",
            "signing_job_arn": "",
            "signing_profile_version_arn": "",
            "source_code_hash": "fozD1mUfKXjzlZioIGb8CCPEM1fb9RtkWQRO1RwV5mo=",
            "source_code_size": 14591621,
            "version": 1
          },
          "sensitive_attributes": []
        }
      ]
    },
    {
      "mode": "data",
      "type": "aws_route53_zone",
      "name": "tamotsu_app",
      "provider": "provider[\"registry.terraform.io/hashicorp/aws\"]",
      "instances": [
        {
          "schema_version": 0,
          "attributes": {
            "arn": "arn:aws:route53:::hostedzone/Z03576945YY95PINL9NE",
            "caller_reference": "cc84694e-cb2d-4cd9-9618-f392705cf752",
            "comment": "",
            "id": "Z03576945YY95PINL9NE",
            "linked_service_description": null,
            "linked_service_principal": null,
            "name": "tamotsu-app.com",
            "name_servers": [
              "ns-1333.awsdns-38.org",
              "ns-1749.awsdns-26.co.uk",
              "ns-577.awsdns-08.net",
              "ns-394.awsdns-49.com"
            ],
            "primary_name_server": "ns-1333.awsdns-38.org",
            "private_zone": false,
            "resource_record_set_count": 13,
            "tags": {},
            "vpc_id": null,
            "zone_id": "Z03576945YY95PINL9NE"
          },
          "sensitive_attributes": []
        }
      ]
    },
    {
      "mode": "data",
      "type": "aws_ses_domain_identity",
      "name": "tamotsu_domain",
      "provider": "provider[\"registry.terraform.io/hashicorp/aws\"]",
      "instances": [
        {
          "schema_version": 0,
          "attributes": {
            "arn": "arn:aws:ses:ap-northeast-1:332260094679:identity/tamotsu-app.com",
            "domain": "tamotsu-app.com",
            "id": "tamotsu-app.com",
            "verification_token": "uOU+niwPSodr0ROPiuLjqaCfQpdlwz+kDRiMrN+1Zxw="
          },
          "sensitive_attributes": []
        }
      ]
    },
    {
      "mode": "managed",
      "type": "aws_acm_certificate",
      "name": "api_tamotsu",
      "provider": "provider[\"registry.terraform.io/hashicorp/aws\"]",
      "instances": [
        {
          "schema_version": 0,
          "attributes": {
            "arn": "arn:aws:acm:ap-northeast-1:332260094679:certificate/162a490f-6694-4da1-9234-bcf9417110ec",
            "certificate_authority_arn": "",
            "certificate_body": null,
            "certificate_chain": null,
            "domain_name": "api.tamotsu-app.com",
            "domain_validation_options": [
              {
                "domain_name": "api.tamotsu-app.com",
                "resource_record_name": "_f35bd76dd3b876f3f86359cded79ba40.api.tamotsu-app.com.",
                "resource_record_type": "CNAME",
                "resource_record_value": "_fec0aab01f54b5f8846a0c8dfb6626d3.sdgjtdhdhz.acm-validations.aws."
              }
            ],
            "early_renewal_duration": "",
            "id": "arn:aws:acm:ap-northeast-1:332260094679:certificate/162a490f-6694-4da1-9234-bcf9417110ec",
            "key_algorithm": "RSA_2048",
            "not_after": "2025-08-25T23:59:59Z",
            "not_before": "2024-07-27T00:00:00Z",
            "options": [
              {
                "certificate_transparency_logging_preference": "ENABLED"
              }
            ],
            "pending_renewal": false,
            "private_key": null,
            "renewal_eligibility": "ELIGIBLE",
            "renewal_summary": [],
            "status": "ISSUED",
            "subject_alternative_names": [
              "api.tamotsu-app.com"
            ],
            "tags": {},
            "tags_all": {},
            "type": "AMAZON_ISSUED",
            "validation_emails": [],
            "validation_method": "DNS",
            "validation_option": []
          },
          "sensitive_attributes": [
            [
              {
                "type": "get_attr",
                "value": "private_key"
              }
            ]
          ],
          "private": "bnVsbA=="
        }
      ]
    },
    {
      "mode": "managed",
      "type": "aws_acm_certificate_validation",
      "name": "api_tamotsu",
      "provider": "provider[\"registry.terraform.io/hashicorp/aws\"]",
      "instances": [
        {
          "schema_version": 0,
          "attributes": {
            "certificate_arn": "arn:aws:acm:ap-northeast-1:332260094679:certificate/162a490f-6694-4da1-9234-bcf9417110ec",
            "id": "2024-07-27 08:30:57.009 +0000 UTC",
            "timeouts": null,
            "validation_record_fqdns": null
          },
          "sensitive_attributes": [],
          "private": "eyJlMmJmYjczMC1lY2FhLTExZTYtOGY4OC0zNDM2M2JjN2M0YzAiOnsiY3JlYXRlIjo0NTAwMDAwMDAwMDAwfX0=",
          "dependencies": [
            "aws_acm_certificate.api_tamotsu"
          ]
        }
      ]
    },
    {
      "mode": "managed",
      "type": "aws_api_gateway_base_path_mapping",
      "name": "tamotsu_app",
      "provider": "provider[\"registry.terraform.io/hashicorp/aws\"]",
      "instances": [
        {
          "schema_version": 0,
          "attributes": {
            "api_id": "xojk083ysh",
            "base_path": "",
            "domain_name": "api.tamotsu-app.com",
            "id": "api.tamotsu-app.com/",
            "stage_name": "dev"
          },
          "sensitive_attributes": [],
          "private": "bnVsbA==",
          "dependencies": [
            "aws_acm_certificate.api_tamotsu",
            "aws_acm_certificate_validation.api_tamotsu",
            "aws_api_gateway_deployment.tamotsu_deployment",
            "aws_api_gateway_domain_name.tamotsu_app",
            "aws_api_gateway_integration.gw_method_integrations",
            "aws_api_gateway_integration.gw_options_integrations",
            "aws_api_gateway_method.gw_options",
            "aws_api_gateway_resource.auth_resource",
            "aws_api_gateway_resource.gw_resources",
            "aws_api_gateway_rest_api.tamotsu_api",
            "aws_cognito_user_pool.tamotsu_user_pool",
            "aws_cognito_user_pool_client.client",
            "aws_dynamodb_table.tamotsu_table",
            "aws_iam_role.lambda_role",
            "aws_lambda_layer_version.response-utils-layer",
            "aws_security_group.lambda_sg",
            "aws_subnet.private_subnet",
            "aws_vpc.tamotsu_vpc",
            "data.aws_lambda_layer_version.aws_sdk_layer",
            "data.aws_ses_domain_identity.tamotsu_domain",
            "module.lambda_functions.aws_lambda_function.function"
          ]
        }
      ]
    },
    {
      "mode": "managed",
      "type": "aws_api_gateway_deployment",
      "name": "tamotsu_deployment",
      "provider": "provider[\"registry.terraform.io/hashicorp/aws\"]",
      "instances": [
        {
          "schema_version": 0,
          "attributes": {
            "canary_settings": [],
            "created_date": "2024-07-30T07:50:06Z",
            "description": "",
            "execution_arn": "arn:aws:execute-api:ap-northeast-1:332260094679:xojk083ysh/dev",
            "id": "e6hkld",
            "invoke_url": "https://xojk083ysh.execute-api.ap-northeast-1.amazonaws.com/dev",
            "rest_api_id": "xojk083ysh",
            "stage_description": null,
            "stage_name": "dev",
            "triggers": {
              "redeployment": "a5fcf3ea38a14c84b69baab4dc2a987ef2174be9"
            },
            "variables": null
          },
          "sensitive_attributes": [],
          "private": "bnVsbA==",
          "dependencies": [
            "aws_api_gateway_integration.gw_method_integrations",
            "aws_api_gateway_integration.gw_options_integrations",
            "aws_api_gateway_method.gw_options",
            "aws_api_gateway_resource.auth_resource",
            "aws_api_gateway_resource.gw_resources",
            "aws_api_gateway_rest_api.tamotsu_api",
            "aws_cognito_user_pool.tamotsu_user_pool",
            "aws_cognito_user_pool_client.client",
            "aws_dynamodb_table.tamotsu_table",
            "aws_iam_role.lambda_role",
            "aws_lambda_layer_version.response-utils-layer",
            "aws_security_group.lambda_sg",
            "aws_subnet.private_subnet",
            "aws_vpc.tamotsu_vpc",
            "data.aws_lambda_layer_version.aws_sdk_layer",
            "data.aws_ses_domain_identity.tamotsu_domain",
            "module.lambda_functions.aws_lambda_function.function"
          ]
        }
      ]
    },
    {
      "mode": "managed",
      "type": "aws_api_gateway_domain_name",
      "name": "tamotsu_app",
      "provider": "provider[\"registry.terraform.io/hashicorp/aws\"]",
      "instances": [
        {
          "schema_version": 0,
          "attributes": {
            "arn": "arn:aws:apigateway:ap-northeast-1::/domainnames/api.tamotsu-app.com",
            "certificate_arn": "",
            "certificate_body": null,
            "certificate_chain": null,
            "certificate_name": "",
            "certificate_private_key": null,
            "certificate_upload_date": "2024-07-27T08:37:44Z",
            "cloudfront_domain_name": "",
            "cloudfront_zone_id": "Z2FDTNDATAQYW2",
            "domain_name": "api.tamotsu-app.com",
            "endpoint_configuration": [
              {
                "types": [
                  "REGIONAL"
                ]
              }
            ],
            "id": "api.tamotsu-app.com",
            "mutual_tls_authentication": [],
            "ownership_verification_certificate_arn": "",
            "regional_certificate_arn": "arn:aws:acm:ap-northeast-1:332260094679:certificate/162a490f-6694-4da1-9234-bcf9417110ec",
            "regional_certificate_name": "",
            "regional_domain_name": "d-nkiqgf74dj.execute-api.ap-northeast-1.amazonaws.com",
            "regional_zone_id": "Z1YSHQZHG15GKL",
            "security_policy": "TLS_1_2",
            "tags": {},
            "tags_all": {}
          },
          "sensitive_attributes": [
            [
              {
                "type": "get_attr",
                "value": "certificate_private_key"
              }
            ]
          ],
          "private": "bnVsbA==",
          "dependencies": [
            "aws_acm_certificate.api_tamotsu",
            "aws_acm_certificate_validation.api_tamotsu"
          ]
        }
      ]
    },
    {
      "mode": "managed",
      "type": "aws_api_gateway_integration",
      "name": "gw_method_integrations",
      "provider": "provider[\"registry.terraform.io/hashicorp/aws\"]",
      "instances": [
        {
          "index_key": "login_POST",
          "schema_version": 0,
          "attributes": {
            "cache_key_parameters": [],
            "cache_namespace": "yyx69c",
            "connection_id": "",
            "connection_type": "INTERNET",
            "content_handling": "",
            "credentials": "",
            "http_method": "POST",
            "id": "agi-xojk083ysh-yyx69c-POST",
            "integration_http_method": "POST",
            "passthrough_behavior": "WHEN_NO_MATCH",
            "request_parameters": {},
            "request_templates": {},
            "resource_id": "yyx69c",
            "rest_api_id": "xojk083ysh",
            "timeout_milliseconds": 29000,
            "tls_config": [],
            "type": "AWS_PROXY",
            "uri": "arn:aws:apigateway:ap-northeast-1:lambda:path/2015-03-31/functions/arn:aws:lambda:ap-northeast-1:332260094679:function:tamotsu-login-function/invocations"
          },
          "sensitive_attributes": [],
          "private": "bnVsbA==",
          "dependencies": [
            "aws_api_gateway_resource.auth_resource",
            "aws_api_gateway_resource.gw_resources",
            "aws_api_gateway_rest_api.tamotsu_api",
            "aws_cognito_user_pool.tamotsu_user_pool",
            "aws_cognito_user_pool_client.client",
            "aws_dynamodb_table.tamotsu_table",
            "aws_iam_role.lambda_role",
            "aws_lambda_layer_version.response-utils-layer",
            "aws_security_group.lambda_sg",
            "aws_subnet.private_subnet",
            "aws_vpc.tamotsu_vpc",
            "data.aws_lambda_layer_version.aws_sdk_layer",
            "data.aws_ses_domain_identity.tamotsu_domain",
            "module.lambda_functions.aws_lambda_function.function"
          ]
        },
        {
          "index_key": "register_POST",
          "schema_version": 0,
          "attributes": {
            "cache_key_parameters": [],
            "cache_namespace": "lkm5qi",
            "connection_id": "",
            "connection_type": "INTERNET",
            "content_handling": "",
            "credentials": "",
            "http_method": "POST",
            "id": "agi-xojk083ysh-lkm5qi-POST",
            "integration_http_method": "POST",
            "passthrough_behavior": "WHEN_NO_MATCH",
            "request_parameters": {},
            "request_templates": {},
            "resource_id": "lkm5qi",
            "rest_api_id": "xojk083ysh",
            "timeout_milliseconds": 29000,
            "tls_config": [],
            "type": "AWS_PROXY",
            "uri": "arn:aws:apigateway:ap-northeast-1:lambda:path/2015-03-31/functions/arn:aws:lambda:ap-northeast-1:332260094679:function:tamotsu-register-function/invocations"
          },
          "sensitive_attributes": [],
          "private": "bnVsbA==",
          "dependencies": [
            "aws_api_gateway_resource.auth_resource",
            "aws_api_gateway_resource.gw_resources",
            "aws_api_gateway_rest_api.tamotsu_api",
            "aws_cognito_user_pool.tamotsu_user_pool",
            "aws_cognito_user_pool_client.client",
            "aws_dynamodb_table.tamotsu_table",
            "aws_iam_role.lambda_role",
            "aws_lambda_layer_version.response-utils-layer",
            "aws_security_group.lambda_sg",
            "aws_subnet.private_subnet",
            "aws_vpc.tamotsu_vpc",
            "data.aws_lambda_layer_version.aws_sdk_layer",
            "data.aws_ses_domain_identity.tamotsu_domain",
            "module.lambda_functions.aws_lambda_function.function"
          ]
        },
        {
          "index_key": "verify-email_GET",
          "schema_version": 0,
          "attributes": {
            "cache_key_parameters": [],
            "cache_namespace": "g15qn4",
            "connection_id": "",
            "connection_type": "INTERNET",
            "content_handling": "",
            "credentials": "",
            "http_method": "GET",
            "id": "agi-xojk083ysh-g15qn4-GET",
            "integration_http_method": "POST",
            "passthrough_behavior": "WHEN_NO_MATCH",
            "request_parameters": {},
            "request_templates": {},
            "resource_id": "g15qn4",
            "rest_api_id": "xojk083ysh",
            "timeout_milliseconds": 29000,
            "tls_config": [],
            "type": "AWS_PROXY",
            "uri": "arn:aws:apigateway:ap-northeast-1:lambda:path/2015-03-31/functions/arn:aws:lambda:ap-northeast-1:332260094679:function:tamotsu-verify-email-function/invocations"
          },
          "sensitive_attributes": [],
          "private": "bnVsbA==",
          "dependencies": [
            "aws_api_gateway_resource.auth_resource",
            "aws_api_gateway_resource.gw_resources",
            "aws_api_gateway_rest_api.tamotsu_api",
            "aws_cognito_user_pool.tamotsu_user_pool",
            "aws_cognito_user_pool_client.client",
            "aws_dynamodb_table.tamotsu_table",
            "aws_iam_role.lambda_role",
            "aws_lambda_layer_version.response-utils-layer",
            "aws_security_group.lambda_sg",
            "aws_subnet.private_subnet",
            "aws_vpc.tamotsu_vpc",
            "data.aws_lambda_layer_version.aws_sdk_layer",
            "data.aws_ses_domain_identity.tamotsu_domain",
            "module.lambda_functions.aws_lambda_function.function"
          ]
        },
        {
          "index_key": "verify-email_POST",
          "schema_version": 0,
          "attributes": {
            "cache_key_parameters": [],
            "cache_namespace": "g15qn4",
            "connection_id": "",
            "connection_type": "INTERNET",
            "content_handling": "",
            "credentials": "",
            "http_method": "POST",
            "id": "agi-xojk083ysh-g15qn4-POST",
            "integration_http_method": "POST",
            "passthrough_behavior": "WHEN_NO_MATCH",
            "request_parameters": {},
            "request_templates": {},
            "resource_id": "g15qn4",
            "rest_api_id": "xojk083ysh",
            "timeout_milliseconds": 29000,
            "tls_config": [],
            "type": "AWS_PROXY",
            "uri": "arn:aws:apigateway:ap-northeast-1:lambda:path/2015-03-31/functions/arn:aws:lambda:ap-northeast-1:332260094679:function:tamotsu-verify-email-function/invocations"
          },
          "sensitive_attributes": [],
          "private": "bnVsbA==",
          "dependencies": [
            "aws_api_gateway_resource.auth_resource",
            "aws_api_gateway_resource.gw_resources",
            "aws_api_gateway_rest_api.tamotsu_api",
            "aws_cognito_user_pool.tamotsu_user_pool",
            "aws_cognito_user_pool_client.client",
            "aws_dynamodb_table.tamotsu_table",
            "aws_iam_role.lambda_role",
            "aws_lambda_layer_version.response-utils-layer",
            "aws_security_group.lambda_sg",
            "aws_subnet.private_subnet",
            "aws_vpc.tamotsu_vpc",
            "data.aws_lambda_layer_version.aws_sdk_layer",
            "data.aws_ses_domain_identity.tamotsu_domain",
            "module.lambda_functions.aws_lambda_function.function"
          ]
        }
      ]
    },
    {
      "mode": "managed",
      "type": "aws_api_gateway_integration",
      "name": "gw_options_integrations",
      "provider": "provider[\"registry.terraform.io/hashicorp/aws\"]",
      "instances": [
        {
          "index_key": "login",
          "schema_version": 0,
          "attributes": {
            "cache_key_parameters": [],
            "cache_namespace": "yyx69c",
            "connection_id": "",
            "connection_type": "INTERNET",
            "content_handling": "",
            "credentials": "",
            "http_method": "OPTIONS",
            "id": "agi-xojk083ysh-yyx69c-OPTIONS",
            "integration_http_method": "",
            "passthrough_behavior": "WHEN_NO_MATCH",
            "request_parameters": {},
            "request_templates": {
              "application/json": "{\"statusCode\":200}"
            },
            "resource_id": "yyx69c",
            "rest_api_id": "xojk083ysh",
            "timeout_milliseconds": 29000,
            "tls_config": [],
            "type": "MOCK",
            "uri": ""
          },
          "sensitive_attributes": [],
          "private": "bnVsbA==",
          "dependencies": [
            "aws_api_gateway_method.gw_options",
            "aws_api_gateway_resource.auth_resource",
            "aws_api_gateway_resource.gw_resources",
            "aws_api_gateway_rest_api.tamotsu_api",
            "aws_cognito_user_pool.tamotsu_user_pool",
            "aws_cognito_user_pool_client.client",
            "aws_dynamodb_table.tamotsu_table",
            "data.aws_ses_domain_identity.tamotsu_domain"
          ]
        },
        {
          "index_key": "register",
          "schema_version": 0,
          "attributes": {
            "cache_key_parameters": [],
            "cache_namespace": "lkm5qi",
            "connection_id": "",
            "connection_type": "INTERNET",
            "content_handling": "",
            "credentials": "",
            "http_method": "OPTIONS",
            "id": "agi-xojk083ysh-lkm5qi-OPTIONS",
            "integration_http_method": "",
            "passthrough_behavior": "WHEN_NO_MATCH",
            "request_parameters": {},
            "request_templates": {
              "application/json": "{\"statusCode\":200}"
            },
            "resource_id": "lkm5qi",
            "rest_api_id": "xojk083ysh",
            "timeout_milliseconds": 29000,
            "tls_config": [],
            "type": "MOCK",
            "uri": ""
          },
          "sensitive_attributes": [],
          "private": "bnVsbA==",
          "dependencies": [
            "aws_api_gateway_method.gw_options",
            "aws_api_gateway_resource.auth_resource",
            "aws_api_gateway_resource.gw_resources",
            "aws_api_gateway_rest_api.tamotsu_api",
            "aws_cognito_user_pool.tamotsu_user_pool",
            "aws_cognito_user_pool_client.client",
            "aws_dynamodb_table.tamotsu_table",
            "data.aws_ses_domain_identity.tamotsu_domain"
          ]
        },
        {
          "index_key": "verify-email",
          "schema_version": 0,
          "attributes": {
            "cache_key_parameters": [],
            "cache_namespace": "g15qn4",
            "connection_id": "",
            "connection_type": "INTERNET",
            "content_handling": "",
            "credentials": "",
            "http_method": "OPTIONS",
            "id": "agi-xojk083ysh-g15qn4-OPTIONS",
            "integration_http_method": "",
            "passthrough_behavior": "WHEN_NO_MATCH",
            "request_parameters": {},
            "request_templates": {
              "application/json": "{\"statusCode\":200}"
            },
            "resource_id": "g15qn4",
            "rest_api_id": "xojk083ysh",
            "timeout_milliseconds": 29000,
            "tls_config": [],
            "type": "MOCK",
            "uri": ""
          },
          "sensitive_attributes": [],
          "private": "bnVsbA==",
          "dependencies": [
            "aws_api_gateway_method.gw_options",
            "aws_api_gateway_resource.auth_resource",
            "aws_api_gateway_resource.gw_resources",
            "aws_api_gateway_rest_api.tamotsu_api",
            "aws_cognito_user_pool.tamotsu_user_pool",
            "aws_cognito_user_pool_client.client",
            "aws_dynamodb_table.tamotsu_table",
            "data.aws_ses_domain_identity.tamotsu_domain"
          ]
        }
      ]
    },
    {
      "mode": "managed",
      "type": "aws_api_gateway_integration_response",
      "name": "gw_method_integration_responses",
      "provider": "provider[\"registry.terraform.io/hashicorp/aws\"]",
      "instances": [
        {
          "index_key": "login_POST",
          "schema_version": 0,
          "attributes": {
            "content_handling": "",
            "http_method": "POST",
            "id": "agir-xojk083ysh-yyx69c-POST-200",
            "resource_id": "yyx69c",
            "response_parameters": {
              "method.response.header.Access-Control-Allow-Origin": "'*'"
            },
            "response_templates": {},
            "rest_api_id": "xojk083ysh",
            "selection_pattern": "",
            "status_code": "200"
          },
          "sensitive_attributes": [],
          "private": "bnVsbA==",
          "dependencies": [
            "aws_api_gateway_method_response.gw_method_reponses",
            "aws_api_gateway_resource.auth_resource",
            "aws_api_gateway_resource.gw_resources",
            "aws_api_gateway_rest_api.tamotsu_api",
            "aws_cognito_user_pool.tamotsu_user_pool",
            "aws_cognito_user_pool_client.client",
            "aws_dynamodb_table.tamotsu_table",
            "data.aws_ses_domain_identity.tamotsu_domain"
          ]
        },
        {
          "index_key": "register_POST",
          "schema_version": 0,
          "attributes": {
            "content_handling": "",
            "http_method": "POST",
            "id": "agir-xojk083ysh-lkm5qi-POST-200",
            "resource_id": "lkm5qi",
            "response_parameters": {
              "method.response.header.Access-Control-Allow-Origin": "'*'"
            },
            "response_templates": {},
            "rest_api_id": "xojk083ysh",
            "selection_pattern": "",
            "status_code": "200"
          },
          "sensitive_attributes": [],
          "private": "bnVsbA==",
          "dependencies": [
            "aws_api_gateway_method_response.gw_method_reponses",
            "aws_api_gateway_resource.auth_resource",
            "aws_api_gateway_resource.gw_resources",
            "aws_api_gateway_rest_api.tamotsu_api",
            "aws_cognito_user_pool.tamotsu_user_pool",
            "aws_cognito_user_pool_client.client",
            "aws_dynamodb_table.tamotsu_table",
            "data.aws_ses_domain_identity.tamotsu_domain"
          ]
        },
        {
          "index_key": "verify-email_GET",
          "schema_version": 0,
          "attributes": {
            "content_handling": "",
            "http_method": "GET",
            "id": "agir-xojk083ysh-g15qn4-GET-200",
            "resource_id": "g15qn4",
            "response_parameters": {
              "method.response.header.Access-Control-Allow-Origin": "'*'"
            },
            "response_templates": {},
            "rest_api_id": "xojk083ysh",
            "selection_pattern": "",
            "status_code": "200"
          },
          "sensitive_attributes": [],
          "private": "bnVsbA==",
          "dependencies": [
            "aws_api_gateway_method_response.gw_method_reponses",
            "aws_api_gateway_resource.auth_resource",
            "aws_api_gateway_resource.gw_resources",
            "aws_api_gateway_rest_api.tamotsu_api",
            "aws_cognito_user_pool.tamotsu_user_pool",
            "aws_cognito_user_pool_client.client",
            "aws_dynamodb_table.tamotsu_table",
            "data.aws_ses_domain_identity.tamotsu_domain"
          ]
        },
        {
          "index_key": "verify-email_POST",
          "schema_version": 0,
          "attributes": {
            "content_handling": "",
            "http_method": "POST",
            "id": "agir-xojk083ysh-g15qn4-POST-200",
            "resource_id": "g15qn4",
            "response_parameters": {
              "method.response.header.Access-Control-Allow-Origin": "'*'"
            },
            "response_templates": {},
            "rest_api_id": "xojk083ysh",
            "selection_pattern": "",
            "status_code": "200"
          },
          "sensitive_attributes": [],
          "private": "bnVsbA==",
          "dependencies": [
            "aws_api_gateway_method_response.gw_method_reponses",
            "aws_api_gateway_resource.auth_resource",
            "aws_api_gateway_resource.gw_resources",
            "aws_api_gateway_rest_api.tamotsu_api",
            "aws_cognito_user_pool.tamotsu_user_pool",
            "aws_cognito_user_pool_client.client",
            "aws_dynamodb_table.tamotsu_table",
            "data.aws_ses_domain_identity.tamotsu_domain"
          ]
        }
      ]
    },
    {
      "mode": "managed",
      "type": "aws_api_gateway_integration_response",
      "name": "gw_options_integration_responses",
      "provider": "provider[\"registry.terraform.io/hashicorp/aws\"]",
      "instances": [
        {
          "index_key": "login",
          "schema_version": 0,
          "attributes": {
            "content_handling": "",
            "http_method": "OPTIONS",
            "id": "agir-xojk083ysh-yyx69c-OPTIONS-200",
            "resource_id": "yyx69c",
            "response_parameters": {
              "method.response.header.Access-Control-Allow-Headers": "'Content-Type,X-Amz-Date,Authorization,X-Api-Key,X-Amz-Security-Token'",
              "method.response.header.Access-Control-Allow-Methods": "'GET,OPTIONS,POST,PUT'",
              "method.response.header.Access-Control-Allow-Origin": "'*'"
            },
            "response_templates": {},
            "rest_api_id": "xojk083ysh",
            "selection_pattern": "",
            "status_code": "200"
          },
          "sensitive_attributes": [],
          "private": "bnVsbA==",
          "dependencies": [
            "aws_api_gateway_integration.gw_options_integrations",
            "aws_api_gateway_method.gw_options",
            "aws_api_gateway_method_response.gw_options_responses",
            "aws_api_gateway_resource.auth_resource",
            "aws_api_gateway_resource.gw_resources",
            "aws_api_gateway_rest_api.tamotsu_api",
            "aws_cognito_user_pool.tamotsu_user_pool",
            "aws_cognito_user_pool_client.client",
            "aws_dynamodb_table.tamotsu_table",
            "data.aws_ses_domain_identity.tamotsu_domain"
          ]
        },
        {
          "index_key": "register",
          "schema_version": 0,
          "attributes": {
            "content_handling": "",
            "http_method": "OPTIONS",
            "id": "agir-xojk083ysh-lkm5qi-OPTIONS-200",
            "resource_id": "lkm5qi",
            "response_parameters": {
              "method.response.header.Access-Control-Allow-Headers": "'Content-Type,X-Amz-Date,Authorization,X-Api-Key,X-Amz-Security-Token'",
              "method.response.header.Access-Control-Allow-Methods": "'GET,OPTIONS,POST,PUT'",
              "method.response.header.Access-Control-Allow-Origin": "'*'"
            },
            "response_templates": {},
            "rest_api_id": "xojk083ysh",
            "selection_pattern": "",
            "status_code": "200"
          },
          "sensitive_attributes": [],
          "private": "bnVsbA==",
          "dependencies": [
            "aws_api_gateway_integration.gw_options_integrations",
            "aws_api_gateway_method.gw_options",
            "aws_api_gateway_method_response.gw_options_responses",
            "aws_api_gateway_resource.auth_resource",
            "aws_api_gateway_resource.gw_resources",
            "aws_api_gateway_rest_api.tamotsu_api",
            "aws_cognito_user_pool.tamotsu_user_pool",
            "aws_cognito_user_pool_client.client",
            "aws_dynamodb_table.tamotsu_table",
            "data.aws_ses_domain_identity.tamotsu_domain"
          ]
        },
        {
          "index_key": "verify-email",
          "schema_version": 0,
          "attributes": {
            "content_handling": "",
            "http_method": "OPTIONS",
            "id": "agir-xojk083ysh-g15qn4-OPTIONS-200",
            "resource_id": "g15qn4",
            "response_parameters": {
              "method.response.header.Access-Control-Allow-Headers": "'Content-Type,X-Amz-Date,Authorization,X-Api-Key,X-Amz-Security-Token'",
              "method.response.header.Access-Control-Allow-Methods": "'GET,OPTIONS,POST,PUT'",
              "method.response.header.Access-Control-Allow-Origin": "'*'"
            },
            "response_templates": {},
            "rest_api_id": "xojk083ysh",
            "selection_pattern": "",
            "status_code": "200"
          },
          "sensitive_attributes": [],
          "private": "bnVsbA==",
          "dependencies": [
            "aws_api_gateway_integration.gw_options_integrations",
            "aws_api_gateway_method.gw_options",
            "aws_api_gateway_method_response.gw_options_responses",
            "aws_api_gateway_resource.auth_resource",
            "aws_api_gateway_resource.gw_resources",
            "aws_api_gateway_rest_api.tamotsu_api",
            "aws_cognito_user_pool.tamotsu_user_pool",
            "aws_cognito_user_pool_client.client",
            "aws_dynamodb_table.tamotsu_table",
            "data.aws_ses_domain_identity.tamotsu_domain"
          ]
        }
      ]
    },
    {
      "mode": "managed",
      "type": "aws_api_gateway_method",
      "name": "gw_methods",
      "provider": "provider[\"registry.terraform.io/hashicorp/aws\"]",
      "instances": [
        {
          "index_key": "login_POST",
          "schema_version": 0,
          "attributes": {
            "api_key_required": false,
            "authorization": "NONE",
            "authorization_scopes": [],
            "authorizer_id": "",
            "http_method": "POST",
            "id": "agm-xojk083ysh-yyx69c-POST",
            "operation_name": "",
            "request_models": {},
            "request_parameters": {},
            "request_validator_id": "",
            "resource_id": "yyx69c",
            "rest_api_id": "xojk083ysh"
          },
          "sensitive_attributes": [],
          "private": "bnVsbA==",
          "dependencies": [
            "aws_api_gateway_resource.auth_resource",
            "aws_api_gateway_resource.gw_resources",
            "aws_api_gateway_rest_api.tamotsu_api",
            "aws_cognito_user_pool.tamotsu_user_pool",
            "aws_cognito_user_pool_client.client",
            "aws_dynamodb_table.tamotsu_table",
            "data.aws_ses_domain_identity.tamotsu_domain"
          ]
        },
        {
          "index_key": "register_POST",
          "schema_version": 0,
          "attributes": {
            "api_key_required": false,
            "authorization": "NONE",
            "authorization_scopes": [],
            "authorizer_id": "",
            "http_method": "POST",
            "id": "agm-xojk083ysh-lkm5qi-POST",
            "operation_name": "",
            "request_models": {},
            "request_parameters": {},
            "request_validator_id": "",
            "resource_id": "lkm5qi",
            "rest_api_id": "xojk083ysh"
          },
          "sensitive_attributes": [],
          "private": "bnVsbA==",
          "dependencies": [
            "aws_api_gateway_resource.auth_resource",
            "aws_api_gateway_resource.gw_resources",
            "aws_api_gateway_rest_api.tamotsu_api",
            "aws_cognito_user_pool.tamotsu_user_pool",
            "aws_cognito_user_pool_client.client",
            "aws_dynamodb_table.tamotsu_table",
            "data.aws_ses_domain_identity.tamotsu_domain"
          ]
        },
        {
          "index_key": "verify-email_GET",
          "schema_version": 0,
          "attributes": {
            "api_key_required": false,
            "authorization": "NONE",
            "authorization_scopes": [],
            "authorizer_id": "",
            "http_method": "GET",
            "id": "agm-xojk083ysh-g15qn4-GET",
            "operation_name": "",
            "request_models": {},
            "request_parameters": {},
            "request_validator_id": "",
            "resource_id": "g15qn4",
            "rest_api_id": "xojk083ysh"
          },
          "sensitive_attributes": [],
          "private": "bnVsbA==",
          "dependencies": [
            "aws_api_gateway_resource.auth_resource",
            "aws_api_gateway_resource.gw_resources",
            "aws_api_gateway_rest_api.tamotsu_api",
            "aws_cognito_user_pool.tamotsu_user_pool",
            "aws_cognito_user_pool_client.client",
            "aws_dynamodb_table.tamotsu_table",
            "data.aws_ses_domain_identity.tamotsu_domain"
          ]
        },
        {
          "index_key": "verify-email_POST",
          "schema_version": 0,
          "attributes": {
            "api_key_required": false,
            "authorization": "NONE",
            "authorization_scopes": [],
            "authorizer_id": "",
            "http_method": "POST",
            "id": "agm-xojk083ysh-g15qn4-POST",
            "operation_name": "",
            "request_models": {},
            "request_parameters": {},
            "request_validator_id": "",
            "resource_id": "g15qn4",
            "rest_api_id": "xojk083ysh"
          },
          "sensitive_attributes": [],
          "private": "bnVsbA==",
          "dependencies": [
            "aws_api_gateway_resource.auth_resource",
            "aws_api_gateway_resource.gw_resources",
            "aws_api_gateway_rest_api.tamotsu_api",
            "aws_cognito_user_pool.tamotsu_user_pool",
            "aws_cognito_user_pool_client.client",
            "aws_dynamodb_table.tamotsu_table",
            "data.aws_ses_domain_identity.tamotsu_domain"
          ]
        }
      ]
    },
    {
      "mode": "managed",
      "type": "aws_api_gateway_method",
      "name": "gw_options",
      "provider": "provider[\"registry.terraform.io/hashicorp/aws\"]",
      "instances": [
        {
          "index_key": "login",
          "schema_version": 0,
          "attributes": {
            "api_key_required": false,
            "authorization": "NONE",
            "authorization_scopes": [],
            "authorizer_id": "",
            "http_method": "OPTIONS",
            "id": "agm-xojk083ysh-yyx69c-OPTIONS",
            "operation_name": "",
            "request_models": {},
            "request_parameters": {},
            "request_validator_id": "",
            "resource_id": "yyx69c",
            "rest_api_id": "xojk083ysh"
          },
          "sensitive_attributes": [],
          "private": "bnVsbA==",
          "dependencies": [
            "aws_api_gateway_resource.auth_resource",
            "aws_api_gateway_resource.gw_resources",
            "aws_api_gateway_rest_api.tamotsu_api",
            "aws_cognito_user_pool.tamotsu_user_pool",
            "aws_cognito_user_pool_client.client",
            "aws_dynamodb_table.tamotsu_table",
            "data.aws_ses_domain_identity.tamotsu_domain"
          ]
        },
        {
          "index_key": "register",
          "schema_version": 0,
          "attributes": {
            "api_key_required": false,
            "authorization": "NONE",
            "authorization_scopes": [],
            "authorizer_id": "",
            "http_method": "OPTIONS",
            "id": "agm-xojk083ysh-lkm5qi-OPTIONS",
            "operation_name": "",
            "request_models": {},
            "request_parameters": {},
            "request_validator_id": "",
            "resource_id": "lkm5qi",
            "rest_api_id": "xojk083ysh"
          },
          "sensitive_attributes": [],
          "private": "bnVsbA==",
          "dependencies": [
            "aws_api_gateway_resource.auth_resource",
            "aws_api_gateway_resource.gw_resources",
            "aws_api_gateway_rest_api.tamotsu_api",
            "aws_cognito_user_pool.tamotsu_user_pool",
            "aws_cognito_user_pool_client.client",
            "aws_dynamodb_table.tamotsu_table",
            "data.aws_ses_domain_identity.tamotsu_domain"
          ]
        },
        {
          "index_key": "verify-email",
          "schema_version": 0,
          "attributes": {
            "api_key_required": false,
            "authorization": "NONE",
            "authorization_scopes": [],
            "authorizer_id": "",
            "http_method": "OPTIONS",
            "id": "agm-xojk083ysh-g15qn4-OPTIONS",
            "operation_name": "",
            "request_models": {},
            "request_parameters": {},
            "request_validator_id": "",
            "resource_id": "g15qn4",
            "rest_api_id": "xojk083ysh"
          },
          "sensitive_attributes": [],
          "private": "bnVsbA==",
          "dependencies": [
            "aws_api_gateway_resource.auth_resource",
            "aws_api_gateway_resource.gw_resources",
            "aws_api_gateway_rest_api.tamotsu_api",
            "aws_cognito_user_pool.tamotsu_user_pool",
            "aws_cognito_user_pool_client.client",
            "aws_dynamodb_table.tamotsu_table",
            "data.aws_ses_domain_identity.tamotsu_domain"
          ]
        }
      ]
    },
    {
      "mode": "managed",
      "type": "aws_api_gateway_method_response",
      "name": "gw_method_reponses",
      "provider": "provider[\"registry.terraform.io/hashicorp/aws\"]",
      "instances": [
        {
          "index_key": "login_POST",
          "schema_version": 0,
          "attributes": {
            "http_method": "POST",
            "id": "agmr-xojk083ysh-yyx69c-POST-200",
            "resource_id": "yyx69c",
            "response_models": {},
            "response_parameters": {
              "method.response.header.Access-Control-Allow-Origin": true
            },
            "rest_api_id": "xojk083ysh",
            "status_code": "200"
          },
          "sensitive_attributes": [],
          "private": "bnVsbA==",
          "dependencies": [
            "aws_api_gateway_resource.auth_resource",
            "aws_api_gateway_resource.gw_resources",
            "aws_api_gateway_rest_api.tamotsu_api",
            "aws_cognito_user_pool.tamotsu_user_pool",
            "aws_cognito_user_pool_client.client",
            "aws_dynamodb_table.tamotsu_table",
            "data.aws_ses_domain_identity.tamotsu_domain"
          ]
        },
        {
          "index_key": "register_POST",
          "schema_version": 0,
          "attributes": {
            "http_method": "POST",
            "id": "agmr-xojk083ysh-lkm5qi-POST-200",
            "resource_id": "lkm5qi",
            "response_models": {},
            "response_parameters": {
              "method.response.header.Access-Control-Allow-Origin": true
            },
            "rest_api_id": "xojk083ysh",
            "status_code": "200"
          },
          "sensitive_attributes": [],
          "private": "bnVsbA==",
          "dependencies": [
            "aws_api_gateway_resource.auth_resource",
            "aws_api_gateway_resource.gw_resources",
            "aws_api_gateway_rest_api.tamotsu_api",
            "aws_cognito_user_pool.tamotsu_user_pool",
            "aws_cognito_user_pool_client.client",
            "aws_dynamodb_table.tamotsu_table",
            "data.aws_ses_domain_identity.tamotsu_domain"
          ]
        },
        {
          "index_key": "verify-email_GET",
          "schema_version": 0,
          "attributes": {
            "http_method": "GET",
            "id": "agmr-xojk083ysh-g15qn4-GET-200",
            "resource_id": "g15qn4",
            "response_models": {},
            "response_parameters": {
              "method.response.header.Access-Control-Allow-Origin": true
            },
            "rest_api_id": "xojk083ysh",
            "status_code": "200"
          },
          "sensitive_attributes": [],
          "private": "bnVsbA==",
          "dependencies": [
            "aws_api_gateway_resource.auth_resource",
            "aws_api_gateway_resource.gw_resources",
            "aws_api_gateway_rest_api.tamotsu_api",
            "aws_cognito_user_pool.tamotsu_user_pool",
            "aws_cognito_user_pool_client.client",
            "aws_dynamodb_table.tamotsu_table",
            "data.aws_ses_domain_identity.tamotsu_domain"
          ]
        },
        {
          "index_key": "verify-email_POST",
          "schema_version": 0,
          "attributes": {
            "http_method": "POST",
            "id": "agmr-xojk083ysh-g15qn4-POST-200",
            "resource_id": "g15qn4",
            "response_models": {},
            "response_parameters": {
              "method.response.header.Access-Control-Allow-Origin": true
            },
            "rest_api_id": "xojk083ysh",
            "status_code": "200"
          },
          "sensitive_attributes": [],
          "private": "bnVsbA==",
          "dependencies": [
            "aws_api_gateway_resource.auth_resource",
            "aws_api_gateway_resource.gw_resources",
            "aws_api_gateway_rest_api.tamotsu_api",
            "aws_cognito_user_pool.tamotsu_user_pool",
            "aws_cognito_user_pool_client.client",
            "aws_dynamodb_table.tamotsu_table",
            "data.aws_ses_domain_identity.tamotsu_domain"
          ]
        }
      ]
    },
    {
      "mode": "managed",
      "type": "aws_api_gateway_method_response",
      "name": "gw_options_responses",
      "provider": "provider[\"registry.terraform.io/hashicorp/aws\"]",
      "instances": [
        {
          "index_key": "login",
          "schema_version": 0,
          "attributes": {
            "http_method": "OPTIONS",
            "id": "agmr-xojk083ysh-yyx69c-OPTIONS-200",
            "resource_id": "yyx69c",
            "response_models": {
              "application/json": "Empty"
            },
            "response_parameters": {
              "method.response.header.Access-Control-Allow-Headers": true,
              "method.response.header.Access-Control-Allow-Methods": true,
              "method.response.header.Access-Control-Allow-Origin": true
            },
            "rest_api_id": "xojk083ysh",
            "status_code": "200"
          },
          "sensitive_attributes": [],
          "private": "bnVsbA==",
          "dependencies": [
            "aws_api_gateway_method.gw_options",
            "aws_api_gateway_resource.auth_resource",
            "aws_api_gateway_resource.gw_resources",
            "aws_api_gateway_rest_api.tamotsu_api",
            "aws_cognito_user_pool.tamotsu_user_pool",
            "aws_cognito_user_pool_client.client",
            "aws_dynamodb_table.tamotsu_table",
            "data.aws_ses_domain_identity.tamotsu_domain"
          ]
        },
        {
          "index_key": "register",
          "schema_version": 0,
          "attributes": {
            "http_method": "OPTIONS",
            "id": "agmr-xojk083ysh-lkm5qi-OPTIONS-200",
            "resource_id": "lkm5qi",
            "response_models": {
              "application/json": "Empty"
            },
            "response_parameters": {
              "method.response.header.Access-Control-Allow-Headers": true,
              "method.response.header.Access-Control-Allow-Methods": true,
              "method.response.header.Access-Control-Allow-Origin": true
            },
            "rest_api_id": "xojk083ysh",
            "status_code": "200"
          },
          "sensitive_attributes": [],
          "private": "bnVsbA==",
          "dependencies": [
            "aws_api_gateway_method.gw_options",
            "aws_api_gateway_resource.auth_resource",
            "aws_api_gateway_resource.gw_resources",
            "aws_api_gateway_rest_api.tamotsu_api",
            "aws_cognito_user_pool.tamotsu_user_pool",
            "aws_cognito_user_pool_client.client",
            "aws_dynamodb_table.tamotsu_table",
            "data.aws_ses_domain_identity.tamotsu_domain"
          ]
        },
        {
          "index_key": "verify-email",
          "schema_version": 0,
          "attributes": {
            "http_method": "OPTIONS",
            "id": "agmr-xojk083ysh-g15qn4-OPTIONS-200",
            "resource_id": "g15qn4",
            "response_models": {
              "application/json": "Empty"
            },
            "response_parameters": {
              "method.response.header.Access-Control-Allow-Headers": true,
              "method.response.header.Access-Control-Allow-Methods": true,
              "method.response.header.Access-Control-Allow-Origin": true
            },
            "rest_api_id": "xojk083ysh",
            "status_code": "200"
          },
          "sensitive_attributes": [],
          "private": "bnVsbA==",
          "dependencies": [
            "aws_api_gateway_method.gw_options",
            "aws_api_gateway_resource.auth_resource",
            "aws_api_gateway_resource.gw_resources",
            "aws_api_gateway_rest_api.tamotsu_api",
            "aws_cognito_user_pool.tamotsu_user_pool",
            "aws_cognito_user_pool_client.client",
            "aws_dynamodb_table.tamotsu_table",
            "data.aws_ses_domain_identity.tamotsu_domain"
          ]
        }
      ]
    },
    {
      "mode": "managed",
      "type": "aws_api_gateway_resource",
      "name": "auth_resource",
      "provider": "provider[\"registry.terraform.io/hashicorp/aws\"]",
      "instances": [
        {
          "schema_version": 0,
          "attributes": {
            "id": "7gbt2t",
            "parent_id": "pr1xvw8no2",
            "path": "/auth",
            "path_part": "auth",
            "rest_api_id": "xojk083ysh"
          },
          "sensitive_attributes": [],
          "private": "bnVsbA==",
          "dependencies": [
            "aws_api_gateway_rest_api.tamotsu_api"
          ]
        }
      ]
    },
    {
      "mode": "managed",
      "type": "aws_api_gateway_resource",
      "name": "chat_resource",
      "provider": "provider[\"registry.terraform.io/hashicorp/aws\"]",
      "instances": [
        {
          "schema_version": 0,
          "attributes": {
            "id": "xu39ll",
            "parent_id": "pr1xvw8no2",
            "path": "/chat",
            "path_part": "chat",
            "rest_api_id": "xojk083ysh"
          },
          "sensitive_attributes": [],
          "private": "bnVsbA==",
          "dependencies": [
            "aws_api_gateway_rest_api.tamotsu_api"
          ]
        }
      ]
    },
    {
      "mode": "managed",
      "type": "aws_api_gateway_resource",
      "name": "gw_resources",
      "provider": "provider[\"registry.terraform.io/hashicorp/aws\"]",
      "instances": [
        {
          "index_key": "login",
          "schema_version": 0,
          "attributes": {
            "id": "yyx69c",
            "parent_id": "7gbt2t",
            "path": "/auth/login",
            "path_part": "login",
            "rest_api_id": "xojk083ysh"
          },
          "sensitive_attributes": [],
          "private": "bnVsbA==",
          "dependencies": [
            "aws_api_gateway_resource.auth_resource",
            "aws_api_gateway_rest_api.tamotsu_api",
            "aws_cognito_user_pool.tamotsu_user_pool",
            "aws_cognito_user_pool_client.client",
            "aws_dynamodb_table.tamotsu_table",
            "data.aws_ses_domain_identity.tamotsu_domain"
          ]
        },
        {
          "index_key": "register",
          "schema_version": 0,
          "attributes": {
            "id": "lkm5qi",
            "parent_id": "7gbt2t",
            "path": "/auth/register",
            "path_part": "register",
            "rest_api_id": "xojk083ysh"
          },
          "sensitive_attributes": [],
          "private": "bnVsbA==",
          "dependencies": [
            "aws_api_gateway_resource.auth_resource",
            "aws_api_gateway_rest_api.tamotsu_api",
            "aws_cognito_user_pool.tamotsu_user_pool",
            "aws_cognito_user_pool_client.client",
            "aws_dynamodb_table.tamotsu_table",
            "data.aws_ses_domain_identity.tamotsu_domain"
          ]
        },
        {
          "index_key": "verify-email",
          "schema_version": 0,
          "attributes": {
            "id": "g15qn4",
            "parent_id": "7gbt2t",
            "path": "/auth/verify-email",
            "path_part": "verify-email",
            "rest_api_id": "xojk083ysh"
          },
          "sensitive_attributes": [],
          "private": "bnVsbA==",
          "dependencies": [
            "aws_api_gateway_resource.auth_resource",
            "aws_api_gateway_rest_api.tamotsu_api",
            "aws_cognito_user_pool.tamotsu_user_pool",
            "aws_cognito_user_pool_client.client",
            "aws_dynamodb_table.tamotsu_table",
            "data.aws_ses_domain_identity.tamotsu_domain"
          ]
        }
      ]
    },
    {
      "mode": "managed",
      "type": "aws_api_gateway_resource",
      "name": "health_resource",
      "provider": "provider[\"registry.terraform.io/hashicorp/aws\"]",
      "instances": [
        {
          "schema_version": 0,
          "attributes": {
            "id": "qqgfsk",
            "parent_id": "pr1xvw8no2",
            "path": "/health",
            "path_part": "health",
            "rest_api_id": "xojk083ysh"
          },
          "sensitive_attributes": [],
          "private": "bnVsbA==",
          "dependencies": [
            "aws_api_gateway_rest_api.tamotsu_api"
          ]
        }
      ]
    },
    {
      "mode": "managed",
      "type": "aws_api_gateway_resource",
      "name": "nutritionists_resource",
      "provider": "provider[\"registry.terraform.io/hashicorp/aws\"]",
      "instances": [
        {
          "schema_version": 0,
          "attributes": {
            "id": "zimdbi",
            "parent_id": "pr1xvw8no2",
            "path": "/nutritionists",
            "path_part": "nutritionists",
            "rest_api_id": "xojk083ysh"
          },
          "sensitive_attributes": [],
          "private": "bnVsbA==",
          "dependencies": [
            "aws_api_gateway_rest_api.tamotsu_api"
          ]
        }
      ]
    },
    {
      "mode": "managed",
      "type": "aws_api_gateway_resource",
      "name": "users_resource",
      "provider": "provider[\"registry.terraform.io/hashicorp/aws\"]",
      "instances": [
        {
          "schema_version": 0,
          "attributes": {
            "id": "uqsyv5",
            "parent_id": "pr1xvw8no2",
            "path": "/users",
            "path_part": "users",
            "rest_api_id": "xojk083ysh"
          },
          "sensitive_attributes": [],
          "private": "bnVsbA==",
          "dependencies": [
            "aws_api_gateway_rest_api.tamotsu_api"
          ]
        }
      ]
    },
    {
      "mode": "managed",
      "type": "aws_api_gateway_rest_api",
      "name": "tamotsu_api",
      "provider": "provider[\"registry.terraform.io/hashicorp/aws\"]",
      "instances": [
        {
          "schema_version": 0,
          "attributes": {
            "api_key_source": "HEADER",
            "arn": "arn:aws:apigateway:ap-northeast-1::/restapis/xojk083ysh",
            "binary_media_types": [],
            "body": null,
            "created_date": "2024-07-27T08:20:22Z",
            "description": "API Gateway for TAMOTSU",
            "disable_execute_api_endpoint": false,
            "endpoint_configuration": [
              {
                "types": [
                  "REGIONAL"
                ],
                "vpc_endpoint_ids": []
              }
            ],
            "execution_arn": "arn:aws:execute-api:ap-northeast-1:332260094679:xojk083ysh",
            "fail_on_warnings": null,
            "id": "xojk083ysh",
            "minimum_compression_size": "",
            "name": "tamotsu-api",
            "parameters": null,
            "policy": "",
            "put_rest_api_mode": null,
            "root_resource_id": "pr1xvw8no2",
            "tags": {},
            "tags_all": {}
          },
          "sensitive_attributes": [],
          "private": "bnVsbA=="
        }
      ]
    },
    {
      "mode": "managed",
      "type": "aws_cloudfront_distribution",
      "name": "tamotsu_webapp",
      "provider": "provider[\"registry.terraform.io/hashicorp/aws\"]",
      "instances": [
        {
          "schema_version": 1,
          "attributes": {
            "aliases": [
              "tamotsu-app.com"
            ],
            "arn": "arn:aws:cloudfront::332260094679:distribution/E26NN1C3Y3GTBF",
            "caller_reference": "terraform-20240727085003237800000001",
            "comment": null,
            "continuous_deployment_policy_id": "",
            "custom_error_response": [
              {
                "error_caching_min_ttl": 0,
                "error_code": 404,
                "response_code": 200,
                "response_page_path": "/index.html"
              }
            ],
            "default_cache_behavior": [
              {
                "allowed_methods": [
                  "GET",
                  "HEAD"
                ],
                "cache_policy_id": "",
                "cached_methods": [
                  "GET",
                  "HEAD"
                ],
                "compress": false,
                "default_ttl": 3600,
                "field_level_encryption_id": "",
                "forwarded_values": [
                  {
                    "cookies": [
                      {
                        "forward": "none",
                        "whitelisted_names": []
                      }
                    ],
                    "headers": [],
                    "query_string": false,
                    "query_string_cache_keys": []
                  }
                ],
                "function_association": [
                  {
                    "event_type": "viewer-request",
                    "function_arn": "arn:aws:cloudfront::332260094679:function/add-index-html"
                  }
                ],
                "lambda_function_association": [],
                "max_ttl": 86400,
                "min_ttl": 0,
                "origin_request_policy_id": "",
                "realtime_log_config_arn": "",
                "response_headers_policy_id": "",
                "smooth_streaming": false,
                "target_origin_id": "S3-tamotsu-webapp",
                "trusted_key_groups": [],
                "trusted_signers": [],
                "viewer_protocol_policy": "redirect-to-https"
              }
            ],
            "default_root_object": "index.html",
            "domain_name": "d21hb4lisnjdwa.cloudfront.net",
            "enabled": true,
            "etag": "E13RD2FQD1BY03",
            "hosted_zone_id": "Z2FDTNDATAQYW2",
            "http_version": "http2",
            "id": "E26NN1C3Y3GTBF",
            "in_progress_validation_batches": 0,
            "is_ipv6_enabled": false,
            "last_modified_time": "2024-07-30 07:23:30.711 +0000 UTC",
            "logging_config": [],
            "ordered_cache_behavior": [],
            "origin": [
              {
                "connection_attempts": 3,
                "connection_timeout": 10,
                "custom_header": [],
                "custom_origin_config": [],
                "domain_name": "tamotsu-webapp.s3.ap-northeast-1.amazonaws.com",
                "origin_access_control_id": "E33MN0NASUKEH6",
                "origin_id": "S3-tamotsu-webapp",
                "origin_path": "",
                "origin_shield": [],
                "s3_origin_config": []
              }
            ],
            "origin_group": [],
            "price_class": "PriceClass_All",
            "restrictions": [
              {
                "geo_restriction": [
                  {
                    "locations": [],
                    "restriction_type": "none"
                  }
                ]
              }
            ],
            "retain_on_delete": false,
            "staging": false,
            "status": "Deployed",
            "tags": {},
            "tags_all": {},
            "trusted_key_groups": [
              {
                "enabled": false,
                "items": []
              }
            ],
            "trusted_signers": [
              {
                "enabled": false,
                "items": []
              }
            ],
            "viewer_certificate": [
              {
                "acm_certificate_arn": "arn:aws:acm:us-east-1:332260094679:certificate/cf61f978-9084-413d-8c25-33e818accaa8",
                "cloudfront_default_certificate": false,
                "iam_certificate_id": "",
                "minimum_protocol_version": "TLSv1",
                "ssl_support_method": "sni-only"
              }
            ],
            "wait_for_deployment": true,
            "web_acl_id": ""
          },
          "sensitive_attributes": [],
          "private": "eyJzY2hlbWFfdmVyc2lvbiI6IjEifQ==",
          "dependencies": [
            "aws_cloudfront_function.add_index_html",
            "aws_cloudfront_origin_access_control.default",
            "aws_s3_bucket.tamotsu_webapp",
            "data.aws_acm_certificate.tamotsu_webapp"
          ],
          "create_before_destroy": true
        }
      ]
    },
    {
      "mode": "managed",
      "type": "aws_cloudfront_function",
      "name": "add_index_html",
      "provider": "provider[\"registry.terraform.io/hashicorp/aws\"]",
      "instances": [
        {
          "schema_version": 0,
          "attributes": {
            "arn": "arn:aws:cloudfront::332260094679:function/add-index-html",
            "code": "function handler(event) {\r\n    var request = event.request;\r\n    var uri = request.uri;\r\n    \r\n    // Check whether the URI is missing a file name.\r\n    if (uri.endsWith('/')) {\r\n        request.uri += 'index.html';\r\n    } \r\n    // Check whether the URI is missing a file extension.\r\n    else if (!uri.includes('.')) {\r\n        request.uri += '/index.html';\r\n    }\r\n\r\n    return request;\r\n}\r\n",
            "comment": "Add index.html to URLs without a file name",
            "etag": "ETVPDKIKX0DER",
            "id": "add-index-html",
            "key_value_store_associations": [],
            "live_stage_etag": "ETVPDKIKX0DER",
            "name": "add-index-html",
            "publish": true,
            "runtime": "cloudfront-js-1.0",
            "status": "DEPLOYED"
          },
          "sensitive_attributes": [],
          "private": "bnVsbA==",
          "create_before_destroy": true
        }
      ]
    },
    {
      "mode": "managed",
      "type": "aws_cloudfront_origin_access_control",
      "name": "default",
      "provider": "provider[\"registry.terraform.io/hashicorp/aws\"]",
      "instances": [
        {
          "schema_version": 0,
          "attributes": {
            "description": "Origin Access Control for S3",
            "etag": "ETVPDKIKX0DER",
            "id": "E33MN0NASUKEH6",
            "name": "S3 OAC for tamotsu-webapp",
            "origin_access_control_origin_type": "s3",
            "signing_behavior": "always",
            "signing_protocol": "sigv4"
          },
          "sensitive_attributes": [],
          "private": "bnVsbA==",
          "dependencies": [
            "aws_s3_bucket.tamotsu_webapp"
          ],
          "create_before_destroy": true
        }
      ]
    },
    {
      "mode": "managed",
      "type": "aws_cognito_user_pool",
      "name": "tamotsu_user_pool",
      "provider": "provider[\"registry.terraform.io/hashicorp/aws\"]",
      "instances": [
        {
          "schema_version": 0,
          "attributes": {
            "account_recovery_setting": [
              {
                "recovery_mechanism": [
                  {
                    "name": "verified_email",
                    "priority": 1
                  },
                  {
                    "name": "verified_phone_number",
                    "priority": 2
                  }
                ]
              }
            ],
            "admin_create_user_config": [
              {
                "allow_admin_create_user_only": false,
                "invite_message_template": []
              }
            ],
            "alias_attributes": null,
            "arn": "arn:aws:cognito-idp:ap-northeast-1:332260094679:userpool/ap-northeast-1_HVI9QDYOK",
            "auto_verified_attributes": [],
            "creation_date": "2024-07-27T08:20:23Z",
            "custom_domain": "",
            "deletion_protection": "INACTIVE",
            "device_configuration": [],
            "domain": "",
            "email_configuration": [
              {
                "configuration_set": "",
                "email_sending_account": "DEVELOPER",
                "from_email_address": "TAMOTSU \u003cno-reply@tamotsu-app.com\u003e",
                "reply_to_email_address": "",
                "source_arn": "arn:aws:ses:ap-northeast-1:332260094679:identity/tamotsu-app.com"
              }
            ],
            "email_verification_message": "",
            "email_verification_subject": "",
            "endpoint": "cognito-idp.ap-northeast-1.amazonaws.com/ap-northeast-1_HVI9QDYOK",
            "estimated_number_of_users": 0,
            "id": "ap-northeast-1_HVI9QDYOK",
            "lambda_config": [],
            "last_modified_date": "2024-08-04T01:52:42Z",
            "mfa_configuration": "OFF",
            "name": "tamotsu-user-pool",
            "password_policy": [
              {
                "minimum_length": 8,
                "require_lowercase": true,
                "require_numbers": true,
                "require_symbols": true,
                "require_uppercase": true,
                "temporary_password_validity_days": 7
              }
            ],
            "schema": [
              {
                "attribute_data_type": "String",
                "developer_only_attribute": false,
                "mutable": true,
                "name": "verificationCode",
                "number_attribute_constraints": [],
                "required": false,
                "string_attribute_constraints": [
                  {
                    "max_length": "256",
                    "min_length": "1"
                  }
                ]
              }
            ],
            "sms_authentication_message": "",
            "sms_configuration": [],
            "sms_verification_message": "",
            "software_token_mfa_configuration": [],
            "tags": {},
            "tags_all": {},
            "user_attribute_update_settings": [],
            "user_pool_add_ons": [],
            "username_attributes": [],
            "username_configuration": [],
            "verification_message_template": [
              {
                "default_email_option": "CONFIRM_WITH_CODE",
                "email_message": "",
                "email_message_by_link": "",
                "email_subject": "",
                "email_subject_by_link": "",
                "sms_message": ""
              }
            ]
          },
          "sensitive_attributes": [],
          "private": "bnVsbA==",
          "dependencies": [
            "data.aws_ses_domain_identity.tamotsu_domain"
          ]
        }
      ]
    },
    {
      "mode": "managed",
      "type": "aws_cognito_user_pool_client",
      "name": "client",
      "provider": "provider[\"registry.terraform.io/hashicorp/aws\"]",
      "instances": [
        {
          "schema_version": 0,
          "attributes": {
            "access_token_validity": 0,
            "allowed_oauth_flows": [],
            "allowed_oauth_flows_user_pool_client": false,
            "allowed_oauth_scopes": [],
            "analytics_configuration": [],
            "auth_session_validity": 3,
            "callback_urls": [],
            "client_secret": "",
            "default_redirect_uri": "",
            "enable_propagate_additional_user_context_data": false,
            "enable_token_revocation": true,
            "explicit_auth_flows": [
              "ALLOW_REFRESH_TOKEN_AUTH",
              "ALLOW_USER_PASSWORD_AUTH"
            ],
            "generate_secret": null,
            "id": "1c4av4vfhg4li1bttfjte9l3tt",
            "id_token_validity": 0,
            "logout_urls": [],
            "name": "tamotsu-user-pool-client",
            "prevent_user_existence_errors": "",
            "read_attributes": [],
            "refresh_token_validity": 30,
            "supported_identity_providers": [],
            "token_validity_units": [],
            "user_pool_id": "ap-northeast-1_HVI9QDYOK",
            "write_attributes": []
          },
          "sensitive_attributes": [
            [
              {
                "type": "get_attr",
                "value": "client_secret"
              }
            ]
          ],
          "dependencies": [
            "aws_cognito_user_pool.tamotsu_user_pool",
            "data.aws_ses_domain_identity.tamotsu_domain"
          ]
        }
      ]
    },
    {
      "mode": "managed",
      "type": "aws_dynamodb_table",
      "name": "tamotsu_table",
      "provider": "provider[\"registry.terraform.io/hashicorp/aws\"]",
      "instances": [
        {
          "schema_version": 1,
          "attributes": {
            "arn": "arn:aws:dynamodb:ap-northeast-1:332260094679:table/tamotsu-table",
            "attribute": [
              {
                "name": "GSI1PK",
                "type": "S"
              },
              {
                "name": "GSI1SK",
                "type": "S"
              },
              {
                "name": "GSI2PK",
                "type": "S"
              },
              {
                "name": "GSI2SK",
                "type": "S"
              },
              {
                "name": "PK",
                "type": "S"
              },
              {
                "name": "SK",
                "type": "S"
              },
              {
                "name": "TypePK",
                "type": "S"
              },
              {
                "name": "TypeSK",
                "type": "S"
              }
            ],
            "billing_mode": "PAY_PER_REQUEST",
            "deletion_protection_enabled": false,
            "global_secondary_index": [
              {
                "hash_key": "GSI1PK",
                "name": "GSI1",
                "non_key_attributes": [],
                "projection_type": "ALL",
                "range_key": "GSI1SK",
                "read_capacity": 0,
                "write_capacity": 0
              },
              {
                "hash_key": "GSI2PK",
                "name": "GSI2",
                "non_key_attributes": [],
                "projection_type": "ALL",
                "range_key": "GSI2SK",
                "read_capacity": 0,
                "write_capacity": 0
              },
              {
                "hash_key": "TypePK",
                "name": "Type",
                "non_key_attributes": [],
                "projection_type": "ALL",
                "range_key": "TypeSK",
                "read_capacity": 0,
                "write_capacity": 0
              }
            ],
            "hash_key": "PK",
            "id": "tamotsu-table",
            "import_table": [],
            "local_secondary_index": [],
            "name": "tamotsu-table",
            "point_in_time_recovery": [
              {
                "enabled": false
              }
            ],
            "range_key": "SK",
            "read_capacity": 0,
            "replica": [],
            "restore_date_time": null,
            "restore_source_name": null,
            "restore_to_latest_time": null,
            "server_side_encryption": [],
            "stream_arn": "",
            "stream_enabled": false,
            "stream_label": "",
            "stream_view_type": "",
            "table_class": "STANDARD",
            "tags": {
              "Environment": "production",
              "Name": "tamotsu-table"
            },
            "tags_all": {
              "Environment": "production",
              "Name": "tamotsu-table"
            },
            "timeouts": null,
            "ttl": [
              {
                "attribute_name": "TTL",
                "enabled": true
              }
            ],
            "write_capacity": 0
          },
          "sensitive_attributes": [],
          "private": "eyJlMmJmYjczMC1lY2FhLTExZTYtOGY4OC0zNDM2M2JjN2M0YzAiOnsiY3JlYXRlIjoxODAwMDAwMDAwMDAwLCJkZWxldGUiOjYwMDAwMDAwMDAwMCwidXBkYXRlIjozNjAwMDAwMDAwMDAwfSwic2NoZW1hX3ZlcnNpb24iOiIxIn0="
        }
      ]
    },
    {
      "mode": "managed",
      "type": "aws_eip",
      "name": "nat_eip",
      "provider": "provider[\"registry.terraform.io/hashicorp/aws\"]",
      "instances": [
        {
          "schema_version": 0,
          "attributes": {
            "address": null,
            "allocation_id": "eipalloc-0c7e1fb256aeee340",
            "arn": "arn:aws:ec2:ap-northeast-1:332260094679:elastic-ip/eipalloc-0c7e1fb256aeee340",
            "associate_with_private_ip": null,
            "association_id": "eipassoc-0f295d5de26dd375c",
            "carrier_ip": "",
            "customer_owned_ip": "",
            "customer_owned_ipv4_pool": "",
            "domain": "vpc",
            "id": "eipalloc-0c7e1fb256aeee340",
            "instance": "",
            "network_border_group": "ap-northeast-1",
            "network_interface": "eni-0e173ae7eabd2077c",
            "private_dns": "ip-10-0-1-52.ap-northeast-1.compute.internal",
            "private_ip": "10.0.1.52",
            "ptr_record": "",
            "public_dns": "ec2-52-197-57-65.ap-northeast-1.compute.amazonaws.com",
            "public_ip": "52.197.57.65",
            "public_ipv4_pool": "amazon",
            "tags": {},
            "tags_all": {},
            "timeouts": null,
            "vpc": true
          },
          "sensitive_attributes": [],
          "private": "eyJlMmJmYjczMC1lY2FhLTExZTYtOGY4OC0zNDM2M2JjN2M0YzAiOnsiZGVsZXRlIjoxODAwMDAwMDAwMDAsInJlYWQiOjkwMDAwMDAwMDAwMCwidXBkYXRlIjozMDAwMDAwMDAwMDB9fQ=="
        }
      ]
    },
    {
      "mode": "managed",
      "type": "aws_iam_role",
      "name": "lambda_role",
      "provider": "provider[\"registry.terraform.io/hashicorp/aws\"]",
      "instances": [
        {
          "schema_version": 0,
          "attributes": {
            "arn": "arn:aws:iam::332260094679:role/tamotsu-lambda-role",
            "assume_role_policy": "{\"Statement\":[{\"Action\":\"sts:AssumeRole\",\"Effect\":\"Allow\",\"Principal\":{\"Service\":\"lambda.amazonaws.com\"}}],\"Version\":\"2012-10-17\"}",
            "create_date": "2024-07-27T08:20:22Z",
            "description": "",
            "force_detach_policies": false,
            "id": "tamotsu-lambda-role",
            "inline_policy": [],
            "managed_policy_arns": [
              "arn:aws:iam::aws:policy/AWSLambdaExecute",
              "arn:aws:iam::aws:policy/AmazonCognitoPowerUser",
              "arn:aws:iam::aws:policy/AmazonDynamoDBFullAccess",
              "arn:aws:iam::aws:policy/AmazonEC2FullAccess",
              "arn:aws:iam::aws:policy/AmazonS3FullAccess",
              "arn:aws:iam::aws:policy/AmazonSESFullAccess",
              "arn:aws:iam::aws:policy/AmazonVPCFullAccess"
            ],
            "max_session_duration": 3600,
            "name": "tamotsu-lambda-role",
            "name_prefix": "",
            "path": "/",
            "permissions_boundary": "",
            "tags": {},
            "tags_all": {},
            "unique_id": "AROAU2XB6WLL4QVDXGJ4S"
          },
          "sensitive_attributes": [],
          "private": "bnVsbA=="
        }
      ]
    },
    {
      "mode": "managed",
      "type": "aws_iam_role_policy_attachment",
      "name": "lambda_execute",
      "provider": "provider[\"registry.terraform.io/hashicorp/aws\"]",
      "instances": [
        {
          "index_key": "cognito_access",
          "schema_version": 0,
          "attributes": {
            "id": "tamotsu-lambda-role-20240727082023256400000007",
            "policy_arn": "arn:aws:iam::aws:policy/AmazonCognitoPowerUser",
            "role": "tamotsu-lambda-role"
          },
          "sensitive_attributes": [],
          "private": "bnVsbA==",
          "dependencies": [
            "aws_iam_role.lambda_role"
          ]
        },
        {
          "index_key": "dynamodb_full_access",
          "schema_version": 0,
          "attributes": {
            "id": "tamotsu-lambda-role-20240727082023256400000008",
            "policy_arn": "arn:aws:iam::aws:policy/AmazonDynamoDBFullAccess",
            "role": "tamotsu-lambda-role"
          },
          "sensitive_attributes": [],
          "private": "bnVsbA==",
          "dependencies": [
            "aws_iam_role.lambda_role"
          ]
        },
        {
          "index_key": "ec2_full_access",
          "schema_version": 0,
          "attributes": {
            "id": "tamotsu-lambda-role-20240727082023255300000006",
            "policy_arn": "arn:aws:iam::aws:policy/AmazonEC2FullAccess",
            "role": "tamotsu-lambda-role"
          },
          "sensitive_attributes": [],
          "private": "bnVsbA==",
          "dependencies": [
            "aws_iam_role.lambda_role"
          ]
        },
        {
          "index_key": "lambda_execute",
          "schema_version": 0,
          "attributes": {
            "id": "tamotsu-lambda-role-20240727082022927200000003",
            "policy_arn": "arn:aws:iam::aws:policy/AWSLambdaExecute",
            "role": "tamotsu-lambda-role"
          },
          "sensitive_attributes": [],
          "private": "bnVsbA==",
          "dependencies": [
            "aws_iam_role.lambda_role"
          ]
        },
        {
          "index_key": "s3_full_access",
          "schema_version": 0,
          "attributes": {
            "id": "tamotsu-lambda-role-20240727082023254100000005",
            "policy_arn": "arn:aws:iam::aws:policy/AmazonS3FullAccess",
            "role": "tamotsu-lambda-role"
          },
          "sensitive_attributes": [],
          "private": "bnVsbA==",
          "dependencies": [
            "aws_iam_role.lambda_role"
          ]
        },
        {
          "index_key": "ses_send_templated_email",
          "schema_version": 0,
          "attributes": {
            "id": "tamotsu-lambda-role-20240727082023179500000004",
            "policy_arn": "arn:aws:iam::aws:policy/AmazonSESFullAccess",
            "role": "tamotsu-lambda-role"
          },
          "sensitive_attributes": [],
          "private": "bnVsbA==",
          "dependencies": [
            "aws_iam_role.lambda_role"
          ]
        },
        {
          "index_key": "vpc_full_access",
          "schema_version": 0,
          "attributes": {
            "id": "tamotsu-lambda-role-20240727082022672000000002",
            "policy_arn": "arn:aws:iam::aws:policy/AmazonVPCFullAccess",
            "role": "tamotsu-lambda-role"
          },
          "sensitive_attributes": [],
          "private": "bnVsbA==",
          "dependencies": [
            "aws_iam_role.lambda_role"
          ]
        }
      ]
    },
    {
      "mode": "managed",
      "type": "aws_internet_gateway",
      "name": "gw",
      "provider": "provider[\"registry.terraform.io/hashicorp/aws\"]",
      "instances": [
        {
          "schema_version": 0,
          "attributes": {
            "arn": "arn:aws:ec2:ap-northeast-1:332260094679:internet-gateway/igw-0b2ccd4d8090030d1",
            "id": "igw-0b2ccd4d8090030d1",
            "owner_id": "332260094679",
            "tags": {
              "Name": "tamotsu-igw"
            },
            "tags_all": {
              "Name": "tamotsu-igw"
            },
            "timeouts": null,
            "vpc_id": "vpc-0d06dc8bf003a54cd"
          },
          "sensitive_attributes": [],
          "private": "eyJlMmJmYjczMC1lY2FhLTExZTYtOGY4OC0zNDM2M2JjN2M0YzAiOnsiY3JlYXRlIjoxMjAwMDAwMDAwMDAwLCJkZWxldGUiOjEyMDAwMDAwMDAwMDAsInVwZGF0ZSI6MTIwMDAwMDAwMDAwMH19",
          "dependencies": [
            "aws_vpc.tamotsu_vpc"
          ]
        }
      ]
    },
    {
      "mode": "managed",
      "type": "aws_lambda_layer_version",
      "name": "response-utils-layer",
      "provider": "provider[\"registry.terraform.io/hashicorp/aws\"]",
      "instances": [
        {
          "schema_version": 0,
          "attributes": {
            "arn": "arn:aws:lambda:ap-northeast-1:332260094679:layer:response-utils-layer-layer:2",
            "code_sha256": "zyMc8maCjks8vJEAoDfqAkB50ZY050qzXFrLBR/9VEg=",
            "compatible_architectures": [],
            "compatible_runtimes": [
              "nodejs14.x",
              "nodejs16.x",
              "nodejs18.x"
            ],
            "created_date": "2024-07-30T03:00:48.825+0000",
            "description": "",
            "filename": "../api/layers/response-utils-layer/response-utils-layer.zip",
            "id": "arn:aws:lambda:ap-northeast-1:332260094679:layer:response-utils-layer-layer:2",
            "layer_arn": "arn:aws:lambda:ap-northeast-1:332260094679:layer:response-utils-layer-layer",
            "layer_name": "response-utils-layer-layer",
            "license_info": "",
            "s3_bucket": null,
            "s3_key": null,
            "s3_object_version": null,
            "signing_job_arn": "",
            "signing_profile_version_arn": "",
            "skip_destroy": false,
            "source_code_hash": "zyMc8maCjks8vJEAoDfqAkB50ZY050qzXFrLBR/9VEg=",
            "source_code_size": 916,
            "version": "2"
          },
          "sensitive_attributes": [],
          "private": "bnVsbA=="
        }
      ]
    },
    {
      "mode": "managed",
      "type": "aws_lambda_permission",
      "name": "api_gw_lambda_permissions",
      "provider": "provider[\"registry.terraform.io/hashicorp/aws\"]",
      "instances": [
        {
          "index_key": "login_POST",
          "schema_version": 0,
          "attributes": {
            "action": "lambda:InvokeFunction",
            "event_source_token": null,
            "function_name": "tamotsu-login-function",
            "function_url_auth_type": null,
            "id": "AllowExecutionFromAPIGateway_login_POST",
            "principal": "apigateway.amazonaws.com",
            "principal_org_id": null,
            "qualifier": "",
            "source_account": null,
            "source_arn": "arn:aws:execute-api:ap-northeast-1:332260094679:xojk083ysh/*/POST/auth/login",
            "statement_id": "AllowExecutionFromAPIGateway_login_POST",
            "statement_id_prefix": ""
          },
          "sensitive_attributes": [],
          "private": "bnVsbA==",
          "dependencies": [
            "aws_api_gateway_deployment.tamotsu_deployment",
            "aws_api_gateway_integration.gw_method_integrations",
            "aws_api_gateway_integration.gw_options_integrations",
            "aws_api_gateway_method.gw_options",
            "aws_api_gateway_resource.auth_resource",
            "aws_api_gateway_resource.gw_resources",
            "aws_api_gateway_rest_api.tamotsu_api",
            "aws_cognito_user_pool.tamotsu_user_pool",
            "aws_cognito_user_pool_client.client",
            "aws_dynamodb_table.tamotsu_table",
            "aws_iam_role.lambda_role",
            "aws_lambda_layer_version.response-utils-layer",
            "aws_security_group.lambda_sg",
            "aws_subnet.private_subnet",
            "aws_vpc.tamotsu_vpc",
            "data.aws_lambda_layer_version.aws_sdk_layer",
            "data.aws_ses_domain_identity.tamotsu_domain",
            "module.lambda_functions.aws_lambda_function.function"
          ]
        },
        {
          "index_key": "register_POST",
          "schema_version": 0,
          "attributes": {
            "action": "lambda:InvokeFunction",
            "event_source_token": null,
            "function_name": "tamotsu-register-function",
            "function_url_auth_type": null,
            "id": "AllowExecutionFromAPIGateway_register_POST",
            "principal": "apigateway.amazonaws.com",
            "principal_org_id": null,
            "qualifier": "",
            "source_account": null,
            "source_arn": "arn:aws:execute-api:ap-northeast-1:332260094679:xojk083ysh/*/POST/auth/register",
            "statement_id": "AllowExecutionFromAPIGateway_register_POST",
            "statement_id_prefix": ""
          },
          "sensitive_attributes": [],
          "private": "bnVsbA==",
          "dependencies": [
            "aws_api_gateway_deployment.tamotsu_deployment",
            "aws_api_gateway_integration.gw_method_integrations",
            "aws_api_gateway_integration.gw_options_integrations",
            "aws_api_gateway_method.gw_options",
            "aws_api_gateway_resource.auth_resource",
            "aws_api_gateway_resource.gw_resources",
            "aws_api_gateway_rest_api.tamotsu_api",
            "aws_cognito_user_pool.tamotsu_user_pool",
            "aws_cognito_user_pool_client.client",
            "aws_dynamodb_table.tamotsu_table",
            "aws_iam_role.lambda_role",
            "aws_lambda_layer_version.response-utils-layer",
            "aws_security_group.lambda_sg",
            "aws_subnet.private_subnet",
            "aws_vpc.tamotsu_vpc",
            "data.aws_lambda_layer_version.aws_sdk_layer",
            "data.aws_ses_domain_identity.tamotsu_domain",
            "module.lambda_functions.aws_lambda_function.function"
          ]
        },
        {
          "index_key": "verify-email_GET",
          "schema_version": 0,
          "attributes": {
            "action": "lambda:InvokeFunction",
            "event_source_token": null,
            "function_name": "tamotsu-verify-email-function",
            "function_url_auth_type": null,
            "id": "AllowExecutionFromAPIGateway_verify-email_GET",
            "principal": "apigateway.amazonaws.com",
            "principal_org_id": null,
            "qualifier": "",
            "source_account": null,
            "source_arn": "arn:aws:execute-api:ap-northeast-1:332260094679:xojk083ysh/*/GET/auth/verify-email",
            "statement_id": "AllowExecutionFromAPIGateway_verify-email_GET",
            "statement_id_prefix": ""
          },
          "sensitive_attributes": [],
          "private": "bnVsbA==",
          "dependencies": [
            "aws_api_gateway_deployment.tamotsu_deployment",
            "aws_api_gateway_integration.gw_method_integrations",
            "aws_api_gateway_integration.gw_options_integrations",
            "aws_api_gateway_method.gw_options",
            "aws_api_gateway_resource.auth_resource",
            "aws_api_gateway_resource.gw_resources",
            "aws_api_gateway_rest_api.tamotsu_api",
            "aws_cognito_user_pool.tamotsu_user_pool",
            "aws_cognito_user_pool_client.client",
            "aws_dynamodb_table.tamotsu_table",
            "aws_iam_role.lambda_role",
            "aws_lambda_layer_version.response-utils-layer",
            "aws_security_group.lambda_sg",
            "aws_subnet.private_subnet",
            "aws_vpc.tamotsu_vpc",
            "data.aws_lambda_layer_version.aws_sdk_layer",
            "data.aws_ses_domain_identity.tamotsu_domain",
            "module.lambda_functions.aws_lambda_function.function"
          ]
        },
        {
          "index_key": "verify-email_POST",
          "schema_version": 0,
          "attributes": {
            "action": "lambda:InvokeFunction",
            "event_source_token": null,
            "function_name": "tamotsu-verify-email-function",
            "function_url_auth_type": null,
            "id": "AllowExecutionFromAPIGateway_verify-email_POST",
            "principal": "apigateway.amazonaws.com",
            "principal_org_id": null,
            "qualifier": "",
            "source_account": null,
            "source_arn": "arn:aws:execute-api:ap-northeast-1:332260094679:xojk083ysh/*/POST/auth/verify-email",
            "statement_id": "AllowExecutionFromAPIGateway_verify-email_POST",
            "statement_id_prefix": ""
          },
          "sensitive_attributes": [],
          "private": "bnVsbA==",
          "dependencies": [
            "aws_api_gateway_deployment.tamotsu_deployment",
            "aws_api_gateway_integration.gw_method_integrations",
            "aws_api_gateway_integration.gw_options_integrations",
            "aws_api_gateway_method.gw_options",
            "aws_api_gateway_resource.auth_resource",
            "aws_api_gateway_resource.gw_resources",
            "aws_api_gateway_rest_api.tamotsu_api",
            "aws_cognito_user_pool.tamotsu_user_pool",
            "aws_cognito_user_pool_client.client",
            "aws_dynamodb_table.tamotsu_table",
            "aws_iam_role.lambda_role",
            "aws_lambda_layer_version.response-utils-layer",
            "aws_security_group.lambda_sg",
            "aws_subnet.private_subnet",
            "aws_vpc.tamotsu_vpc",
            "data.aws_lambda_layer_version.aws_sdk_layer",
            "data.aws_ses_domain_identity.tamotsu_domain",
            "module.lambda_functions.aws_lambda_function.function"
          ]
        }
      ]
    },
    {
      "mode": "managed",
      "type": "aws_nat_gateway",
      "name": "nat_gateway",
      "provider": "provider[\"registry.terraform.io/hashicorp/aws\"]",
      "instances": [
        {
          "schema_version": 0,
          "attributes": {
            "allocation_id": "eipalloc-0c7e1fb256aeee340",
            "association_id": "eipassoc-0f295d5de26dd375c",
            "connectivity_type": "public",
            "id": "nat-0468c67428be980eb",
            "network_interface_id": "eni-0e173ae7eabd2077c",
            "private_ip": "10.0.1.52",
            "public_ip": "52.197.57.65",
            "secondary_allocation_ids": [],
            "secondary_private_ip_address_count": 0,
            "secondary_private_ip_addresses": [],
            "subnet_id": "subnet-02350e00d8b94cb3f",
            "tags": {
              "Name": "tamotsu-nat-gateway"
            },
            "tags_all": {
              "Name": "tamotsu-nat-gateway"
            },
            "timeouts": null
          },
          "sensitive_attributes": [],
          "private": "eyJlMmJmYjczMC1lY2FhLTExZTYtOGY4OC0zNDM2M2JjN2M0YzAiOnsiY3JlYXRlIjo2MDAwMDAwMDAwMDAsImRlbGV0ZSI6MTgwMDAwMDAwMDAwMCwidXBkYXRlIjo2MDAwMDAwMDAwMDB9fQ==",
          "dependencies": [
            "aws_eip.nat_eip",
            "aws_subnet.public_subnet",
            "aws_vpc.tamotsu_vpc"
          ]
        }
      ]
    },
    {
      "mode": "managed",
      "type": "aws_route53_record",
      "name": "record_tamotsu_app",
      "provider": "provider[\"registry.terraform.io/hashicorp/aws\"]",
      "instances": [
        {
          "schema_version": 2,
          "attributes": {
            "alias": [
              {
                "evaluate_target_health": true,
                "name": "d-nkiqgf74dj.execute-api.ap-northeast-1.amazonaws.com",
                "zone_id": "Z1YSHQZHG15GKL"
              }
            ],
            "allow_overwrite": null,
            "cidr_routing_policy": [],
            "failover_routing_policy": [],
            "fqdn": "api.tamotsu-app.com",
            "geolocation_routing_policy": [],
            "geoproximity_routing_policy": [],
            "health_check_id": "",
            "id": "Z03576945YY95PINL9NE_api.tamotsu-app.com_A",
            "latency_routing_policy": [],
            "multivalue_answer_routing_policy": false,
            "name": "api.tamotsu-app.com",
            "records": [],
            "set_identifier": "",
            "ttl": 0,
            "type": "A",
            "weighted_routing_policy": [],
            "zone_id": "Z03576945YY95PINL9NE"
          },
          "sensitive_attributes": [],
          "private": "eyJzY2hlbWFfdmVyc2lvbiI6IjIifQ==",
          "dependencies": [
            "aws_acm_certificate.api_tamotsu",
            "aws_acm_certificate_validation.api_tamotsu",
            "aws_api_gateway_domain_name.tamotsu_app",
            "data.aws_route53_zone.tamotsu_app"
          ]
        }
      ]
    },
    {
      "mode": "managed",
      "type": "aws_route53_record",
      "name": "tamotsu_webapp",
      "provider": "provider[\"registry.terraform.io/hashicorp/aws\"]",
      "instances": [
        {
          "schema_version": 2,
          "attributes": {
            "alias": [
              {
                "evaluate_target_health": false,
                "name": "d21hb4lisnjdwa.cloudfront.net",
                "zone_id": "Z2FDTNDATAQYW2"
              }
            ],
            "allow_overwrite": null,
            "cidr_routing_policy": [],
            "failover_routing_policy": [],
            "fqdn": "tamotsu-app.com",
            "geolocation_routing_policy": [],
            "geoproximity_routing_policy": [],
            "health_check_id": "",
            "id": "Z03576945YY95PINL9NE_tamotsu-app.com_A",
            "latency_routing_policy": [],
            "multivalue_answer_routing_policy": false,
            "name": "tamotsu-app.com",
            "records": [],
            "set_identifier": "",
            "ttl": 0,
            "type": "A",
            "weighted_routing_policy": [],
            "zone_id": "Z03576945YY95PINL9NE"
          },
          "sensitive_attributes": [],
          "private": "eyJzY2hlbWFfdmVyc2lvbiI6IjIifQ==",
          "dependencies": [
            "aws_cloudfront_distribution.tamotsu_webapp",
            "aws_cloudfront_function.add_index_html",
            "aws_cloudfront_origin_access_control.default",
            "aws_s3_bucket.tamotsu_webapp",
            "data.aws_acm_certificate.tamotsu_webapp",
            "data.aws_route53_zone.tamotsu_app"
          ]
        }
      ]
    },
    {
      "mode": "managed",
      "type": "aws_route_table",
      "name": "private_route_table",
      "provider": "provider[\"registry.terraform.io/hashicorp/aws\"]",
      "instances": [
        {
          "schema_version": 0,
          "attributes": {
            "arn": "arn:aws:ec2:ap-northeast-1:332260094679:route-table/rtb-02736dfed6975da3a",
            "id": "rtb-02736dfed6975da3a",
            "owner_id": "332260094679",
            "propagating_vgws": [],
            "route": [
              {
                "carrier_gateway_id": "",
                "cidr_block": "0.0.0.0/0",
                "core_network_arn": "",
                "destination_prefix_list_id": "",
                "egress_only_gateway_id": "",
                "gateway_id": "",
                "ipv6_cidr_block": "",
                "local_gateway_id": "",
                "nat_gateway_id": "nat-0468c67428be980eb",
                "network_interface_id": "",
                "transit_gateway_id": "",
                "vpc_endpoint_id": "",
                "vpc_peering_connection_id": ""
              }
            ],
            "tags": {
              "Name": "tamotsu-private-route-table"
            },
            "tags_all": {
              "Name": "tamotsu-private-route-table"
            },
            "timeouts": null,
            "vpc_id": "vpc-0d06dc8bf003a54cd"
          },
          "sensitive_attributes": [],
          "private": "eyJlMmJmYjczMC1lY2FhLTExZTYtOGY4OC0zNDM2M2JjN2M0YzAiOnsiY3JlYXRlIjozMDAwMDAwMDAwMDAsImRlbGV0ZSI6MzAwMDAwMDAwMDAwLCJ1cGRhdGUiOjEyMDAwMDAwMDAwMH19",
          "dependencies": [
            "aws_eip.nat_eip",
            "aws_nat_gateway.nat_gateway",
            "aws_subnet.public_subnet",
            "aws_vpc.tamotsu_vpc"
          ]
        }
      ]
    },
    {
      "mode": "managed",
      "type": "aws_route_table",
      "name": "public_route_table",
      "provider": "provider[\"registry.terraform.io/hashicorp/aws\"]",
      "instances": [
        {
          "schema_version": 0,
          "attributes": {
            "arn": "arn:aws:ec2:ap-northeast-1:332260094679:route-table/rtb-0ebdad01772cd63cb",
            "id": "rtb-0ebdad01772cd63cb",
            "owner_id": "332260094679",
            "propagating_vgws": [],
            "route": [
              {
                "carrier_gateway_id": "",
                "cidr_block": "0.0.0.0/0",
                "core_network_arn": "",
                "destination_prefix_list_id": "",
                "egress_only_gateway_id": "",
                "gateway_id": "igw-0b2ccd4d8090030d1",
                "ipv6_cidr_block": "",
                "local_gateway_id": "",
                "nat_gateway_id": "",
                "network_interface_id": "",
                "transit_gateway_id": "",
                "vpc_endpoint_id": "",
                "vpc_peering_connection_id": ""
              }
            ],
            "tags": {
              "Name": "tamotsu-public-route-table"
            },
            "tags_all": {
              "Name": "tamotsu-public-route-table"
            },
            "timeouts": null,
            "vpc_id": "vpc-0d06dc8bf003a54cd"
          },
          "sensitive_attributes": [],
          "private": "eyJlMmJmYjczMC1lY2FhLTExZTYtOGY4OC0zNDM2M2JjN2M0YzAiOnsiY3JlYXRlIjozMDAwMDAwMDAwMDAsImRlbGV0ZSI6MzAwMDAwMDAwMDAwLCJ1cGRhdGUiOjEyMDAwMDAwMDAwMH19",
          "dependencies": [
            "aws_internet_gateway.gw",
            "aws_vpc.tamotsu_vpc"
          ]
        }
      ]
    },
    {
      "mode": "managed",
      "type": "aws_route_table_association",
      "name": "private_route_assoc",
      "provider": "provider[\"registry.terraform.io/hashicorp/aws\"]",
      "instances": [
        {
          "schema_version": 0,
          "attributes": {
            "gateway_id": "",
            "id": "rtbassoc-0953ad5312cdd7057",
            "route_table_id": "rtb-02736dfed6975da3a",
            "subnet_id": "subnet-0713e2da0ebe9c248",
            "timeouts": null
          },
          "sensitive_attributes": [],
          "private": "eyJlMmJmYjczMC1lY2FhLTExZTYtOGY4OC0zNDM2M2JjN2M0YzAiOnsiY3JlYXRlIjozMDAwMDAwMDAwMDAsImRlbGV0ZSI6MzAwMDAwMDAwMDAwLCJ1cGRhdGUiOjEyMDAwMDAwMDAwMH19",
          "dependencies": [
            "aws_eip.nat_eip",
            "aws_nat_gateway.nat_gateway",
            "aws_route_table.private_route_table",
            "aws_subnet.private_subnet",
            "aws_subnet.public_subnet",
            "aws_vpc.tamotsu_vpc"
          ]
        }
      ]
    },
    {
      "mode": "managed",
      "type": "aws_route_table_association",
      "name": "public_subnet_association",
      "provider": "provider[\"registry.terraform.io/hashicorp/aws\"]",
      "instances": [
        {
          "schema_version": 0,
          "attributes": {
            "gateway_id": "",
            "id": "rtbassoc-0092022a0267be523",
            "route_table_id": "rtb-0ebdad01772cd63cb",
            "subnet_id": "subnet-02350e00d8b94cb3f",
            "timeouts": null
          },
          "sensitive_attributes": [],
          "private": "eyJlMmJmYjczMC1lY2FhLTExZTYtOGY4OC0zNDM2M2JjN2M0YzAiOnsiY3JlYXRlIjozMDAwMDAwMDAwMDAsImRlbGV0ZSI6MzAwMDAwMDAwMDAwLCJ1cGRhdGUiOjEyMDAwMDAwMDAwMH19",
          "dependencies": [
            "aws_internet_gateway.gw",
            "aws_route_table.public_route_table",
            "aws_subnet.public_subnet",
            "aws_vpc.tamotsu_vpc"
          ]
        }
      ]
    },
    {
      "mode": "managed",
      "type": "aws_s3_bucket",
      "name": "tamotsu_images",
      "provider": "provider[\"registry.terraform.io/hashicorp/aws\"]",
      "instances": [
        {
          "schema_version": 0,
          "attributes": {
            "acceleration_status": "",
            "acl": null,
            "arn": "arn:aws:s3:::tamotsu-images",
            "bucket": "tamotsu-images",
            "bucket_domain_name": "tamotsu-images.s3.amazonaws.com",
            "bucket_prefix": "",
            "bucket_regional_domain_name": "tamotsu-images.s3.ap-northeast-1.amazonaws.com",
            "cors_rule": [],
            "force_destroy": false,
            "grant": [
              {
                "id": "5c839b602066e182255046fe9ae090ac7ba17b6b0e87026cc3548fd42ff0ca4b",
                "permissions": [
                  "FULL_CONTROL"
                ],
                "type": "CanonicalUser",
                "uri": ""
              }
            ],
            "hosted_zone_id": "Z2M4EHUR26P7ZW",
            "id": "tamotsu-images",
            "lifecycle_rule": [],
            "logging": [],
            "object_lock_configuration": [],
            "object_lock_enabled": false,
            "policy": "",
            "region": "ap-northeast-1",
            "replication_configuration": [],
            "request_payer": "BucketOwner",
            "server_side_encryption_configuration": [
              {
                "rule": [
                  {
                    "apply_server_side_encryption_by_default": [
                      {
                        "kms_master_key_id": "",
                        "sse_algorithm": "AES256"
                      }
                    ],
                    "bucket_key_enabled": false
                  }
                ]
              }
            ],
            "tags": {},
            "tags_all": {},
            "timeouts": null,
            "versioning": [
              {
                "enabled": false,
                "mfa_delete": false
              }
            ],
            "website": [],
            "website_domain": null,
            "website_endpoint": null
          },
          "sensitive_attributes": [],
          "private": "eyJlMmJmYjczMC1lY2FhLTExZTYtOGY4OC0zNDM2M2JjN2M0YzAiOnsiY3JlYXRlIjoxMjAwMDAwMDAwMDAwLCJkZWxldGUiOjM2MDAwMDAwMDAwMDAsInJlYWQiOjEyMDAwMDAwMDAwMDAsInVwZGF0ZSI6MTIwMDAwMDAwMDAwMH19"
        }
      ]
    },
    {
      "mode": "managed",
      "type": "aws_s3_bucket",
      "name": "tamotsu_webapp",
      "provider": "provider[\"registry.terraform.io/hashicorp/aws\"]",
      "instances": [
        {
          "schema_version": 0,
          "attributes": {
            "acceleration_status": "",
            "acl": null,
            "arn": "arn:aws:s3:::tamotsu-webapp",
            "bucket": "tamotsu-webapp",
            "bucket_domain_name": "tamotsu-webapp.s3.amazonaws.com",
            "bucket_prefix": "",
            "bucket_regional_domain_name": "tamotsu-webapp.s3.ap-northeast-1.amazonaws.com",
            "cors_rule": [
              {
                "allowed_headers": [
                  "*"
                ],
                "allowed_methods": [
                  "GET",
                  "HEAD"
                ],
                "allowed_origins": [
                  "https://tamotsu-app.com"
                ],
                "expose_headers": [
                  "ETag"
                ],
                "max_age_seconds": 3000
              }
            ],
            "force_destroy": false,
            "grant": [
              {
                "id": "5c839b602066e182255046fe9ae090ac7ba17b6b0e87026cc3548fd42ff0ca4b",
                "permissions": [
                  "FULL_CONTROL"
                ],
                "type": "CanonicalUser",
                "uri": ""
              }
            ],
            "hosted_zone_id": "Z2M4EHUR26P7ZW",
            "id": "tamotsu-webapp",
            "lifecycle_rule": [],
            "logging": [],
            "object_lock_configuration": [],
            "object_lock_enabled": false,
            "policy": "{\"Statement\":[{\"Action\":\"s3:GetObject\",\"Condition\":{\"StringEquals\":{\"AWS:SourceArn\":\"arn:aws:cloudfront::332260094679:distribution/E26NN1C3Y3GTBF\"}},\"Effect\":\"Allow\",\"Principal\":{\"Service\":\"cloudfront.amazonaws.com\"},\"Resource\":\"arn:aws:s3:::tamotsu-webapp/*\"}],\"Version\":\"2012-10-17\"}",
            "region": "ap-northeast-1",
            "replication_configuration": [],
            "request_payer": "BucketOwner",
            "server_side_encryption_configuration": [
              {
                "rule": [
                  {
                    "apply_server_side_encryption_by_default": [
                      {
                        "kms_master_key_id": "",
                        "sse_algorithm": "AES256"
                      }
                    ],
                    "bucket_key_enabled": false
                  }
                ]
              }
            ],
            "tags": {},
            "tags_all": {},
            "timeouts": null,
            "versioning": [
              {
                "enabled": false,
                "mfa_delete": false
              }
            ],
            "website": [
              {
                "error_document": "index.html",
                "index_document": "index.html",
                "redirect_all_requests_to": "",
                "routing_rules": ""
              }
            ],
            "website_domain": "s3-website-ap-northeast-1.amazonaws.com",
            "website_endpoint": "tamotsu-webapp.s3-website-ap-northeast-1.amazonaws.com"
          },
          "sensitive_attributes": [],
          "private": "eyJlMmJmYjczMC1lY2FhLTExZTYtOGY4OC0zNDM2M2JjN2M0YzAiOnsiY3JlYXRlIjoxMjAwMDAwMDAwMDAwLCJkZWxldGUiOjM2MDAwMDAwMDAwMDAsInJlYWQiOjEyMDAwMDAwMDAwMDAsInVwZGF0ZSI6MTIwMDAwMDAwMDAwMH19",
          "create_before_destroy": true
        }
      ]
    },
    {
      "mode": "managed",
      "type": "aws_s3_bucket_cors_configuration",
      "name": "tamotsu_webapp",
      "provider": "provider[\"registry.terraform.io/hashicorp/aws\"]",
      "instances": [
        {
          "schema_version": 0,
          "attributes": {
            "bucket": "tamotsu-webapp",
            "cors_rule": [
              {
                "allowed_headers": [
                  "*"
                ],
                "allowed_methods": [
                  "GET",
                  "HEAD"
                ],
                "allowed_origins": [
                  "https://tamotsu-app.com"
                ],
                "expose_headers": [
                  "ETag"
                ],
                "id": "",
                "max_age_seconds": 3000
              }
            ],
            "expected_bucket_owner": "",
            "id": "tamotsu-webapp"
          },
          "sensitive_attributes": [],
          "private": "bnVsbA==",
          "dependencies": [
            "aws_s3_bucket.tamotsu_webapp"
          ]
        }
      ]
    },
    {
      "mode": "managed",
      "type": "aws_s3_bucket_policy",
      "name": "tamotsu_webapp",
      "provider": "provider[\"registry.terraform.io/hashicorp/aws\"]",
      "instances": [
        {
          "schema_version": 0,
          "attributes": {
            "bucket": "tamotsu-webapp",
            "id": "tamotsu-webapp",
            "policy": "{\"Statement\":[{\"Action\":\"s3:GetObject\",\"Condition\":{\"StringEquals\":{\"AWS:SourceArn\":\"arn:aws:cloudfront::332260094679:distribution/E26NN1C3Y3GTBF\"}},\"Effect\":\"Allow\",\"Principal\":{\"Service\":\"cloudfront.amazonaws.com\"},\"Resource\":\"arn:aws:s3:::tamotsu-webapp/*\"}],\"Version\":\"2012-10-17\"}"
          },
          "sensitive_attributes": [],
          "private": "bnVsbA==",
          "dependencies": [
            "aws_cloudfront_distribution.tamotsu_webapp",
            "aws_cloudfront_function.add_index_html",
            "aws_cloudfront_origin_access_control.default",
            "aws_s3_bucket.tamotsu_webapp",
            "data.aws_acm_certificate.tamotsu_webapp",
            "data.aws_iam_policy_document.s3_policy"
          ]
        }
      ]
    },
    {
      "mode": "managed",
      "type": "aws_s3_bucket_public_access_block",
      "name": "tamotsu_webapp",
      "provider": "provider[\"registry.terraform.io/hashicorp/aws\"]",
      "instances": [
        {
          "schema_version": 0,
          "attributes": {
            "block_public_acls": true,
            "block_public_policy": true,
            "bucket": "tamotsu-webapp",
            "id": "tamotsu-webapp",
            "ignore_public_acls": true,
            "restrict_public_buckets": true
          },
          "sensitive_attributes": [],
          "private": "bnVsbA==",
          "dependencies": [
            "aws_s3_bucket.tamotsu_webapp"
          ]
        }
      ]
    },
    {
      "mode": "managed",
      "type": "aws_s3_bucket_website_configuration",
      "name": "tamotsu_webapp",
      "provider": "provider[\"registry.terraform.io/hashicorp/aws\"]",
      "instances": [
        {
          "schema_version": 0,
          "attributes": {
            "bucket": "tamotsu-webapp",
            "error_document": [
              {
                "key": "index.html"
              }
            ],
            "expected_bucket_owner": "",
            "id": "tamotsu-webapp",
            "index_document": [
              {
                "suffix": "index.html"
              }
            ],
            "redirect_all_requests_to": [],
            "routing_rule": [],
            "routing_rules": "",
            "website_domain": "s3-website-ap-northeast-1.amazonaws.com",
            "website_endpoint": "tamotsu-webapp.s3-website-ap-northeast-1.amazonaws.com"
          },
          "sensitive_attributes": [],
          "private": "bnVsbA==",
          "dependencies": [
            "aws_s3_bucket.tamotsu_webapp"
          ]
        }
      ]
    },
    {
      "mode": "managed",
      "type": "aws_s3_object",
      "name": "index_page",
      "provider": "provider[\"registry.terraform.io/hashicorp/aws\"]",
      "instances": [
        {
          "schema_version": 0,
          "attributes": {
            "acl": null,
            "arn": "arn:aws:s3:::tamotsu-webapp/index.html",
            "bucket": "tamotsu-webapp",
            "bucket_key_enabled": false,
            "cache_control": "",
            "checksum_algorithm": null,
            "checksum_crc32": "",
            "checksum_crc32c": "",
            "checksum_sha1": "",
            "checksum_sha256": "",
            "content": null,
            "content_base64": null,
            "content_disposition": "",
            "content_encoding": "",
            "content_language": "",
            "content_type": "text/html; charset=utf-8",
            "etag": "e2a8430d8dda3db07f3543bb84a9923a",
            "force_destroy": false,
            "id": "index.html",
            "key": "index.html",
            "kms_key_id": null,
            "metadata": {},
            "object_lock_legal_hold_status": "",
            "object_lock_mode": "",
            "object_lock_retain_until_date": "",
            "override_provider": [],
            "server_side_encryption": "AES256",
            "source": "../web/index.html",
            "source_hash": null,
            "storage_class": "STANDARD",
            "tags": {},
            "tags_all": {},
            "version_id": "",
            "website_redirect": ""
          },
          "sensitive_attributes": [],
          "private": "bnVsbA==",
          "dependencies": [
            "aws_s3_bucket.tamotsu_webapp"
          ]
        }
      ]
    },
    {
      "mode": "managed",
      "type": "aws_s3_object",
      "name": "verify_redirect_page",
      "provider": "provider[\"registry.terraform.io/hashicorp/aws\"]",
      "instances": [
        {
          "schema_version": 0,
          "attributes": {
            "acl": null,
            "arn": "arn:aws:s3:::tamotsu-webapp/verify/index.html",
            "bucket": "tamotsu-webapp",
            "bucket_key_enabled": false,
            "cache_control": "",
            "checksum_algorithm": null,
            "checksum_crc32": "",
            "checksum_crc32c": "",
            "checksum_sha1": "",
            "checksum_sha256": "",
            "content": null,
            "content_base64": null,
            "content_disposition": "",
            "content_encoding": "",
            "content_language": "",
            "content_type": "text/html; charset=utf-8",
            "etag": "289862e55e1c13eb1b46f9168775ac93",
            "force_destroy": false,
            "id": "verify/index.html",
            "key": "verify/index.html",
            "kms_key_id": null,
            "metadata": {},
            "object_lock_legal_hold_status": "",
            "object_lock_mode": "",
            "object_lock_retain_until_date": "",
            "override_provider": [],
            "server_side_encryption": "AES256",
            "source": "../web/verify/index.html",
            "source_hash": null,
            "storage_class": "STANDARD",
            "tags": {},
            "tags_all": {},
            "version_id": "",
            "website_redirect": ""
          },
          "sensitive_attributes": [],
          "private": "bnVsbA==",
          "dependencies": [
            "aws_s3_bucket.tamotsu_webapp"
          ]
        }
      ]
    },
    {
      "mode": "managed",
      "type": "aws_security_group",
      "name": "lambda_sg",
      "provider": "provider[\"registry.terraform.io/hashicorp/aws\"]",
      "instances": [
        {
          "schema_version": 1,
          "attributes": {
            "arn": "arn:aws:ec2:ap-northeast-1:332260094679:security-group/sg-022b56cb1286bf30e",
            "description": "Security group for Lambda function",
            "egress": [
              {
                "cidr_blocks": [
                  "0.0.0.0/0"
                ],
                "description": "",
                "from_port": 0,
                "ipv6_cidr_blocks": [],
                "prefix_list_ids": [],
                "protocol": "-1",
                "security_groups": [],
                "self": false,
                "to_port": 0
              }
            ],
            "id": "sg-022b56cb1286bf30e",
            "ingress": [
              {
                "cidr_blocks": [
                  "0.0.0.0/0"
                ],
                "description": "",
                "from_port": 80,
                "ipv6_cidr_blocks": [],
                "prefix_list_ids": [],
                "protocol": "tcp",
                "security_groups": [],
                "self": false,
                "to_port": 80
              },
              {
                "cidr_blocks": [
                  "14.10.63.225/32"
                ],
                "description": "",
                "from_port": 22,
                "ipv6_cidr_blocks": [],
                "prefix_list_ids": [],
                "protocol": "tcp",
                "security_groups": [],
                "self": false,
                "to_port": 22
              }
            ],
            "name": "tamotsu-lambda-sg",
            "name_prefix": "",
            "owner_id": "332260094679",
            "revoke_rules_on_delete": false,
            "tags": {},
            "tags_all": {},
            "timeouts": null,
            "vpc_id": "vpc-0d06dc8bf003a54cd"
          },
          "sensitive_attributes": [],
          "private": "eyJlMmJmYjczMC1lY2FhLTExZTYtOGY4OC0zNDM2M2JjN2M0YzAiOnsiY3JlYXRlIjo2MDAwMDAwMDAwMDAsImRlbGV0ZSI6OTAwMDAwMDAwMDAwfSwic2NoZW1hX3ZlcnNpb24iOiIxIn0=",
          "dependencies": [
            "aws_vpc.tamotsu_vpc"
          ]
        }
      ]
    },
    {
      "mode": "managed",
      "type": "aws_ses_configuration_set",
      "name": "tamotsu_config",
      "provider": "provider[\"registry.terraform.io/hashicorp/aws\"]",
      "instances": [
        {
          "schema_version": 0,
          "attributes": {
            "arn": "arn:aws:ses:ap-northeast-1:332260094679:configuration-set/tamotsu-config-set",
            "delivery_options": [],
            "id": "tamotsu-config-set",
            "last_fresh_start": "0001-01-01T00:00:00Z",
            "name": "tamotsu-config-set",
            "reputation_metrics_enabled": false,
            "sending_enabled": true,
            "tracking_options": []
          },
          "sensitive_attributes": [],
          "private": "bnVsbA=="
        }
      ]
    },
    {
      "mode": "managed",
      "type": "aws_subnet",
      "name": "private_subnet",
      "provider": "provider[\"registry.terraform.io/hashicorp/aws\"]",
      "instances": [
        {
          "schema_version": 1,
          "attributes": {
            "arn": "arn:aws:ec2:ap-northeast-1:332260094679:subnet/subnet-0713e2da0ebe9c248",
            "assign_ipv6_address_on_creation": false,
            "availability_zone": "ap-northeast-1a",
            "availability_zone_id": "apne1-az4",
            "cidr_block": "10.0.2.0/24",
            "customer_owned_ipv4_pool": "",
            "enable_dns64": false,
            "enable_lni_at_device_index": 0,
            "enable_resource_name_dns_a_record_on_launch": false,
            "enable_resource_name_dns_aaaa_record_on_launch": false,
            "id": "subnet-0713e2da0ebe9c248",
            "ipv6_cidr_block": "",
            "ipv6_cidr_block_association_id": "",
            "ipv6_native": false,
            "map_customer_owned_ip_on_launch": false,
            "map_public_ip_on_launch": false,
            "outpost_arn": "",
            "owner_id": "332260094679",
            "private_dns_hostname_type_on_launch": "ip-name",
            "tags": {
              "Name": "tamotsu-private-subnet"
            },
            "tags_all": {
              "Name": "tamotsu-private-subnet"
            },
            "timeouts": null,
            "vpc_id": "vpc-0d06dc8bf003a54cd"
          },
          "sensitive_attributes": [],
          "private": "eyJlMmJmYjczMC1lY2FhLTExZTYtOGY4OC0zNDM2M2JjN2M0YzAiOnsiY3JlYXRlIjo2MDAwMDAwMDAwMDAsImRlbGV0ZSI6MTIwMDAwMDAwMDAwMH0sInNjaGVtYV92ZXJzaW9uIjoiMSJ9",
          "dependencies": [
            "aws_vpc.tamotsu_vpc"
          ]
        }
      ]
    },
    {
      "mode": "managed",
      "type": "aws_subnet",
      "name": "public_subnet",
      "provider": "provider[\"registry.terraform.io/hashicorp/aws\"]",
      "instances": [
        {
          "schema_version": 1,
          "attributes": {
            "arn": "arn:aws:ec2:ap-northeast-1:332260094679:subnet/subnet-02350e00d8b94cb3f",
            "assign_ipv6_address_on_creation": false,
            "availability_zone": "ap-northeast-1a",
            "availability_zone_id": "apne1-az4",
            "cidr_block": "10.0.1.0/24",
            "customer_owned_ipv4_pool": "",
            "enable_dns64": false,
            "enable_lni_at_device_index": 0,
            "enable_resource_name_dns_a_record_on_launch": false,
            "enable_resource_name_dns_aaaa_record_on_launch": false,
            "id": "subnet-02350e00d8b94cb3f",
            "ipv6_cidr_block": "",
            "ipv6_cidr_block_association_id": "",
            "ipv6_native": false,
            "map_customer_owned_ip_on_launch": false,
            "map_public_ip_on_launch": false,
            "outpost_arn": "",
            "owner_id": "332260094679",
            "private_dns_hostname_type_on_launch": "ip-name",
            "tags": {
              "Name": "tamotsu-public-subnet"
            },
            "tags_all": {
              "Name": "tamotsu-public-subnet"
            },
            "timeouts": null,
            "vpc_id": "vpc-0d06dc8bf003a54cd"
          },
          "sensitive_attributes": [],
          "private": "eyJlMmJmYjczMC1lY2FhLTExZTYtOGY4OC0zNDM2M2JjN2M0YzAiOnsiY3JlYXRlIjo2MDAwMDAwMDAwMDAsImRlbGV0ZSI6MTIwMDAwMDAwMDAwMH0sInNjaGVtYV92ZXJzaW9uIjoiMSJ9",
          "dependencies": [
            "aws_vpc.tamotsu_vpc"
          ]
        }
      ]
    },
    {
      "mode": "managed",
      "type": "aws_vpc",
      "name": "tamotsu_vpc",
      "provider": "provider[\"registry.terraform.io/hashicorp/aws\"]",
      "instances": [
        {
          "schema_version": 1,
          "attributes": {
            "arn": "arn:aws:ec2:ap-northeast-1:332260094679:vpc/vpc-0d06dc8bf003a54cd",
            "assign_generated_ipv6_cidr_block": false,
            "cidr_block": "10.0.0.0/16",
            "default_network_acl_id": "acl-0ca90443fc3883e33",
            "default_route_table_id": "rtb-022b992b77c62719c",
            "default_security_group_id": "sg-01021f7279e31bb72",
            "dhcp_options_id": "dopt-03fc14f3f531966ad",
            "enable_dns_hostnames": false,
            "enable_dns_support": true,
            "enable_network_address_usage_metrics": false,
            "id": "vpc-0d06dc8bf003a54cd",
            "instance_tenancy": "default",
            "ipv4_ipam_pool_id": null,
            "ipv4_netmask_length": null,
            "ipv6_association_id": "",
            "ipv6_cidr_block": "",
            "ipv6_cidr_block_network_border_group": "",
            "ipv6_ipam_pool_id": "",
            "ipv6_netmask_length": 0,
            "main_route_table_id": "rtb-022b992b77c62719c",
            "owner_id": "332260094679",
            "tags": {
              "Name": "tamotsu-vpc"
            },
            "tags_all": {
              "Name": "tamotsu-vpc"
            }
          },
          "sensitive_attributes": [],
          "private": "eyJzY2hlbWFfdmVyc2lvbiI6IjEifQ=="
        }
      ]
    },
    {
      "module": "module.lambda_functions[\"login\"]",
      "mode": "managed",
      "type": "aws_lambda_function",
      "name": "function",
      "provider": "provider[\"registry.terraform.io/hashicorp/aws\"]",
      "instances": [
        {
          "schema_version": 0,
          "attributes": {
            "architectures": [
              "x86_64"
            ],
            "arn": "arn:aws:lambda:ap-northeast-1:332260094679:function:tamotsu-login-function",
            "code_sha256": "TLF72yeH9DWcncqHDJ7o4OcEi2q/Nz2Sp+o9lcyfW6c=",
            "code_signing_config_arn": "",
            "dead_letter_config": [],
            "description": "",
            "environment": [
              {
                "variables": {
                  "COGNITO_USER_POOL_CLIENT_ID": "1c4av4vfhg4li1bttfjte9l3tt"
                }
              }
            ],
            "ephemeral_storage": [
              {
                "size": 512
              }
            ],
            "file_system_config": [],
            "filename": "../api/auth/login/login.zip",
            "function_name": "tamotsu-login-function",
            "handler": "login.handler",
            "id": "tamotsu-login-function",
            "image_config": [],
            "image_uri": "",
            "invoke_arn": "arn:aws:apigateway:ap-northeast-1:lambda:path/2015-03-31/functions/arn:aws:lambda:ap-northeast-1:332260094679:function:tamotsu-login-function/invocations",
            "kms_key_arn": "",
            "last_modified": "2024-07-30T07:50:06.631+0000",
            "layers": [
              "arn:aws:lambda:ap-northeast-1:332260094679:layer:aws-sdk-layer:1",
              "arn:aws:lambda:ap-northeast-1:332260094679:layer:response-utils-layer-layer:2"
            ],
            "logging_config": [
              {
                "application_log_level": "",
                "log_format": "Text",
                "log_group": "/aws/lambda/tamotsu-login-function",
                "system_log_level": ""
              }
            ],
            "memory_size": 128,
            "package_type": "Zip",
            "publish": false,
            "qualified_arn": "arn:aws:lambda:ap-northeast-1:332260094679:function:tamotsu-login-function:$LATEST",
            "qualified_invoke_arn": "arn:aws:apigateway:ap-northeast-1:lambda:path/2015-03-31/functions/arn:aws:lambda:ap-northeast-1:332260094679:function:tamotsu-login-function:$LATEST/invocations",
            "replace_security_groups_on_destroy": null,
            "replacement_security_group_ids": null,
            "reserved_concurrent_executions": -1,
            "role": "arn:aws:iam::332260094679:role/tamotsu-lambda-role",
            "runtime": "nodejs20.x",
            "s3_bucket": null,
            "s3_key": null,
            "s3_object_version": null,
            "signing_job_arn": "",
            "signing_profile_version_arn": "",
            "skip_destroy": false,
            "snap_start": [],
            "source_code_hash": "TLF72yeH9DWcncqHDJ7o4OcEi2q/Nz2Sp+o9lcyfW6c=",
            "source_code_size": 1075,
            "tags": {},
            "tags_all": {},
            "timeout": 30,
            "timeouts": null,
            "tracing_config": [
              {
                "mode": "PassThrough"
              }
            ],
            "version": "$LATEST",
            "vpc_config": [
              {
                "ipv6_allowed_for_dual_stack": false,
                "security_group_ids": [
                  "sg-022b56cb1286bf30e"
                ],
                "subnet_ids": [
                  "subnet-0713e2da0ebe9c248"
                ],
                "vpc_id": "vpc-0d06dc8bf003a54cd"
              }
            ]
          },
          "sensitive_attributes": [],
          "private": "eyJlMmJmYjczMC1lY2FhLTExZTYtOGY4OC0zNDM2M2JjN2M0YzAiOnsiY3JlYXRlIjo2MDAwMDAwMDAwMDAsImRlbGV0ZSI6NjAwMDAwMDAwMDAwLCJ1cGRhdGUiOjYwMDAwMDAwMDAwMH19",
          "dependencies": [
            "aws_api_gateway_resource.auth_resource",
            "aws_api_gateway_rest_api.tamotsu_api",
            "aws_cognito_user_pool.tamotsu_user_pool",
            "aws_cognito_user_pool_client.client",
            "aws_dynamodb_table.tamotsu_table",
            "aws_iam_role.lambda_role",
            "aws_lambda_layer_version.response-utils-layer",
            "aws_security_group.lambda_sg",
            "aws_subnet.private_subnet",
            "aws_vpc.tamotsu_vpc",
            "data.aws_lambda_layer_version.aws_sdk_layer",
            "data.aws_ses_domain_identity.tamotsu_domain"
          ]
        }
      ]
    },
    {
      "module": "module.lambda_functions[\"register\"]",
      "mode": "managed",
      "type": "aws_lambda_function",
      "name": "function",
      "provider": "provider[\"registry.terraform.io/hashicorp/aws\"]",
      "instances": [
        {
          "schema_version": 0,
          "attributes": {
            "architectures": [
              "x86_64"
            ],
            "arn": "arn:aws:lambda:ap-northeast-1:332260094679:function:tamotsu-register-function",
            "code_sha256": "hPV3jmpMjGj0KE4O9bLDqS3xb/e5sIC39RHux+cMKfw=",
            "code_signing_config_arn": "",
            "dead_letter_config": [],
            "description": "",
            "environment": [
              {
                "variables": {
                  "COGNITO_USER_POOL_CLIENT_ID": "1c4av4vfhg4li1bttfjte9l3tt",
                  "COGNITO_USER_POOL_ID": "ap-northeast-1_HVI9QDYOK",
                  "FROM_EMAIL_ADDRESS": "no-reply@tamotsu-app.com"
                }
              }
            ],
            "ephemeral_storage": [
              {
                "size": 512
              }
            ],
            "file_system_config": [],
            "filename": "../api/auth/register/register.zip",
            "function_name": "tamotsu-register-function",
            "handler": "register.handler",
            "id": "tamotsu-register-function",
            "image_config": [],
            "image_uri": "",
            "invoke_arn": "arn:aws:apigateway:ap-northeast-1:lambda:path/2015-03-31/functions/arn:aws:lambda:ap-northeast-1:332260094679:function:tamotsu-register-function/invocations",
            "kms_key_arn": "",
            "last_modified": "2024-07-30T08:00:27.000+0000",
            "layers": [
              "arn:aws:lambda:ap-northeast-1:332260094679:layer:aws-sdk-layer:1",
              "arn:aws:lambda:ap-northeast-1:332260094679:layer:response-utils-layer-layer:2"
            ],
            "logging_config": [
              {
                "application_log_level": "",
                "log_format": "Text",
                "log_group": "/aws/lambda/tamotsu-register-function",
                "system_log_level": ""
              }
            ],
            "memory_size": 128,
            "package_type": "Zip",
            "publish": false,
            "qualified_arn": "arn:aws:lambda:ap-northeast-1:332260094679:function:tamotsu-register-function:$LATEST",
            "qualified_invoke_arn": "arn:aws:apigateway:ap-northeast-1:lambda:path/2015-03-31/functions/arn:aws:lambda:ap-northeast-1:332260094679:function:tamotsu-register-function:$LATEST/invocations",
            "replace_security_groups_on_destroy": null,
            "replacement_security_group_ids": null,
            "reserved_concurrent_executions": -1,
            "role": "arn:aws:iam::332260094679:role/tamotsu-lambda-role",
            "runtime": "nodejs20.x",
            "s3_bucket": null,
            "s3_key": null,
            "s3_object_version": null,
            "signing_job_arn": "",
            "signing_profile_version_arn": "",
            "skip_destroy": false,
            "snap_start": [],
            "source_code_hash": "hPV3jmpMjGj0KE4O9bLDqS3xb/e5sIC39RHux+cMKfw=",
            "source_code_size": 1416,
            "tags": {},
            "tags_all": {},
            "timeout": 30,
            "timeouts": null,
            "tracing_config": [
              {
                "mode": "PassThrough"
              }
            ],
            "version": "$LATEST",
            "vpc_config": [
              {
                "ipv6_allowed_for_dual_stack": false,
                "security_group_ids": [
                  "sg-022b56cb1286bf30e"
                ],
                "subnet_ids": [
                  "subnet-0713e2da0ebe9c248"
                ],
                "vpc_id": "vpc-0d06dc8bf003a54cd"
              }
            ]
          },
          "sensitive_attributes": [],
          "private": "eyJlMmJmYjczMC1lY2FhLTExZTYtOGY4OC0zNDM2M2JjN2M0YzAiOnsiY3JlYXRlIjo2MDAwMDAwMDAwMDAsImRlbGV0ZSI6NjAwMDAwMDAwMDAwLCJ1cGRhdGUiOjYwMDAwMDAwMDAwMH19",
          "dependencies": [
            "aws_api_gateway_resource.auth_resource",
            "aws_api_gateway_rest_api.tamotsu_api",
            "aws_cognito_user_pool.tamotsu_user_pool",
            "aws_cognito_user_pool_client.client",
            "aws_dynamodb_table.tamotsu_table",
            "aws_iam_role.lambda_role",
            "aws_lambda_layer_version.response-utils-layer",
            "aws_security_group.lambda_sg",
            "aws_subnet.private_subnet",
            "aws_vpc.tamotsu_vpc",
            "data.aws_lambda_layer_version.aws_sdk_layer",
            "data.aws_ses_domain_identity.tamotsu_domain"
          ]
        }
      ]
    },
    {
      "module": "module.lambda_functions[\"verify-email\"]",
      "mode": "managed",
      "type": "aws_lambda_function",
      "name": "function",
      "provider": "provider[\"registry.terraform.io/hashicorp/aws\"]",
      "instances": [
        {
          "schema_version": 0,
          "attributes": {
            "architectures": [
              "x86_64"
            ],
            "arn": "arn:aws:lambda:ap-northeast-1:332260094679:function:tamotsu-verify-email-function",
            "code_sha256": "wgBLtzWhLz2qatnjqqqdpUoqfGzDnSAC+QSNxAWq6aA=",
            "code_signing_config_arn": "",
            "dead_letter_config": [],
            "description": "",
            "environment": [
              {
                "variables": {
                  "COGNITO_USER_POOL_ID": "ap-northeast-1_HVI9QDYOK",
                  "DYNAMODB_TABLE_NAME": "tamotsu-table"
                }
              }
            ],
            "ephemeral_storage": [
              {
                "size": 512
              }
            ],
            "file_system_config": [],
            "filename": "../api/auth/verify-email/verify-email.zip",
            "function_name": "tamotsu-verify-email-function",
            "handler": "verify-email.handler",
            "id": "tamotsu-verify-email-function",
            "image_config": [],
            "image_uri": "",
            "invoke_arn": "arn:aws:apigateway:ap-northeast-1:lambda:path/2015-03-31/functions/arn:aws:lambda:ap-northeast-1:332260094679:function:tamotsu-verify-email-function/invocations",
            "kms_key_arn": "",
            "last_modified": "2024-07-30T10:24:04.000+0000",
            "layers": [
              "arn:aws:lambda:ap-northeast-1:332260094679:layer:aws-sdk-layer:1",
              "arn:aws:lambda:ap-northeast-1:332260094679:layer:response-utils-layer-layer:2"
            ],
            "logging_config": [
              {
                "application_log_level": "",
                "log_format": "Text",
                "log_group": "/aws/lambda/tamotsu-verify-email-function",
                "system_log_level": ""
              }
            ],
            "memory_size": 128,
            "package_type": "Zip",
            "publish": false,
            "qualified_arn": "arn:aws:lambda:ap-northeast-1:332260094679:function:tamotsu-verify-email-function:$LATEST",
            "qualified_invoke_arn": "arn:aws:apigateway:ap-northeast-1:lambda:path/2015-03-31/functions/arn:aws:lambda:ap-northeast-1:332260094679:function:tamotsu-verify-email-function:$LATEST/invocations",
            "replace_security_groups_on_destroy": null,
            "replacement_security_group_ids": null,
            "reserved_concurrent_executions": -1,
            "role": "arn:aws:iam::332260094679:role/tamotsu-lambda-role",
            "runtime": "nodejs20.x",
            "s3_bucket": null,
            "s3_key": null,
            "s3_object_version": null,
            "signing_job_arn": "",
            "signing_profile_version_arn": "",
            "skip_destroy": false,
            "snap_start": [],
            "source_code_hash": "wgBLtzWhLz2qatnjqqqdpUoqfGzDnSAC+QSNxAWq6aA=",
            "source_code_size": 1599,
            "tags": {},
            "tags_all": {},
            "timeout": 30,
            "timeouts": null,
            "tracing_config": [
              {
                "mode": "PassThrough"
              }
            ],
            "version": "$LATEST",
            "vpc_config": [
              {
                "ipv6_allowed_for_dual_stack": false,
                "security_group_ids": [
                  "sg-022b56cb1286bf30e"
                ],
                "subnet_ids": [
                  "subnet-0713e2da0ebe9c248"
                ],
                "vpc_id": "vpc-0d06dc8bf003a54cd"
              }
            ]
          },
          "sensitive_attributes": [],
          "private": "eyJlMmJmYjczMC1lY2FhLTExZTYtOGY4OC0zNDM2M2JjN2M0YzAiOnsiY3JlYXRlIjo2MDAwMDAwMDAwMDAsImRlbGV0ZSI6NjAwMDAwMDAwMDAwLCJ1cGRhdGUiOjYwMDAwMDAwMDAwMH19",
          "dependencies": [
            "aws_api_gateway_resource.auth_resource",
            "aws_api_gateway_rest_api.tamotsu_api",
            "aws_cognito_user_pool.tamotsu_user_pool",
            "aws_cognito_user_pool_client.client",
            "aws_dynamodb_table.tamotsu_table",
            "aws_iam_role.lambda_role",
            "aws_lambda_layer_version.response-utils-layer",
            "aws_security_group.lambda_sg",
            "aws_subnet.private_subnet",
            "aws_vpc.tamotsu_vpc",
            "data.aws_lambda_layer_version.aws_sdk_layer",
            "data.aws_ses_domain_identity.tamotsu_domain"
          ]
        }
      ]
    }
  ],
  "check_results": null
}
